<?xml version="1.0" encoding="utf-8"?>
<Project ToolsVersion="4.0" xmlns="http://schemas.microsoft.com/developer/msbuild/2003">
  <ItemGroup>
    <Filter Include="Source Files">
      <UniqueIdentifier>{4fb250ac-1f75-4c27-8150-7c3b52c59ecd}</UniqueIdentifier>
      <Extensions>cpp;c;cxx;rc;def;r;odl;idl;hpj;bat</Extensions>
    </Filter>
    <Filter Include="Header Files">
      <UniqueIdentifier>{8191ae55-7e5b-4364-b57d-6d54e95a4bc3}</UniqueIdentifier>
      <Extensions>h;hpp;hxx;hm;inl</Extensions>
    </Filter>
    <Filter Include="Resource Files">
      <UniqueIdentifier>{c9272b95-7aa5-4a58-922c-816d5c7270b5}</UniqueIdentifier>
      <Extensions>ico;cur;bmp;dlg;rc2;rct;bin;rgs;gif;jpg;jpeg;jpe</Extensions>
    </Filter>
    <Filter Include="inc">
      <UniqueIdentifier>{e7df09da-b725-47cf-a3c7-478a4e6cef4e}</UniqueIdentifier>
    </Filter>
    <Filter Include="src">
      <UniqueIdentifier>{b433d438-039c-4547-bf28-ba6807cf2f54}</UniqueIdentifier>
    </Filter>
  </ItemGroup>
  <ItemGroup>
    <ClCompile Include="..\src\PCFAssignFlowFace.cpp">
      <Filter>Source Files</Filter>
    </ClCompile>
    <ClCompile Include="..\src\PCFAssignPressFace.cpp">
      <Filter>Source Files</Filter>
    </ClCompile>
    <ClCompile Include="..\src\PCFBendFace.cpp">
      <Filter>Source Files</Filter>
    </ClCompile>
    <ClCompile Include="..\src\PCFBranchFace.cpp">
      <Filter>Source Files</Filter>
    </ClCompile>
    <ClCompile Include="..\src\PCFCapFace.cpp">
      <Filter>Source Files</Filter>
    </ClCompile>
    <ClCompile Include="..\src\PCFGasAccumFace.cpp">
      <Filter>Source Files</Filter>
    </ClCompile>
    <ClCompile Include="PCFInterface.cpp">
      <Filter>Source Files</Filter>
    </ClCompile>
    <ClCompile Include="..\src\PCFJunFaceFactory.cpp">
      <Filter>Source Files</Filter>
    </ClCompile>
    <ClCompile Include="..\src\PCFLiquidAccumFace.cpp">
      <Filter>Source Files</Filter>
    </ClCompile>
    <ClCompile Include="..\src\PCFPumpDataFace.cpp">
      <Filter>Source Files</Filter>
    </ClCompile>
    <ClCompile Include="..\src\PCFReduceFace.cpp">
      <Filter>Source Files</Filter>
    </ClCompile>
    <ClCompile Include="..\src\PCFReserviorFace.cpp">
      <Filter>Source Files</Filter>
    </ClCompile>
    <ClCompile Include="..\src\PCFSprayFace.cpp">
      <Filter>Source Files</Filter>
    </ClCompile>
    <ClCompile Include="..\src\PCFSteadyFace.cpp">
      <Filter>Source Files</Filter>
    </ClCompile>
    <ClCompile Include="..\src\PCFSurgeFace.cpp">
      <Filter>Source Files</Filter>
    </ClCompile>
    <ClCompile Include="..\src\PCFSysPropety.cpp">
      <Filter>Source Files</Filter>
    </ClCompile>
    <ClCompile Include="..\src\PCFTeeFace.cpp">
      <Filter>Source Files</Filter>
    </ClCompile>
    <ClCompile Include="..\src\PCFValveFace.cpp">
      <Filter>Source Files</Filter>
    </ClCompile>
    <ClCompile Include="StdAfx.cpp">
      <Filter>Source Files</Filter>
    </ClCompile>
    <ClCompile Include="..\src\PCFFileFace.cpp">
      <Filter>src</Filter>
    </ClCompile>
    <ClCompile Include="..\src\PCFJunFace.cpp">
      <Filter>src</Filter>
    </ClCompile>
    <ClCompile Include="..\src\PCFJunMgrFace.cpp">
      <Filter>src</Filter>
    </ClCompile>
    <ClCompile Include="..\src\PCFPipeFace.cpp">
      <Filter>src</Filter>
    </ClCompile>
    <ClCompile Include="..\src\PCFPipeMgrFace.cpp">
      <Filter>src</Filter>
    </ClCompile>
  </ItemGroup>
  <ItemGroup>
    <ResourceCompile Include="PCFInterface.rc">
      <Filter>Source Files</Filter>
    </ResourceCompile>
  </ItemGroup>
  <ItemGroup>
    <ClInclude Include="..\inc\PCFAssignFlowFace.h">
      <Filter>Header Files</Filter>
    </ClInclude>
    <ClInclude Include="..\inc\PCFAssignPressFace.h">
      <Filter>Header Files</Filter>
    </ClInclude>
    <ClInclude Include="..\inc\PCFBendFace.h">
      <Filter>Header Files</Filter>
    </ClInclude>
    <ClInclude Include="..\inc\PCFBranchFace.h">
      <Filter>Header Files</Filter>
    </ClInclude>
    <ClInclude Include="..\inc\PCFCapFace.h">
      <Filter>Header Files</Filter>
    </ClInclude>
    <ClInclude Include="..\inc\PCFGasAccumFace.h">
      <Filter>Header Files</Filter>
    </ClInclude>
    <ClInclude Include="..\inc\PCFJunFaceFactory.h">
      <Filter>Header Files</Filter>
    </ClInclude>
    <ClInclude Include="..\inc\PCFLiquidAccumFace.h">
      <Filter>Header Files</Filter>
    </ClInclude>
    <ClInclude Include="..\inc\PCFPumpDataFace.h">
      <Filter>Header Files</Filter>
    </ClInclude>
    <ClInclude Include="..\inc\PCFReduceFace.h">
      <Filter>Header Files</Filter>
    </ClInclude>
    <ClInclude Include="..\inc\PCFReserviorFace.h">
      <Filter>Header Files</Filter>
    </ClInclude>
    <ClInclude Include="..\inc\PCFSprayFace.h">
      <Filter>Header Files</Filter>
    </ClInclude>
    <ClInclude Include="..\inc\PCFSteadyFace.h">
      <Filter>Header Files</Filter>
    </ClInclude>
    <ClInclude Include="..\inc\PCFSurgeFace.h">
      <Filter>Header Files</Filter>
    </ClInclude>
    <ClInclude Include="..\inc\PCFSysPropety.h">
      <Filter>Header Files</Filter>
    </ClInclude>
    <ClInclude Include="..\inc\PCFTeeFace.h">
      <Filter>Header Files</Filter>
    </ClInclude>
    <ClInclude Include="..\inc\PCFValveFace.h">
      <Filter>Header Files</Filter>
    </ClInclude>
    <ClInclude Include="Resource.h">
      <Filter>Header Files</Filter>
    </ClInclude>
    <ClInclude Include="StdAfx.h">
      <Filter>Header Files</Filter>
    </ClInclude>
    <ClInclude Include="..\inc\PCFFileFace.h">
      <Filter>inc</Filter>
    </ClInclude>
    <ClInclude Include="..\inc\PCFJunFace.h">
      <Filter>inc</Filter>
    </ClInclude>
    <ClInclude Include="..\inc\PCFJunMgrFace.h">
      <Filter>inc</Filter>
    </ClInclude>
    <ClInclude Include="..\inc\PCFPipeFace.h">
      <Filter>inc</Filter>
    </ClInclude>
    <ClInclude Include="..\inc\PCFPipeMgrFace.h">
      <Filter>inc</Filter>
    </ClInclude>
  </ItemGroup>
  <ItemGroup>
    <None Include="res\PCFInterface.rc2">
      <Filter>Resource Files</Filter>
    </None>
  </ItemGroup>
  <ItemGroup>
    <Text Include="ReadMe.txt" />
  </ItemGroup>
</Project>