Microsoft Visual Studio Solution File, Format Version 12.00
# Visual Studio Version 17
VisualStudioVersion = 17.0.31903.59
MinimumVisualStudioVersion = 10.0.40219.1

Project("{8BC9CEB8-8B4A-11D0-8D11-00A0C91BC942}") = "AutoPFA", "AutoPFA\AutoPFA.vcxproj", "{5A1BE5CC-2700-4638-BD58-353E10EE066A}"
	ProjectSection(ProjectDependencies) = postProject
		{B1E09E21-2345-4F89-ABCD-000000000001} = {B1E09E21-2345-4F89-ABCD-000000000001}
		{B1E09E21-2345-4F89-ABCD-000000000002} = {B1E09E21-2345-4F89-ABCD-000000000002}
		{B1E09E21-2345-4F89-ABCD-000000000003} = {B1E09E21-2345-4F89-ABCD-000000000003}
		{B1E09E21-2345-4F89-ABCD-000000000004} = {B1E09E21-2345-4F89-ABCD-000000000004}
		{B1E09E21-2345-4F89-ABCD-000000000005} = {B1E09E21-2345-4F89-ABCD-000000000005}
		{B1E09E21-2345-4F89-ABCD-000000000006} = {B1E09E21-2345-4F89-ABCD-000000000006}
		{B1E09E21-2345-4F89-ABCD-000000000007} = {B1E09E21-2345-4F89-ABCD-000000000007}
		{B1E09E21-2345-4F89-ABCD-000000000008} = {B1E09E21-2345-4F89-ABCD-000000000008}
		{B1E09E21-2345-4F89-ABCD-000000000009} = {B1E09E21-2345-4F89-ABCD-000000000009}
		{B1E09E21-2345-4F89-ABCD-000000000010} = {B1E09E21-2345-4F89-ABCD-000000000010}
		{B1E09E21-2345-4F89-ABCD-000000000011} = {B1E09E21-2345-4F89-ABCD-000000000011}
		{B1E09E21-2345-4F89-ABCD-000000000012} = {B1E09E21-2345-4F89-ABCD-000000000012}
		{B1E09E21-2345-4F89-ABCD-000000000013} = {B1E09E21-2345-4F89-ABCD-000000000013}
		{B1E09E21-2345-4F89-ABCD-000000000014} = {B1E09E21-2345-4F89-ABCD-000000000014}
		{B1E09E21-2345-4F89-ABCD-000000000015} = {B1E09E21-2345-4F89-ABCD-000000000015}
		{B1E09E21-2345-4F89-ABCD-000000000016} = {B1E09E21-2345-4F89-ABCD-000000000016}
	EndProjectSection
EndProject
Project("{8BC9CEB8-8B4A-11D0-8D11-00A0C91BC942}") = "Persistent", "Persistent\Persistent\Persistent.vcxproj", "{B1E09E21-2345-4F89-ABCD-000000000001}"
EndProject
Project("{8BC9CEB8-8B4A-11D0-8D11-00A0C91BC942}") = "USChart", "USChart\USChart\USChart.vcxproj", "{B1E09E21-2345-4F89-ABCD-000000000002}"
EndProject
Project("{8BC9CEB8-8B4A-11D0-8D11-00A0C91BC942}") = "CalcDriver", "CalcDriver\CalcDriver\CalcDriver.vcxproj", "{B1E09E21-2345-4F89-ABCD-000000000003}"
EndProject
Project("{8BC9CEB8-8B4A-11D0-8D11-00A0C91BC942}") = "MOCCacl", "MocCalc\MOCCacl\MOCCacl.vcxproj", "{B1E09E21-2345-4F89-ABCD-000000000004}"
EndProject
Project("{8BC9CEB8-8B4A-11D0-8D11-00A0C91BC942}") = "PFAResult", "PFAResult\PFAResult\PFAResult.vcxproj", "{B1E09E21-2345-4F89-ABCD-000000000005}"
EndProject
Project("{8BC9CEB8-8B4A-11D0-8D11-00A0C91BC942}") = "UnitSystem", "UnitSystem\UnitSystem\UnitSystem.vcxproj", "{B1E09E21-2345-4F89-ABCD-000000000006}"
EndProject
Project("{8BC9CEB8-8B4A-11D0-8D11-00A0C91BC942}") = "APQuantity", "APQuantity\APQuantity\APQuantity.vcxproj", "{B1E09E21-2345-4F89-ABCD-000000000007}"
EndProject
Project("{8BC9CEB8-8B4A-11D0-8D11-00A0C91BC942}") = "DataSource", "DataSource\DataSource\DataSource.vcxproj", "{B1E09E21-2345-4F89-ABCD-000000000008}"
EndProject
Project("{8BC9CEB8-8B4A-11D0-8D11-00A0C91BC942}") = "DBTableDriver", "DBTableDriver\DBTableDriver\DBTableDriver.vcxproj", "{B1E09E21-2345-4F89-ABCD-000000000009}"
EndProject
Project("{8BC9CEB8-8B4A-11D0-8D11-00A0C91BC942}") = "InterfaceMgr", "InterfaceMgr\InterfaceMgr\InterfaceMgr.vcxproj", "{B1E09E21-2345-4F89-ABCD-000000000010}"
EndProject
Project("{8BC9CEB8-8B4A-11D0-8D11-00A0C91BC942}") = "ImpulseDriver", "ImpulseDriver\ImpulseDriver\ImpulseDriver.vcxproj", "{B1E09E21-2345-4F89-ABCD-000000000011}"
EndProject
Project("{8BC9CEB8-8B4A-11D0-8D11-00A0C91BC942}") = "AFTDriver", "AFTDriver\AFTDriver\AFTDriver.vcxproj", "{B1E09E21-2345-4F89-ABCD-000000000012}"
EndProject
Project("{8BC9CEB8-8B4A-11D0-8D11-00A0C91BC942}") = "AFTInterface", "AFTInterface\AFTInterface\AFTInterface.vcxproj", "{B1E09E21-2345-4F89-ABCD-000000000013}"
EndProject
Project("{8BC9CEB8-8B4A-11D0-8D11-00A0C91BC942}") = "CalcInterface", "CalcInterface\CalcInterface\CalcInterface.vcxproj", "{B1E09E21-2345-4F89-ABCD-000000000014}"
EndProject
Project("{8BC9CEB8-8B4A-11D0-8D11-00A0C91BC942}") = "PCFDriver", "PCFDriver\PCFDriver\PCFDriver.vcxproj", "{B1E09E21-2345-4F89-ABCD-000000000015}"
EndProject
Project("{8BC9CEB8-8B4A-11D0-8D11-00A0C91BC942}") = "PCFInterface", "PCFInterface\PCFInterface\PCFInterface.vcxproj", "{B1E09E21-2345-4F89-ABCD-000000000016}"
EndProject
Global
	GlobalSection(SolutionConfigurationPlatforms) = preSolution
		Debug|Win32 = Debug|Win32
		Release|Win32 = Release|Win32
	EndGlobalSection
	GlobalSection(ProjectConfigurationPlatforms) = postSolution
		{5A1BE5CC-2700-4638-BD58-353E10EE066A}.Debug|Win32.ActiveCfg = Debug|Win32
		{5A1BE5CC-2700-4638-BD58-353E10EE066A}.Debug|Win32.Build.0 = Debug|Win32
		{5A1BE5CC-2700-4638-BD58-353E10EE066A}.Release|Win32.ActiveCfg = Release|Win32
		{5A1BE5CC-2700-4638-BD58-353E10EE066A}.Release|Win32.Build.0 = Release|Win32
		{B1E09E21-2345-4F89-ABCD-000000000001}.Debug|Win32.ActiveCfg = Debug|Win32
		{B1E09E21-2345-4F89-ABCD-000000000001}.Debug|Win32.Build.0 = Debug|Win32
		{B1E09E21-2345-4F89-ABCD-000000000001}.Release|Win32.ActiveCfg = Release|Win32
		{B1E09E21-2345-4F89-ABCD-000000000001}.Release|Win32.Build.0 = Release|Win32
		{B1E09E21-2345-4F89-ABCD-000000000002}.Debug|Win32.ActiveCfg = Debug|Win32
		{B1E09E21-2345-4F89-ABCD-000000000002}.Debug|Win32.Build.0 = Debug|Win32
		{B1E09E21-2345-4F89-ABCD-000000000002}.Release|Win32.ActiveCfg = Release|Win32
		{B1E09E21-2345-4F89-ABCD-000000000002}.Release|Win32.Build.0 = Release|Win32
		{B1E09E21-2345-4F89-ABCD-000000000003}.Debug|Win32.ActiveCfg = Debug|Win32
		{B1E09E21-2345-4F89-ABCD-000000000003}.Debug|Win32.Build.0 = Debug|Win32
		{B1E09E21-2345-4F89-ABCD-000000000003}.Release|Win32.ActiveCfg = Release|Win32
		{B1E09E21-2345-4F89-ABCD-000000000003}.Release|Win32.Build.0 = Release|Win32
		{B1E09E21-2345-4F89-ABCD-000000000004}.Debug|Win32.ActiveCfg = Debug|Win32
		{B1E09E21-2345-4F89-ABCD-000000000004}.Debug|Win32.Build.0 = Debug|Win32
		{B1E09E21-2345-4F89-ABCD-000000000004}.Release|Win32.ActiveCfg = Release|Win32
		{B1E09E21-2345-4F89-ABCD-000000000004}.Release|Win32.Build.0 = Release|Win32
		{B1E09E21-2345-4F89-ABCD-000000000005}.Debug|Win32.ActiveCfg = Debug|Win32
		{B1E09E21-2345-4F89-ABCD-000000000005}.Debug|Win32.Build.0 = Debug|Win32
		{B1E09E21-2345-4F89-ABCD-000000000005}.Release|Win32.ActiveCfg = Release|Win32
		{B1E09E21-2345-4F89-ABCD-000000000005}.Release|Win32.Build.0 = Release|Win32
		{B1E09E21-2345-4F89-ABCD-000000000006}.Debug|Win32.ActiveCfg = Debug|Win32
		{B1E09E21-2345-4F89-ABCD-000000000006}.Debug|Win32.Build.0 = Debug|Win32
		{B1E09E21-2345-4F89-ABCD-000000000006}.Release|Win32.ActiveCfg = Release|Win32
		{B1E09E21-2345-4F89-ABCD-000000000006}.Release|Win32.Build.0 = Release|Win32
		{B1E09E21-2345-4F89-ABCD-000000000007}.Debug|Win32.ActiveCfg = Debug|Win32
		{B1E09E21-2345-4F89-ABCD-000000000007}.Debug|Win32.Build.0 = Debug|Win32
		{B1E09E21-2345-4F89-ABCD-000000000007}.Release|Win32.ActiveCfg = Release|Win32
		{B1E09E21-2345-4F89-ABCD-000000000007}.Release|Win32.Build.0 = Release|Win32
		{B1E09E21-2345-4F89-ABCD-000000000008}.Debug|Win32.ActiveCfg = Debug|Win32
		{B1E09E21-2345-4F89-ABCD-000000000008}.Debug|Win32.Build.0 = Debug|Win32
		{B1E09E21-2345-4F89-ABCD-000000000008}.Release|Win32.ActiveCfg = Release|Win32
		{B1E09E21-2345-4F89-ABCD-000000000008}.Release|Win32.Build.0 = Release|Win32
		{B1E09E21-2345-4F89-ABCD-000000000009}.Debug|Win32.ActiveCfg = Debug|Win32
		{B1E09E21-2345-4F89-ABCD-000000000009}.Debug|Win32.Build.0 = Debug|Win32
		{B1E09E21-2345-4F89-ABCD-000000000009}.Release|Win32.ActiveCfg = Release|Win32
		{B1E09E21-2345-4F89-ABCD-000000000009}.Release|Win32.Build.0 = Release|Win32
		{B1E09E21-2345-4F89-ABCD-000000000010}.Debug|Win32.ActiveCfg = Debug|Win32
		{B1E09E21-2345-4F89-ABCD-000000000010}.Debug|Win32.Build.0 = Debug|Win32
		{B1E09E21-2345-4F89-ABCD-000000000010}.Release|Win32.ActiveCfg = Release|Win32
		{B1E09E21-2345-4F89-ABCD-000000000010}.Release|Win32.Build.0 = Release|Win32
		{B1E09E21-2345-4F89-ABCD-000000000011}.Debug|Win32.ActiveCfg = Debug|Win32
		{B1E09E21-2345-4F89-ABCD-000000000011}.Debug|Win32.Build.0 = Debug|Win32
		{B1E09E21-2345-4F89-ABCD-000000000011}.Release|Win32.ActiveCfg = Release|Win32
		{B1E09E21-2345-4F89-ABCD-000000000011}.Release|Win32.Build.0 = Release|Win32
		{B1E09E21-2345-4F89-ABCD-000000000012}.Debug|Win32.ActiveCfg = Debug|Win32
		{B1E09E21-2345-4F89-ABCD-000000000012}.Debug|Win32.Build.0 = Debug|Win32
		{B1E09E21-2345-4F89-ABCD-000000000012}.Release|Win32.ActiveCfg = Release|Win32
		{B1E09E21-2345-4F89-ABCD-000000000012}.Release|Win32.Build.0 = Release|Win32
		{B1E09E21-2345-4F89-ABCD-000000000013}.Debug|Win32.ActiveCfg = Debug|Win32
		{B1E09E21-2345-4F89-ABCD-000000000013}.Debug|Win32.Build.0 = Debug|Win32
		{B1E09E21-2345-4F89-ABCD-000000000013}.Release|Win32.ActiveCfg = Release|Win32
		{B1E09E21-2345-4F89-ABCD-000000000013}.Release|Win32.Build.0 = Release|Win32
		{B1E09E21-2345-4F89-ABCD-000000000014}.Debug|Win32.ActiveCfg = Debug|Win32
		{B1E09E21-2345-4F89-ABCD-000000000014}.Debug|Win32.Build.0 = Debug|Win32
		{B1E09E21-2345-4F89-ABCD-000000000014}.Release|Win32.ActiveCfg = Release|Win32
		{B1E09E21-2345-4F89-ABCD-000000000014}.Release|Win32.Build.0 = Release|Win32
		{B1E09E21-2345-4F89-ABCD-000000000015}.Debug|Win32.ActiveCfg = Debug|Win32
		{B1E09E21-2345-4F89-ABCD-000000000015}.Debug|Win32.Build.0 = Debug|Win32
		{B1E09E21-2345-4F89-ABCD-000000000015}.Release|Win32.ActiveCfg = Release|Win32
		{B1E09E21-2345-4F89-ABCD-000000000015}.Release|Win32.Build.0 = Release|Win32
		{B1E09E21-2345-4F89-ABCD-000000000016}.Debug|Win32.ActiveCfg = Debug|Win32
		{B1E09E21-2345-4F89-ABCD-000000000016}.Debug|Win32.Build.0 = Debug|Win32
		{B1E09E21-2345-4F89-ABCD-000000000016}.Release|Win32.ActiveCfg = Release|Win32
		{B1E09E21-2345-4F89-ABCD-000000000016}.Release|Win32.Build.0 = Release|Win32
	EndGlobalSection
	GlobalSection(SolutionProperties) = preSolution
		HideSolutionNode = FALSE
	EndGlobalSection
EndGlobal

