<?xml version="1.0" encoding="utf-8"?>
<Project ToolsVersion="4.0" xmlns="http://schemas.microsoft.com/developer/msbuild/2003">
  <ItemGroup>
    <Filter Include="Source Files">
      <UniqueIdentifier>{b610c13d-6e51-4efb-9ef5-d0965df84564}</UniqueIdentifier>
      <Extensions>cpp;c;cxx;rc;def;r;odl;idl;hpj;bat</Extensions>
    </Filter>
    <Filter Include="Header Files">
      <UniqueIdentifier>{be4ed121-da88-4880-88b5-b6e164779cb8}</UniqueIdentifier>
      <Extensions>h;hpp;hxx;hm;inl</Extensions>
    </Filter>
    <Filter Include="Resource Files">
      <UniqueIdentifier>{2ffd0d29-8f50-4af8-ba8d-2eb99c006279}</UniqueIdentifier>
      <Extensions>ico;cur;bmp;dlg;rc2;rct;bin;rgs;gif;jpg;jpeg;jpe</Extensions>
    </Filter>
    <Filter Include="inc">
      <UniqueIdentifier>{5f9c6a0a-cc57-4c1b-9ed0-946a32a2d5d6}</UniqueIdentifier>
    </Filter>
    <Filter Include="src">
      <UniqueIdentifier>{f9bfad68-0d1e-4ef3-971c-991e445d52f1}</UniqueIdentifier>
    </Filter>
  </ItemGroup>
  <ItemGroup>
    <ClCompile Include="InterfaceMgr.cpp">
      <Filter>Source Files</Filter>
    </ClCompile>
    <ClCompile Include="StdAfx.cpp">
      <Filter>Source Files</Filter>
    </ClCompile>
    <ClCompile Include="..\src\AFTFileDriver.cpp">
      <Filter>src</Filter>
    </ClCompile>
    <ClCompile Include="..\src\CalcFileDriver.cpp">
      <Filter>src</Filter>
    </ClCompile>
    <ClCompile Include="..\src\Driver.cpp">
      <Filter>src</Filter>
    </ClCompile>
    <ClCompile Include="..\src\DriverFactory.cpp">
      <Filter>src</Filter>
    </ClCompile>
    <ClCompile Include="..\src\PCFFileDriver.cpp">
      <Filter>src</Filter>
    </ClCompile>
    <ClCompile Include="..\src\PersistentMgr.cpp">
      <Filter>src</Filter>
    </ClCompile>
  </ItemGroup>
  <ItemGroup>
    <ResourceCompile Include="InterfaceMgr.rc">
      <Filter>Source Files</Filter>
    </ResourceCompile>
  </ItemGroup>
  <ItemGroup>
    <ClInclude Include="Resource.h">
      <Filter>Header Files</Filter>
    </ClInclude>
    <ClInclude Include="StdAfx.h">
      <Filter>Header Files</Filter>
    </ClInclude>
    <ClInclude Include="..\inc\AFTFileDriver.h">
      <Filter>inc</Filter>
    </ClInclude>
    <ClInclude Include="..\inc\CalcFileDriver.h">
      <Filter>inc</Filter>
    </ClInclude>
    <ClInclude Include="..\inc\Driver.h">
      <Filter>inc</Filter>
    </ClInclude>
    <ClInclude Include="..\inc\DriverFactory.h">
      <Filter>inc</Filter>
    </ClInclude>
    <ClInclude Include="..\inc\ErrorStatus.h">
      <Filter>inc</Filter>
    </ClInclude>
    <ClInclude Include="..\inc\PCFFileDriver.h">
      <Filter>inc</Filter>
    </ClInclude>
    <ClInclude Include="..\inc\PersistentMgr.h">
      <Filter>inc</Filter>
    </ClInclude>
  </ItemGroup>
  <ItemGroup>
    <None Include="res\InterfaceMgr.rc2">
      <Filter>Resource Files</Filter>
    </None>
  </ItemGroup>
  <ItemGroup>
    <Text Include="ReadMe.txt" />
  </ItemGroup>
</Project>