<?xml version="1.0" encoding="utf-8"?>
<Project ToolsVersion="4.0" xmlns="http://schemas.microsoft.com/developer/msbuild/2003">
  <ItemGroup>
    <Filter Include="Source Files">
      <UniqueIdentifier>{9c9c0aa9-dda6-47ab-af6a-7a9ee93c1e50}</UniqueIdentifier>
      <Extensions>cpp;c;cxx;rc;def;r;odl;idl;hpj;bat</Extensions>
    </Filter>
    <Filter Include="Header Files">
      <UniqueIdentifier>{7213bc9e-bd44-4cbc-8acb-fbcef2a379ac}</UniqueIdentifier>
      <Extensions>h;hpp;hxx;hm;inl</Extensions>
    </Filter>
    <Filter Include="Resource Files">
      <UniqueIdentifier>{862ca358-a944-4459-b025-2fa361430715}</UniqueIdentifier>
      <Extensions>ico;cur;bmp;dlg;rc2;rct;bin;rgs;gif;jpg;jpeg;jpe</Extensions>
    </Filter>
    <Filter Include="inc">
      <UniqueIdentifier>{70e922ed-343e-4c12-bd2f-1894ed2e914a}</UniqueIdentifier>
    </Filter>
    <Filter Include="src">
      <UniqueIdentifier>{bfe849b3-6c1e-4ecc-9f94-032207dc11f0}</UniqueIdentifier>
    </Filter>
  </ItemGroup>
  <ItemGroup>
    <ClCompile Include="CalcInterface.cpp">
      <Filter>Source Files</Filter>
    </ClCompile>
    <ClCompile Include="StdAfx.cpp">
      <Filter>Source Files</Filter>
    </ClCompile>
    <ClCompile Include="..\src\CalcAreaChangeFace.cpp">
      <Filter>src</Filter>
    </ClCompile>
    <ClCompile Include="..\src\CalcAssignFlowFace.cpp">
      <Filter>src</Filter>
    </ClCompile>
    <ClCompile Include="..\src\CalcAssignPressFace.cpp">
      <Filter>src</Filter>
    </ClCompile>
    <ClCompile Include="..\src\CalcBendFace.cpp">
      <Filter>src</Filter>
    </ClCompile>
    <ClCompile Include="..\src\CalcBranchFace.cpp">
      <Filter>src</Filter>
    </ClCompile>
    <ClCompile Include="..\src\CalcBreakerFace.cpp">
      <Filter>src</Filter>
    </ClCompile>
    <ClCompile Include="..\src\CalcCheckFace.cpp">
      <Filter>src</Filter>
    </ClCompile>
    <ClCompile Include="..\src\CalcControlFace.cpp">
      <Filter>src</Filter>
    </ClCompile>
    <ClCompile Include="..\src\CalcCurveFace.cpp">
      <Filter>src</Filter>
    </ClCompile>
    <ClCompile Include="..\src\CalcDeadEndFace.cpp">
      <Filter>src</Filter>
    </ClCompile>
    <ClCompile Include="..\src\CalcFileFace.cpp">
      <Filter>src</Filter>
    </ClCompile>
    <ClCompile Include="..\src\CalcFuildFace.cpp">
      <Filter>src</Filter>
    </ClCompile>
    <ClCompile Include="..\src\CalcGasAccumFace.cpp">
      <Filter>src</Filter>
    </ClCompile>
    <ClCompile Include="..\src\CalcGeneralFace.cpp">
      <Filter>src</Filter>
    </ClCompile>
    <ClCompile Include="..\src\CalcJunFace.cpp">
      <Filter>src</Filter>
    </ClCompile>
    <ClCompile Include="..\src\CalcJunFaceFactory.cpp">
      <Filter>src</Filter>
    </ClCompile>
    <ClCompile Include="..\src\CalcJunMgrFace.cpp">
      <Filter>src</Filter>
    </ClCompile>
    <ClCompile Include="..\src\CalcLiquidAccumFace.cpp">
      <Filter>src</Filter>
    </ClCompile>
    <ClCompile Include="..\src\CalcOrificeFace.cpp">
      <Filter>src</Filter>
    </ClCompile>
    <ClCompile Include="..\src\CalcPeriodicFace.cpp">
      <Filter>src</Filter>
    </ClCompile>
    <ClCompile Include="..\src\CalcPipeFace.cpp">
      <Filter>src</Filter>
    </ClCompile>
    <ClCompile Include="..\src\CalcPipeMgrFace.cpp">
      <Filter>src</Filter>
    </ClCompile>
    <ClCompile Include="..\src\CalcPumpConfigFace.cpp">
      <Filter>src</Filter>
    </ClCompile>
    <ClCompile Include="..\src\CalcPumpFace.cpp">
      <Filter>src</Filter>
    </ClCompile>
    <ClCompile Include="..\src\CalcReliefFace.cpp">
      <Filter>src</Filter>
    </ClCompile>
    <ClCompile Include="..\src\CalcReserviorFace.cpp">
      <Filter>src</Filter>
    </ClCompile>
    <ClCompile Include="..\src\CalcShortPipeFace.cpp">
      <Filter>src</Filter>
    </ClCompile>
    <ClCompile Include="..\src\CalcSprayFace.cpp">
      <Filter>src</Filter>
    </ClCompile>
    <ClCompile Include="..\src\CalcSteadyFace.cpp">
      <Filter>src</Filter>
    </ClCompile>
    <ClCompile Include="..\src\CalcSurgeFace.cpp">
      <Filter>src</Filter>
    </ClCompile>
    <ClCompile Include="..\src\CalcTeeWyeFace.cpp">
      <Filter>src</Filter>
    </ClCompile>
    <ClCompile Include="..\src\CalcTransDataFace.cpp">
      <Filter>src</Filter>
    </ClCompile>
    <ClCompile Include="..\src\CalcTransFace.cpp">
      <Filter>src</Filter>
    </ClCompile>
    <ClCompile Include="..\src\CalcTrigerFace.cpp">
      <Filter>src</Filter>
    </ClCompile>
    <ClCompile Include="..\src\CalcValveFace.cpp">
      <Filter>src</Filter>
    </ClCompile>
  </ItemGroup>
  <ItemGroup>
    <ResourceCompile Include="CalcInterface.rc">
      <Filter>Source Files</Filter>
    </ResourceCompile>
  </ItemGroup>
  <ItemGroup>
    <ClInclude Include="Resource.h">
      <Filter>Header Files</Filter>
    </ClInclude>
    <ClInclude Include="StdAfx.h">
      <Filter>Header Files</Filter>
    </ClInclude>
    <ClInclude Include="..\inc\CalcAreaChangeFace.h">
      <Filter>inc</Filter>
    </ClInclude>
    <ClInclude Include="..\inc\CalcAssignFlowFace.h">
      <Filter>inc</Filter>
    </ClInclude>
    <ClInclude Include="..\inc\CalcAssignPressFace.h">
      <Filter>inc</Filter>
    </ClInclude>
    <ClInclude Include="..\inc\CalcBendFace.h">
      <Filter>inc</Filter>
    </ClInclude>
    <ClInclude Include="..\inc\CalcBranchFace.h">
      <Filter>inc</Filter>
    </ClInclude>
    <ClInclude Include="..\inc\CalcBreakerFace.h">
      <Filter>inc</Filter>
    </ClInclude>
    <ClInclude Include="..\inc\CalcCheckFace.h">
      <Filter>inc</Filter>
    </ClInclude>
    <ClInclude Include="..\inc\CalcControlFace.h">
      <Filter>inc</Filter>
    </ClInclude>
    <ClInclude Include="..\inc\CalcCurveFace.h">
      <Filter>inc</Filter>
    </ClInclude>
    <ClInclude Include="..\inc\CalcDeadEndFace.h">
      <Filter>inc</Filter>
    </ClInclude>
    <ClInclude Include="..\inc\CalcFileFace.h">
      <Filter>inc</Filter>
    </ClInclude>
    <ClInclude Include="..\inc\CalcFuildFace.h">
      <Filter>inc</Filter>
    </ClInclude>
    <ClInclude Include="..\inc\CalcGasAccumFace.h">
      <Filter>inc</Filter>
    </ClInclude>
    <ClInclude Include="..\inc\CalcGeneralFace.h">
      <Filter>inc</Filter>
    </ClInclude>
    <ClInclude Include="..\inc\CalcJunFace.h">
      <Filter>inc</Filter>
    </ClInclude>
    <ClInclude Include="..\inc\CalcJunFaceFactory.h">
      <Filter>inc</Filter>
    </ClInclude>
    <ClInclude Include="..\inc\CalcJunMgrFace.h">
      <Filter>inc</Filter>
    </ClInclude>
    <ClInclude Include="..\inc\CalcLiquidAccumFace.h">
      <Filter>inc</Filter>
    </ClInclude>
    <ClInclude Include="..\inc\CalcOrificeFace.h">
      <Filter>inc</Filter>
    </ClInclude>
    <ClInclude Include="..\inc\CalcPeriodicFace.h">
      <Filter>inc</Filter>
    </ClInclude>
    <ClInclude Include="..\inc\CalcPipeFace.h">
      <Filter>inc</Filter>
    </ClInclude>
    <ClInclude Include="..\inc\CalcPipeMgrFace.h">
      <Filter>inc</Filter>
    </ClInclude>
    <ClInclude Include="..\inc\CalcPumpConfigFace.h">
      <Filter>inc</Filter>
    </ClInclude>
    <ClInclude Include="..\inc\CalcPumpFace.h">
      <Filter>inc</Filter>
    </ClInclude>
    <ClInclude Include="..\inc\CalcReliefFace.h">
      <Filter>inc</Filter>
    </ClInclude>
    <ClInclude Include="..\inc\CalcReserviorFace.h">
      <Filter>inc</Filter>
    </ClInclude>
    <ClInclude Include="..\inc\CalcShortPipeFace.h">
      <Filter>inc</Filter>
    </ClInclude>
    <ClInclude Include="..\inc\CalcSprayFace.h">
      <Filter>inc</Filter>
    </ClInclude>
    <ClInclude Include="..\inc\CalcSteadyFace.h">
      <Filter>inc</Filter>
    </ClInclude>
    <ClInclude Include="..\inc\CalcSurgeFace.h">
      <Filter>inc</Filter>
    </ClInclude>
    <ClInclude Include="..\inc\CalcTeeWyeFace.h">
      <Filter>inc</Filter>
    </ClInclude>
    <ClInclude Include="..\inc\CalcTransDataFace.h">
      <Filter>inc</Filter>
    </ClInclude>
    <ClInclude Include="..\inc\CalcTransFace.h">
      <Filter>inc</Filter>
    </ClInclude>
    <ClInclude Include="..\inc\CalcTrigerFace.h">
      <Filter>inc</Filter>
    </ClInclude>
    <ClInclude Include="..\inc\CalcValveFace.h">
      <Filter>inc</Filter>
    </ClInclude>
  </ItemGroup>
  <ItemGroup>
    <None Include="res\CalcInterface.rc2">
      <Filter>Resource Files</Filter>
    </None>
  </ItemGroup>
  <ItemGroup>
    <Text Include="ReadMe.txt" />
  </ItemGroup>
</Project>