<?xml version="1.0" encoding="utf-8"?>
<Project ToolsVersion="4.0" xmlns="http://schemas.microsoft.com/developer/msbuild/2003">
  <ItemGroup>
    <Filter Include="Source Files">
      <UniqueIdentifier>{4ce59a30-41ff-4075-af06-3403c387501a}</UniqueIdentifier>
      <Extensions>cpp;c;cxx;rc;def;r;odl;idl;hpj;bat</Extensions>
    </Filter>
    <Filter Include="Header Files">
      <UniqueIdentifier>{7fbba060-ba9b-416c-b4f0-54703e335313}</UniqueIdentifier>
      <Extensions>h;hpp;hxx;hm;inl</Extensions>
    </Filter>
    <Filter Include="Resource Files">
      <UniqueIdentifier>{64929b6a-3942-439b-833a-cca9a1bb4277}</UniqueIdentifier>
      <Extensions>ico;cur;bmp;dlg;rc2;rct;bin;rgs;gif;jpg;jpeg;jpe</Extensions>
    </Filter>
    <Filter Include="Inc">
      <UniqueIdentifier>{bb1056ee-7687-4e98-99a0-a5b90863c684}</UniqueIdentifier>
    </Filter>
    <Filter Include="Src">
      <UniqueIdentifier>{d88a3daf-bd7d-44e9-87c4-7b95106bd550}</UniqueIdentifier>
    </Filter>
  </ItemGroup>
  <ItemGroup>
    <ClCompile Include="..\Src\AreaChangePerisist.cpp">
      <Filter>Source Files</Filter>
    </ClCompile>
    <ClCompile Include="..\Src\AssignFlowPerisist.cpp">
      <Filter>Source Files</Filter>
    </ClCompile>
    <ClCompile Include="..\Src\AssignPressPerisist.cpp">
      <Filter>Source Files</Filter>
    </ClCompile>
    <ClCompile Include="..\src\BendPerisist.cpp">
      <Filter>Source Files</Filter>
    </ClCompile>
    <ClCompile Include="..\Src\BranchPerisist.cpp">
      <Filter>Source Files</Filter>
    </ClCompile>
    <ClCompile Include="..\Src\BreakerPerisist.cpp">
      <Filter>Source Files</Filter>
    </ClCompile>
    <ClCompile Include="..\Src\CheckPerisist.cpp">
      <Filter>Source Files</Filter>
    </ClCompile>
    <ClCompile Include="..\Src\ControlPerisist.cpp">
      <Filter>Source Files</Filter>
    </ClCompile>
    <ClCompile Include="..\Src\DeadEndPerisist.cpp">
      <Filter>Source Files</Filter>
    </ClCompile>
    <ClCompile Include="..\Src\GasAccumPerisist.cpp">
      <Filter>Source Files</Filter>
    </ClCompile>
    <ClCompile Include="..\Src\GeneralPerisist.cpp">
      <Filter>Source Files</Filter>
    </ClCompile>
    <ClCompile Include="..\Src\JunPerisistFactory.cpp">
      <Filter>Source Files</Filter>
    </ClCompile>
    <ClCompile Include="..\Src\LiquidAccumPerisist.cpp">
      <Filter>Source Files</Filter>
    </ClCompile>
    <ClCompile Include="..\src\onfigItemPerisist.cpp">
      <Filter>Source Files</Filter>
    </ClCompile>
    <ClCompile Include="..\src\onfigPerisist.cpp">
      <Filter>Source Files</Filter>
    </ClCompile>
    <ClCompile Include="..\Src\OutputRefPersist.cpp">
      <Filter>Source Files</Filter>
    </ClCompile>
    <ClCompile Include="..\src\PersistentHeader.cpp">
      <Filter>Source Files</Filter>
    </ClCompile>
    <ClCompile Include="..\Src\PumpPerisist.cpp">
      <Filter>Source Files</Filter>
    </ClCompile>
    <ClCompile Include="..\Src\ReliefPerisist.cpp">
      <Filter>Source Files</Filter>
    </ClCompile>
    <ClCompile Include="..\Src\ReservoirPerisist.cpp">
      <Filter>Source Files</Filter>
    </ClCompile>
    <ClCompile Include="..\src\SectionPipePersistent.cpp">
      <Filter>Source Files</Filter>
    </ClCompile>
    <ClCompile Include="..\Src\SprayPerisist.cpp">
      <Filter>Source Files</Filter>
    </ClCompile>
    <ClCompile Include="StdAfx.cpp">
      <Filter>Source Files</Filter>
    </ClCompile>
    <ClCompile Include="..\src\SteadyPersistent.cpp">
      <Filter>Source Files</Filter>
    </ClCompile>
    <ClCompile Include="..\Src\SurgePerisist.cpp">
      <Filter>Source Files</Filter>
    </ClCompile>
    <ClCompile Include="..\Src\TeeWyePerisist.cpp">
      <Filter>Source Files</Filter>
    </ClCompile>
    <ClCompile Include="..\src\TransDataPersistent.cpp">
      <Filter>Source Files</Filter>
    </ClCompile>
    <ClCompile Include="..\Src\ValvePerisist.cpp">
      <Filter>Source Files</Filter>
    </ClCompile>
    <ClCompile Include="..\Src\JunManager.cpp">
      <Filter>Src</Filter>
    </ClCompile>
    <ClCompile Include="..\Src\Junperisist.cpp">
      <Filter>Src</Filter>
    </ClCompile>
    <ClCompile Include="..\Src\NetModelPersist.cpp">
      <Filter>Src</Filter>
    </ClCompile>
    <ClCompile Include="..\Src\PersistenModel.cpp">
      <Filter>Src</Filter>
    </ClCompile>
    <ClCompile Include="Persistent.cpp">
      <Filter>Src</Filter>
    </ClCompile>
    <ClCompile Include="..\Src\PipePerisist.cpp">
      <Filter>Src</Filter>
    </ClCompile>
    <ClCompile Include="..\Src\PipesManager.cpp">
      <Filter>Src</Filter>
    </ClCompile>
    <ClCompile Include="..\Src\ScenarioPersistMgr.cpp">
      <Filter>Src</Filter>
    </ClCompile>
    <ClCompile Include="..\Src\SysProperty.cpp">
      <Filter>Src</Filter>
    </ClCompile>
    <ClCompile Include="..\src\TransControlPerisistent.cpp">
      <Filter>Src</Filter>
    </ClCompile>
  </ItemGroup>
  <ItemGroup>
    <ResourceCompile Include="Persistent.rc">
      <Filter>Source Files</Filter>
    </ResourceCompile>
  </ItemGroup>
  <ItemGroup>
    <ClInclude Include="..\inc\AreaChangePerisist.h">
      <Filter>Header Files</Filter>
    </ClInclude>
    <ClInclude Include="..\inc\AssignFlowPerisist.h">
      <Filter>Header Files</Filter>
    </ClInclude>
    <ClInclude Include="..\inc\AssignPressPerisist.h">
      <Filter>Header Files</Filter>
    </ClInclude>
    <ClInclude Include="..\inc\BendPerisist.h">
      <Filter>Header Files</Filter>
    </ClInclude>
    <ClInclude Include="..\inc\BranchPerisist.h">
      <Filter>Header Files</Filter>
    </ClInclude>
    <ClInclude Include="..\inc\BreakerPerisist.h">
      <Filter>Header Files</Filter>
    </ClInclude>
    <ClInclude Include="..\inc\CheckPerisist.h">
      <Filter>Header Files</Filter>
    </ClInclude>
    <ClInclude Include="..\inc\ControlPerisist.h">
      <Filter>Header Files</Filter>
    </ClInclude>
    <ClInclude Include="..\inc\DeadEndPerisist.h">
      <Filter>Header Files</Filter>
    </ClInclude>
    <ClInclude Include="..\inc\GasAccumPerisist.h">
      <Filter>Header Files</Filter>
    </ClInclude>
    <ClInclude Include="..\inc\GeneralPerisist.h">
      <Filter>Header Files</Filter>
    </ClInclude>
    <ClInclude Include="..\inc\JunFaceFactory.h">
      <Filter>Header Files</Filter>
    </ClInclude>
    <ClInclude Include="..\inc\JunPerisistFactory.h">
      <Filter>Header Files</Filter>
    </ClInclude>
    <ClInclude Include="..\inc\LiquidAccumPerisist.h">
      <Filter>Header Files</Filter>
    </ClInclude>
    <ClInclude Include="..\inc\onfigItemPerisist.h">
      <Filter>Header Files</Filter>
    </ClInclude>
    <ClInclude Include="..\inc\onfigPerisist.h">
      <Filter>Header Files</Filter>
    </ClInclude>
    <ClInclude Include="..\Inc\OutputRefPersist.h">
      <Filter>Header Files</Filter>
    </ClInclude>
    <ClInclude Include="..\inc\PersistentHeader.h">
      <Filter>Header Files</Filter>
    </ClInclude>
    <ClInclude Include="..\inc\PipeIDList.h">
      <Filter>Header Files</Filter>
    </ClInclude>
    <ClInclude Include="..\inc\PumpPerisist.h">
      <Filter>Header Files</Filter>
    </ClInclude>
    <ClInclude Include="..\inc\ReliefPerisist.h">
      <Filter>Header Files</Filter>
    </ClInclude>
    <ClInclude Include="..\inc\ReservoirPerisist.h">
      <Filter>Header Files</Filter>
    </ClInclude>
    <ClInclude Include="Resource.h">
      <Filter>Header Files</Filter>
    </ClInclude>
    <ClInclude Include="..\inc\SectionPipePersistent.h">
      <Filter>Header Files</Filter>
    </ClInclude>
    <ClInclude Include="..\inc\SprayPerisist.h">
      <Filter>Header Files</Filter>
    </ClInclude>
    <ClInclude Include="StdAfx.h">
      <Filter>Header Files</Filter>
    </ClInclude>
    <ClInclude Include="..\inc\SteadyPersistent.h">
      <Filter>Header Files</Filter>
    </ClInclude>
    <ClInclude Include="..\inc\SurgePerisist.h">
      <Filter>Header Files</Filter>
    </ClInclude>
    <ClInclude Include="..\inc\TeeWyePerisist.h">
      <Filter>Header Files</Filter>
    </ClInclude>
    <ClInclude Include="..\inc\TransDataPersistent.h">
      <Filter>Header Files</Filter>
    </ClInclude>
    <ClInclude Include="..\inc\TwoDTablePersistent.h">
      <Filter>Header Files</Filter>
    </ClInclude>
    <ClInclude Include="..\inc\ValvePerisist.h">
      <Filter>Header Files</Filter>
    </ClInclude>
    <ClInclude Include="..\inc\JunManager.h">
      <Filter>Inc</Filter>
    </ClInclude>
    <ClInclude Include="..\inc\Junperisist.h">
      <Filter>Inc</Filter>
    </ClInclude>
    <ClInclude Include="..\inc\NetModelPersist.h">
      <Filter>Inc</Filter>
    </ClInclude>
    <ClInclude Include="..\inc\PersistenModel.h">
      <Filter>Inc</Filter>
    </ClInclude>
    <ClInclude Include="..\inc\PipePerisist.h">
      <Filter>Inc</Filter>
    </ClInclude>
    <ClInclude Include="..\inc\PipesManager.h">
      <Filter>Inc</Filter>
    </ClInclude>
    <ClInclude Include="..\inc\ScenarioPersistMgr.h">
      <Filter>Inc</Filter>
    </ClInclude>
    <ClInclude Include="..\inc\SysProperty.h">
      <Filter>Inc</Filter>
    </ClInclude>
    <ClInclude Include="..\inc\TransControlPerisistent.h">
      <Filter>Inc</Filter>
    </ClInclude>
  </ItemGroup>
  <ItemGroup>
    <None Include="res\Persistent.rc2">
      <Filter>Resource Files</Filter>
    </None>
  </ItemGroup>
  <ItemGroup>
    <Text Include="ReadMe.txt" />
  </ItemGroup>
</Project>