<?xml version="1.0" encoding="utf-8"?>
<Project ToolsVersion="4.0" xmlns="http://schemas.microsoft.com/developer/msbuild/2003">
  <ItemGroup>
    <Filter Include="Source Files">
      <UniqueIdentifier>{382ace9b-c86d-4f4c-8cac-ac5ebea6cbbe}</UniqueIdentifier>
      <Extensions>cpp;c;cxx;rc;def;r;odl;idl;hpj;bat</Extensions>
    </Filter>
    <Filter Include="Header Files">
      <UniqueIdentifier>{c850b065-8e6c-4cc6-b1e4-c45be76e9d49}</UniqueIdentifier>
      <Extensions>h;hpp;hxx;hm;inl</Extensions>
    </Filter>
    <Filter Include="Resource Files">
      <UniqueIdentifier>{e0d721a0-73dd-4f17-a81c-5875aa8118aa}</UniqueIdentifier>
      <Extensions>ico;cur;bmp;dlg;rc2;rct;bin;rgs;gif;jpg;jpeg;jpe</Extensions>
    </Filter>
  </ItemGroup>
  <ItemGroup>
    <ClCompile Include="AbruptContractionStrategy.cpp">
      <Filter>Source Files</Filter>
    </ClCompile>
    <ClCompile Include="AbruptExpansionStrategy.cpp">
      <Filter>Source Files</Filter>
    </ClCompile>
    <ClCompile Include="AreaChange.cpp">
      <Filter>Source Files</Filter>
    </ClCompile>
    <ClCompile Include="AreaChangeLossCalc.cpp">
      <Filter>Source Files</Filter>
    </ClCompile>
    <ClCompile Include="AreaChangeModel.cpp">
      <Filter>Source Files</Filter>
    </ClCompile>
    <ClCompile Include="AssignedFlow.cpp">
      <Filter>Source Files</Filter>
    </ClCompile>
    <ClCompile Include="AssignedPressure.cpp">
      <Filter>Source Files</Filter>
    </ClCompile>
    <ClCompile Include="AssignFlowPage1.cpp">
      <Filter>Source Files</Filter>
    </ClCompile>
    <ClCompile Include="AssignPressPage1.cpp">
      <Filter>Source Files</Filter>
    </ClCompile>
    <ClCompile Include="AutoPFA.cpp">
      <Filter>Source Files</Filter>
    </ClCompile>
    <ClCompile Include="AutoPFADoc.cpp">
      <Filter>Source Files</Filter>
    </ClCompile>
    <ClCompile Include="AutoPFAView.cpp">
      <Filter>Source Files</Filter>
    </ClCompile>
    <ClCompile Include="BaseDlg.cpp">
      <Filter>Source Files</Filter>
    </ClCompile>
    <ClCompile Include="Bend.cpp">
      <Filter>Source Files</Filter>
    </ClCompile>
    <ClCompile Include="Branch.cpp">
      <Filter>Source Files</Filter>
    </ClCompile>
    <ClCompile Include="BranchPage1.cpp">
      <Filter>Source Files</Filter>
    </ClCompile>
    <ClCompile Include="CalcManager.cpp">
      <Filter>Source Files</Filter>
    </ClCompile>
    <ClCompile Include="checklistbox.cpp">
      <Filter>Source Files</Filter>
    </ClCompile>
    <ClCompile Include="CheckValve.cpp">
      <Filter>Source Files</Filter>
    </ClCompile>
    <ClCompile Include="ChildFrm.cpp">
      <Filter>Source Files</Filter>
    </ClCompile>
    <ClCompile Include="CircularTunnel.cpp">
      <Filter>Source Files</Filter>
    </ClCompile>
    <ClCompile Include="Component.cpp">
      <Filter>Source Files</Filter>
    </ClCompile>
    <ClCompile Include="ComponentFactory.cpp">
      <Filter>Source Files</Filter>
    </ClCompile>
    <ClCompile Include="ComponentManager.cpp">
      <Filter>Source Files</Filter>
    </ClCompile>
    <ClCompile Include="ComponentStatus.cpp">
      <Filter>Source Files</Filter>
    </ClCompile>
    <ClCompile Include="Condition.cpp">
      <Filter>Source Files</Filter>
    </ClCompile>
    <ClCompile Include="Configuration.cpp">
      <Filter>Source Files</Filter>
    </ClCompile>
    <ClCompile Include="ConicalContraction45Strategy.cpp">
      <Filter>Source Files</Filter>
    </ClCompile>
    <ClCompile Include="ConicalContraction90Strategy.cpp">
      <Filter>Source Files</Filter>
    </ClCompile>
    <ClCompile Include="Conicalexpansion90Strategy.cpp">
      <Filter>Source Files</Filter>
    </ClCompile>
    <ClCompile Include="ConicalExpansionStrategy.cpp">
      <Filter>Source Files</Filter>
    </ClCompile>
    <ClCompile Include="ControlValve.cpp">
      <Filter>Source Files</Filter>
    </ClCompile>
    <ClCompile Include="ControlWrapper.cpp">
      <Filter>Source Files</Filter>
    </ClCompile>
    <ClCompile Include="CurveWrapper.cpp">
      <Filter>Source Files</Filter>
    </ClCompile>
    <ClCompile Include="DeadEnd.cpp">
      <Filter>Source Files</Filter>
    </ClCompile>
    <ClCompile Include="DlgAreaChange.cpp">
      <Filter>Source Files</Filter>
    </ClCompile>
    <ClCompile Include="DlgAssignedFlow.cpp">
      <Filter>Source Files</Filter>
    </ClCompile>
    <ClCompile Include="DlgAssigPress.cpp">
      <Filter>Source Files</Filter>
    </ClCompile>
    <ClCompile Include="DlgBasisArea.cpp">
      <Filter>Source Files</Filter>
    </ClCompile>
    <ClCompile Include="dlgbend.cpp">
      <Filter>Source Files</Filter>
    </ClCompile>
    <ClCompile Include="DlgBranch.cpp">
      <Filter>Source Files</Filter>
    </ClCompile>
    <ClCompile Include="DlgChangeUnit.cpp">
      <Filter>Source Files</Filter>
    </ClCompile>
    <ClCompile Include="dlgchart.cpp">
      <Filter>Source Files</Filter>
    </ClCompile>
    <ClCompile Include="DlgCheckList.cpp">
      <Filter>Source Files</Filter>
    </ClCompile>
    <ClCompile Include="DlgCheckValve.cpp">
      <Filter>Source Files</Filter>
    </ClCompile>
    <ClCompile Include="DlgColorFontRef.cpp">
      <Filter>Source Files</Filter>
    </ClCompile>
    <ClCompile Include="DlgCommon.cpp">
      <Filter>Source Files</Filter>
    </ClCompile>
    <ClCompile Include="DlgControlValve.cpp">
      <Filter>Source Files</Filter>
    </ClCompile>
    <ClCompile Include="DlgCopyData.cpp">
      <Filter>Source Files</Filter>
    </ClCompile>
    <ClCompile Include="DlgCScenarioManager.cpp">
      <Filter>Source Files</Filter>
    </ClCompile>
    <ClCompile Include="DlgDeadEnd.cpp">
      <Filter>Source Files</Filter>
    </ClCompile>
    <ClCompile Include="dlgdesignfactor.cpp">
      <Filter>Source Files</Filter>
    </ClCompile>
    <ClCompile Include="DlgFind.cpp">
      <Filter>Source Files</Filter>
    </ClCompile>
    <ClCompile Include="DlgGasAccum.cpp">
      <Filter>Source Files</Filter>
    </ClCompile>
    <ClCompile Include="DlgGeneral.cpp">
      <Filter>Source Files</Filter>
    </ClCompile>
    <ClCompile Include="DlgGeneralOutView.cpp">
      <Filter>Source Files</Filter>
    </ClCompile>
    <ClCompile Include="DlgGeneralView.cpp">
      <Filter>Source Files</Filter>
    </ClCompile>
    <ClCompile Include="DlgGenralCurve.cpp">
      <Filter>Source Files</Filter>
    </ClCompile>
    <ClCompile Include="DlgGraphRef.cpp">
      <Filter>Source Files</Filter>
    </ClCompile>
    <ClCompile Include="DlgInerailTrans.cpp">
      <Filter>Source Files</Filter>
    </ClCompile>
    <ClCompile Include="DlgInitiation.cpp">
      <Filter>Source Files</Filter>
    </ClCompile>
    <ClCompile Include="DlgInitPressGuess.cpp">
      <Filter>Source Files</Filter>
    </ClCompile>
    <ClCompile Include="DlgInitPumpIneria.cpp">
      <Filter>Source Files</Filter>
    </ClCompile>
    <ClCompile Include="DlgJun.cpp">
      <Filter>Source Files</Filter>
    </ClCompile>
    <ClCompile Include="DlgJunOutView.cpp">
      <Filter>Source Files</Filter>
    </ClCompile>
    <ClCompile Include="DlgJunView.cpp">
      <Filter>Source Files</Filter>
    </ClCompile>
    <ClCompile Include="DlgLiquidAccum.cpp">
      <Filter>Source Files</Filter>
    </ClCompile>
    <ClCompile Include="DlgNoInerialTrans.cpp">
      <Filter>Source Files</Filter>
    </ClCompile>
    <ClCompile Include="DlgOneEle.cpp">
      <Filter>Source Files</Filter>
    </ClCompile>
    <ClCompile Include="DlgOneEnd.cpp">
      <Filter>Source Files</Filter>
    </ClCompile>
    <ClCompile Include="DlgOptCheckIn.cpp">
      <Filter>Source Files</Filter>
    </ClCompile>
    <ClCompile Include="DlgOption.cpp">
      <Filter>Source Files</Filter>
    </ClCompile>
    <ClCompile Include="DlgOptProGress.cpp">
      <Filter>Source Files</Filter>
    </ClCompile>
    <ClCompile Include="DlgOutPutControl.cpp">
      <Filter>Source Files</Filter>
    </ClCompile>
    <ClCompile Include="DlgParamTable.cpp">
      <Filter>Source Files</Filter>
    </ClCompile>
    <ClCompile Include="DlgParamUnit.cpp">
      <Filter>Source Files</Filter>
    </ClCompile>
    <ClCompile Include="dlgperiodic.cpp">
      <Filter>Source Files</Filter>
    </ClCompile>
    <ClCompile Include="dlgpipemodel.cpp">
      <Filter>Source Files</Filter>
    </ClCompile>
    <ClCompile Include="DlgPipeOutView.cpp">
      <Filter>Source Files</Filter>
    </ClCompile>
    <ClCompile Include="DlgPipeView.cpp">
      <Filter>Source Files</Filter>
    </ClCompile>
    <ClCompile Include="DlgPump.cpp">
      <Filter>Source Files</Filter>
    </ClCompile>
    <ClCompile Include="dlgpumpconfig.cpp">
      <Filter>Source Files</Filter>
    </ClCompile>
    <ClCompile Include="DlgPumpTranData.cpp">
      <Filter>Source Files</Filter>
    </ClCompile>
    <ClCompile Include="DlgRawDataTable.cpp">
      <Filter>Source Files</Filter>
    </ClCompile>
    <ClCompile Include="DlgReliefValve.cpp">
      <Filter>Source Files</Filter>
    </ClCompile>
    <ClCompile Include="DlgReservoir.cpp">
      <Filter>Source Files</Filter>
    </ClCompile>
    <ClCompile Include="DlgRestrictorModel.cpp">
      <Filter>Source Files</Filter>
    </ClCompile>
    <ClCompile Include="DlgScenarioName.cpp">
      <Filter>Source Files</Filter>
    </ClCompile>
    <ClCompile Include="dlgsectionpipe.cpp">
      <Filter>Source Files</Filter>
    </ClCompile>
    <ClCompile Include="DlgSelGraphData.cpp">
      <Filter>Source Files</Filter>
    </ClCompile>
    <ClCompile Include="DlgShortPipe.cpp">
      <Filter>Source Files</Filter>
    </ClCompile>
    <ClCompile Include="DlgSprayDischarge.cpp">
      <Filter>Source Files</Filter>
    </ClCompile>
    <ClCompile Include="dlgsteadyset.cpp">
      <Filter>Source Files</Filter>
    </ClCompile>
    <ClCompile Include="DlgSurge.cpp">
      <Filter>Source Files</Filter>
    </ClCompile>
    <ClCompile Include="DlgSysProperties.cpp">
      <Filter>Source Files</Filter>
    </ClCompile>
    <ClCompile Include="dlgtabview.cpp">
      <Filter>Source Files</Filter>
    </ClCompile>
    <ClCompile Include="DlgTarnsData.cpp">
      <Filter>Source Files</Filter>
    </ClCompile>
    <ClCompile Include="DlgTeeWye.cpp">
      <Filter>Source Files</Filter>
    </ClCompile>
    <ClCompile Include="DlgThreeTransSpecial.cpp">
      <Filter>Source Files</Filter>
    </ClCompile>
    <ClCompile Include="dlgtolerance.cpp">
      <Filter>Source Files</Filter>
    </ClCompile>
    <ClCompile Include="dlgtransientset.cpp">
      <Filter>Source Files</Filter>
    </ClCompile>
    <ClCompile Include="dlgtransspecial.cpp">
      <Filter>Source Files</Filter>
    </ClCompile>
    <ClCompile Include="DlgTwoEnd.cpp">
      <Filter>Source Files</Filter>
    </ClCompile>
    <ClCompile Include="dlgtwotransspecial.cpp">
      <Filter>Source Files</Filter>
    </ClCompile>
    <ClCompile Include="DlgUndefinedObjects.cpp">
      <Filter>Source Files</Filter>
    </ClCompile>
    <ClCompile Include="DlgVacuumBreaker.cpp">
      <Filter>Source Files</Filter>
    </ClCompile>
    <ClCompile Include="DlgValve.cpp">
      <Filter>Source Files</Filter>
    </ClCompile>
    <ClCompile Include="DlgWorkspaceRef.cpp">
      <Filter>Source Files</Filter>
    </ClCompile>
    <ClCompile Include="DrawJunTool.cpp">
      <Filter>Source Files</Filter>
    </ClCompile>
    <ClCompile Include="DrawPipeTool.cpp">
      <Filter>Source Files</Filter>
    </ClCompile>
    <ClCompile Include="FileDialogEx.cpp">
      <Filter>Source Files</Filter>
    </ClCompile>
    <ClCompile Include="FilePreviewDlg.cpp">
      <Filter>Source Files</Filter>
    </ClCompile>
    <ClCompile Include="FilePreviewDlgArea.cpp">
      <Filter>Source Files</Filter>
    </ClCompile>
    <ClCompile Include="FlyWeight.cpp">
      <Filter>Source Files</Filter>
    </ClCompile>
    <ClCompile Include="FlyWeightFactory.cpp">
      <Filter>Source Files</Filter>
    </ClCompile>
    <ClCompile Include="font.cpp">
      <Filter>Source Files</Filter>
    </ClCompile>
    <ClCompile Include="Fuild.cpp">
      <Filter>Source Files</Filter>
    </ClCompile>
    <ClCompile Include="GasAccumulator.cpp">
      <Filter>Source Files</Filter>
    </ClCompile>
    <ClCompile Include="GasPropertyWrapper.cpp">
      <Filter>Source Files</Filter>
    </ClCompile>
    <ClCompile Include="General.cpp">
      <Filter>Source Files</Filter>
    </ClCompile>
    <ClCompile Include="GlobalUse.cpp">
      <Filter>Source Files</Filter>
    </ClCompile>
    <ClCompile Include="graphframe.cpp">
      <Filter>Source Files</Filter>
    </ClCompile>
    <ClCompile Include="Graphics.cpp">
      <Filter>Source Files</Filter>
    </ClCompile>
    <ClCompile Include="GraphView.cpp">
      <Filter>Source Files</Filter>
    </ClCompile>
    <ClCompile Include="GridCell.cpp">
      <Filter>Source Files</Filter>
    </ClCompile>
    <ClCompile Include="GridCellBase.cpp">
      <Filter>Source Files</Filter>
    </ClCompile>
    <ClCompile Include="GridCtrl.cpp">
      <Filter>Source Files</Filter>
    </ClCompile>
    <ClCompile Include="GridDropTarget.cpp">
      <Filter>Source Files</Filter>
    </ClCompile>
    <ClCompile Include="ILossCalcStrategy.cpp">
      <Filter>Source Files</Filter>
    </ClCompile>
    <ClCompile Include="InPlaceEdit.cpp">
      <Filter>Source Files</Filter>
    </ClCompile>
    <ClCompile Include="ISupportStrategy.cpp">
      <Filter>Source Files</Filter>
    </ClCompile>
    <ClCompile Include="Jun.cpp">
      <Filter>Source Files</Filter>
    </ClCompile>
    <ClCompile Include="JunGraphics.cpp">
      <Filter>Source Files</Filter>
    </ClCompile>
    <ClCompile Include="JunManipulator.cpp">
      <Filter>Source Files</Filter>
    </ClCompile>
    <ClCompile Include="LiquidAccumulator.cpp">
      <Filter>Source Files</Filter>
    </ClCompile>
    <ClCompile Include="LossCalcFactory.cpp">
      <Filter>Source Files</Filter>
    </ClCompile>
    <ClCompile Include="MacroManipulator.cpp">
      <Filter>Source Files</Filter>
    </ClCompile>
    <ClCompile Include="MainFrm.cpp">
      <Filter>Source Files</Filter>
    </ClCompile>
    <ClCompile Include="Manipulator.cpp">
      <Filter>Source Files</Filter>
    </ClCompile>
    <ClCompile Include="MDIClientWnd.cpp">
      <Filter>Source Files</Filter>
    </ClCompile>
    <ClCompile Include="MinimumSquareSum.cpp">
      <Filter>Source Files</Filter>
    </ClCompile>
    <ClCompile Include="ModelDataFrame.cpp">
      <Filter>Source Files</Filter>
    </ClCompile>
    <ClCompile Include="ModelDataView.cpp">
      <Filter>Source Files</Filter>
    </ClCompile>
    <ClCompile Include="NetModel.cpp">
      <Filter>Source Files</Filter>
    </ClCompile>
    <ClCompile Include="NoInerialModel.cpp">
      <Filter>Source Files</Filter>
    </ClCompile>
    <ClCompile Include="NoTranFourquadInerialModel.cpp">
      <Filter>Source Files</Filter>
    </ClCompile>
    <ClCompile Include="numedit.cpp">
      <Filter>Source Files</Filter>
    </ClCompile>
    <ClCompile Include="NumFlyWeight.cpp">
      <Filter>Source Files</Filter>
    </ClCompile>
    <ClCompile Include="OneWayWrapper.cpp">
      <Filter>Source Files</Filter>
    </ClCompile>
    <ClCompile Include="OptContralTwo.cpp">
      <Filter>Source Files</Filter>
    </ClCompile>
    <ClCompile Include="OptControl.cpp">
      <Filter>Source Files</Filter>
    </ClCompile>
    <ClCompile Include="OptimitationConst.cpp">
      <Filter>Source Files</Filter>
    </ClCompile>
    <ClCompile Include="OptimizationParameter.cpp">
      <Filter>Source Files</Filter>
    </ClCompile>
    <ClCompile Include="OptionTypeNumWrapper.cpp">
      <Filter>Source Files</Filter>
    </ClCompile>
    <ClCompile Include="OutPutDataFrame.cpp">
      <Filter>Source Files</Filter>
    </ClCompile>
    <ClCompile Include="OutPutDataView.cpp">
      <Filter>Source Files</Filter>
    </ClCompile>
    <ClCompile Include="PageAreaChangeData.cpp">
      <Filter>Source Files</Filter>
    </ClCompile>
    <ClCompile Include="PageAreaChangeOption.cpp">
      <Filter>Source Files</Filter>
    </ClCompile>
    <ClCompile Include="PageAssignedFlowData.cpp">
      <Filter>Source Files</Filter>
    </ClCompile>
    <ClCompile Include="PageAssignedFlowOption.cpp">
      <Filter>Source Files</Filter>
    </ClCompile>
    <ClCompile Include="PageAssignedFlowTrans.cpp">
      <Filter>Source Files</Filter>
    </ClCompile>
    <ClCompile Include="PageAssignedPressOption.cpp">
      <Filter>Source Files</Filter>
    </ClCompile>
    <ClCompile Include="pageassignedpresstrans.cpp">
      <Filter>Source Files</Filter>
    </ClCompile>
    <ClCompile Include="PageAssignedPressureData.cpp">
      <Filter>Source Files</Filter>
    </ClCompile>
    <ClCompile Include="PageBendData.cpp">
      <Filter>Source Files</Filter>
    </ClCompile>
    <ClCompile Include="pagebendmodel.cpp">
      <Filter>Source Files</Filter>
    </ClCompile>
    <ClCompile Include="PageBranchData.cpp">
      <Filter>Source Files</Filter>
    </ClCompile>
    <ClCompile Include="PageBranchOption.cpp">
      <Filter>Source Files</Filter>
    </ClCompile>
    <ClCompile Include="PageBranchTrans.cpp">
      <Filter>Source Files</Filter>
    </ClCompile>
    <ClCompile Include="PageBreakerData.cpp">
      <Filter>Source Files</Filter>
    </ClCompile>
    <ClCompile Include="PageBreakerModel.cpp">
      <Filter>Source Files</Filter>
    </ClCompile>
    <ClCompile Include="pagechart.cpp">
      <Filter>Source Files</Filter>
    </ClCompile>
    <ClCompile Include="PageCheck.cpp">
      <Filter>Source Files</Filter>
    </ClCompile>
    <ClCompile Include="PageCheckModel.cpp">
      <Filter>Source Files</Filter>
    </ClCompile>
    <ClCompile Include="PageCheckOption.cpp">
      <Filter>Source Files</Filter>
    </ClCompile>
    <ClCompile Include="PageCheckTrans.cpp">
      <Filter>Source Files</Filter>
    </ClCompile>
    <ClCompile Include="PageComponentTable.cpp">
      <Filter>Source Files</Filter>
    </ClCompile>
    <ClCompile Include="PageCondition.cpp">
      <Filter>Source Files</Filter>
    </ClCompile>
    <ClCompile Include="pageconfigdata.cpp">
      <Filter>Source Files</Filter>
    </ClCompile>
    <ClCompile Include="PageConfiguration.cpp">
      <Filter>Source Files</Filter>
    </ClCompile>
    <ClCompile Include="PageControlData.cpp">
      <Filter>Source Files</Filter>
    </ClCompile>
    <ClCompile Include="PageControlModel.cpp">
      <Filter>Source Files</Filter>
    </ClCompile>
    <ClCompile Include="PageControlTrans.cpp">
      <Filter>Source Files</Filter>
    </ClCompile>
    <ClCompile Include="PageCurveData.cpp">
      <Filter>Source Files</Filter>
    </ClCompile>
    <ClCompile Include="PageDataList.cpp">
      <Filter>Source Files</Filter>
    </ClCompile>
    <ClCompile Include="PageDataTable.cpp">
      <Filter>Source Files</Filter>
    </ClCompile>
    <ClCompile Include="PageDeadEndData.cpp">
      <Filter>Source Files</Filter>
    </ClCompile>
    <ClCompile Include="PageDetail.cpp">
      <Filter>Source Files</Filter>
    </ClCompile>
    <ClCompile Include="PageFailTrans.cpp">
      <Filter>Source Files</Filter>
    </ClCompile>
    <ClCompile Include="PageFitLoss.cpp">
      <Filter>Source Files</Filter>
    </ClCompile>
    <ClCompile Include="pagefourquadtable.cpp">
      <Filter>Source Files</Filter>
    </ClCompile>
    <ClCompile Include="PageFuild.cpp">
      <Filter>Source Files</Filter>
    </ClCompile>
    <ClCompile Include="PageGasAccumData.cpp">
      <Filter>Source Files</Filter>
    </ClCompile>
    <ClCompile Include="PageGasAccumModel.cpp">
      <Filter>Source Files</Filter>
    </ClCompile>
    <ClCompile Include="PageGeneral.cpp">
      <Filter>Source Files</Filter>
    </ClCompile>
    <ClCompile Include="PageGeneralInfo.cpp">
      <Filter>Source Files</Filter>
    </ClCompile>
    <ClCompile Include="PageGeneralModel.cpp">
      <Filter>Source Files</Filter>
    </ClCompile>
    <ClCompile Include="PageGraph.cpp">
      <Filter>Source Files</Filter>
    </ClCompile>
    <ClCompile Include="PageInertialData.cpp">
      <Filter>Source Files</Filter>
    </ClCompile>
    <ClCompile Include="PageJunData.cpp">
      <Filter>Source Files</Filter>
    </ClCompile>
    <ClCompile Include="PageJunGraph.cpp">
      <Filter>Source Files</Filter>
    </ClCompile>
    <ClCompile Include="PageJunOutControl.cpp">
      <Filter>Source Files</Filter>
    </ClCompile>
    <ClCompile Include="PageLiquidAccumData.cpp">
      <Filter>Source Files</Filter>
    </ClCompile>
    <ClCompile Include="PageLiquidAccumModel.cpp">
      <Filter>Source Files</Filter>
    </ClCompile>
    <ClCompile Include="PageNotShowOutAtt.cpp">
      <Filter>Source Files</Filter>
    </ClCompile>
    <ClCompile Include="PageOptCheckInPipeNet.cpp">
      <Filter>Source Files</Filter>
    </ClCompile>
    <ClCompile Include="PageOther.cpp">
      <Filter>Source Files</Filter>
    </ClCompile>
    <ClCompile Include="PageOutTable.cpp">
      <Filter>Source Files</Filter>
    </ClCompile>
    <ClCompile Include="PagePipeData.cpp">
      <Filter>Source Files</Filter>
    </ClCompile>
    <ClCompile Include="PagePipeGraph.cpp">
      <Filter>Source Files</Filter>
    </ClCompile>
    <ClCompile Include="PagePipeOption.cpp">
      <Filter>Source Files</Filter>
    </ClCompile>
    <ClCompile Include="PagePipeOutControl.cpp">
      <Filter>Source Files</Filter>
    </ClCompile>
    <ClCompile Include="PagePumpData.cpp">
      <Filter>Source Files</Filter>
    </ClCompile>
    <ClCompile Include="PagePumpModel.cpp">
      <Filter>Source Files</Filter>
    </ClCompile>
    <ClCompile Include="PagePumpTrans.cpp">
      <Filter>Source Files</Filter>
    </ClCompile>
    <ClCompile Include="PageReliefData.cpp">
      <Filter>Source Files</Filter>
    </ClCompile>
    <ClCompile Include="pagereliefmodel.cpp">
      <Filter>Source Files</Filter>
    </ClCompile>
    <ClCompile Include="PageReliefTrans.cpp">
      <Filter>Source Files</Filter>
    </ClCompile>
    <ClCompile Include="PageReservoirData.cpp">
      <Filter>Source Files</Filter>
    </ClCompile>
    <ClCompile Include="PageReservoirTrans.cpp">
      <Filter>Source Files</Filter>
    </ClCompile>
    <ClCompile Include="PageSprayData.cpp">
      <Filter>Source Files</Filter>
    </ClCompile>
    <ClCompile Include="PageSprayModel.cpp">
      <Filter>Source Files</Filter>
    </ClCompile>
    <ClCompile Include="PageSprayTrans.cpp">
      <Filter>Source Files</Filter>
    </ClCompile>
    <ClCompile Include="PageStatus.cpp">
      <Filter>Source Files</Filter>
    </ClCompile>
    <ClCompile Include="PageStmOutTable.cpp">
      <Filter>Source Files</Filter>
    </ClCompile>
    <ClCompile Include="PageSummary.cpp">
      <Filter>Source Files</Filter>
    </ClCompile>
    <ClCompile Include="PageSurgeData.cpp">
      <Filter>Source Files</Filter>
    </ClCompile>
    <ClCompile Include="PageSurgeModel.cpp">
      <Filter>Source Files</Filter>
    </ClCompile>
    <ClCompile Include="PageSurgeTrans.cpp">
      <Filter>Source Files</Filter>
    </ClCompile>
    <ClCompile Include="PageTable.cpp">
      <Filter>Source Files</Filter>
    </ClCompile>
    <ClCompile Include="PageTeeWyeData.cpp">
      <Filter>Source Files</Filter>
    </ClCompile>
    <ClCompile Include="PageTeeWyeModel.cpp">
      <Filter>Source Files</Filter>
    </ClCompile>
    <ClCompile Include="PageTolerance.cpp">
      <Filter>Source Files</Filter>
    </ClCompile>
    <ClCompile Include="PageTranOutTable.cpp">
      <Filter>Source Files</Filter>
    </ClCompile>
    <ClCompile Include="PageTrans.cpp">
      <Filter>Source Files</Filter>
    </ClCompile>
    <ClCompile Include="PageTransientData.cpp">
      <Filter>Source Files</Filter>
    </ClCompile>
    <ClCompile Include="pagetrantriger.cpp">
      <Filter>Source Files</Filter>
    </ClCompile>
    <ClCompile Include="PageUnit.cpp">
      <Filter>Source Files</Filter>
    </ClCompile>
    <ClCompile Include="PageValveData.cpp">
      <Filter>Source Files</Filter>
    </ClCompile>
    <ClCompile Include="PageValveModel.cpp">
      <Filter>Source Files</Filter>
    </ClCompile>
    <ClCompile Include="PageValveOption.cpp">
      <Filter>Source Files</Filter>
    </ClCompile>
    <ClCompile Include="PageValveTrans.cpp">
      <Filter>Source Files</Filter>
    </ClCompile>
    <ClCompile Include="PageVariableSpeed.cpp">
      <Filter>Source Files</Filter>
    </ClCompile>
    <ClCompile Include="PageViscosModel.cpp">
      <Filter>Source Files</Filter>
    </ClCompile>
    <ClCompile Include="palette.cpp">
      <Filter>Source Files</Filter>
    </ClCompile>
    <ClCompile Include="PFAOptimitationData.cpp">
      <Filter>Source Files</Filter>
    </ClCompile>
    <ClCompile Include="PFAOptimize.cpp">
      <Filter>Source Files</Filter>
    </ClCompile>
    <ClCompile Include="picture.cpp">
      <Filter>Source Files</Filter>
    </ClCompile>
    <ClCompile Include="Pipe.cpp">
      <Filter>Source Files</Filter>
    </ClCompile>
    <ClCompile Include="PipeDepthLoss.cpp">
      <Filter>Source Files</Filter>
    </ClCompile>
    <ClCompile Include="PipeDirPage.cpp">
      <Filter>Source Files</Filter>
    </ClCompile>
    <ClCompile Include="PipeGraphics.cpp">
      <Filter>Source Files</Filter>
    </ClCompile>
    <ClCompile Include="PipeIDFlyWeight.cpp">
      <Filter>Source Files</Filter>
    </ClCompile>
    <ClCompile Include="PipeManipulator.cpp">
      <Filter>Source Files</Filter>
    </ClCompile>
    <ClCompile Include="PtFlyWeight.cpp">
      <Filter>Source Files</Filter>
    </ClCompile>
    <ClCompile Include="Pump.cpp">
      <Filter>Source Files</Filter>
    </ClCompile>
    <ClCompile Include="PumpTranModel.cpp">
      <Filter>Source Files</Filter>
    </ClCompile>
    <ClCompile Include="PumpTransient.cpp">
      <Filter>Source Files</Filter>
    </ClCompile>
    <ClCompile Include="ReliefValve.cpp">
      <Filter>Source Files</Filter>
    </ClCompile>
    <ClCompile Include="ReserviorPage1.cpp">
      <Filter>Source Files</Filter>
    </ClCompile>
    <ClCompile Include="Reservoir.cpp">
      <Filter>Source Files</Filter>
    </ClCompile>
    <ClCompile Include="RestrictorWrapper.cpp">
      <Filter>Source Files</Filter>
    </ClCompile>
    <ClCompile Include="ScenariManage.cpp">
      <Filter>Source Files</Filter>
    </ClCompile>
    <ClCompile Include="Scenario.cpp">
      <Filter>Source Files</Filter>
    </ClCompile>
    <ClCompile Include="ScenarioObject.cpp">
      <Filter>Source Files</Filter>
    </ClCompile>
    <ClCompile Include="SectionSet.cpp">
      <Filter>Source Files</Filter>
    </ClCompile>
    <ClCompile Include="ShortPipeWrapper.cpp">
      <Filter>Source Files</Filter>
    </ClCompile>
    <ClCompile Include="SprayDischarge.cpp">
      <Filter>Source Files</Filter>
    </ClCompile>
    <ClCompile Include="StartCADObj.cpp">
      <Filter>Source Files</Filter>
    </ClCompile>
    <ClCompile Include="StartUpSpeedModel.cpp">
      <Filter>Source Files</Filter>
    </ClCompile>
    <ClCompile Include="StateName.cpp">
      <Filter>Source Files</Filter>
    </ClCompile>
    <ClCompile Include="StdAfx.cpp">
      <Filter>Source Files</Filter>
    </ClCompile>
    <ClCompile Include="SteadySet.cpp">
      <Filter>Source Files</Filter>
    </ClCompile>
    <ClCompile Include="StratUpFourquadInerialModel.cpp">
      <Filter>Source Files</Filter>
    </ClCompile>
    <ClCompile Include="StratUpInerialModel.cpp">
      <Filter>Source Files</Filter>
    </ClCompile>
    <ClCompile Include="StrFlyWeight.cpp">
      <Filter>Source Files</Filter>
    </ClCompile>
    <ClCompile Include="SupportStrategyFactory.cpp">
      <Filter>Source Files</Filter>
    </ClCompile>
    <ClCompile Include="Surge.cpp">
      <Filter>Source Files</Filter>
    </ClCompile>
    <ClCompile Include="SysProperFactory.cpp">
      <Filter>Source Files</Filter>
    </ClCompile>
    <ClCompile Include="SysProperties.cpp">
      <Filter>Source Files</Filter>
    </ClCompile>
    <ClCompile Include="TabSheet.cpp">
      <Filter>Source Files</Filter>
    </ClCompile>
    <ClCompile Include="TeeWye.cpp">
      <Filter>Source Files</Filter>
    </ClCompile>
    <ClCompile Include="ThickAnchorThroughoutStrategy.cpp">
      <Filter>Source Files</Filter>
    </ClCompile>
    <ClCompile Include="ThickAnchorUpstreamStrategy.cpp">
      <Filter>Source Files</Filter>
    </ClCompile>
    <ClCompile Include="ThickExpandThroughoutStrategy.cpp">
      <Filter>Source Files</Filter>
    </ClCompile>
    <ClCompile Include="ThinAnchorThroughoutStrategy.cpp">
      <Filter>Source Files</Filter>
    </ClCompile>
    <ClCompile Include="ThinAnchorUpstreamStrategy.cpp">
      <Filter>Source Files</Filter>
    </ClCompile>
    <ClCompile Include="ThinExpandThroughoutStrategy.cpp">
      <Filter>Source Files</Filter>
    </ClCompile>
    <ClCompile Include="TitleTip.cpp">
      <Filter>Source Files</Filter>
    </ClCompile>
    <ClCompile Include="TranOutStepDlg.cpp">
      <Filter>Source Files</Filter>
    </ClCompile>
    <ClCompile Include="Transient.cpp">
      <Filter>Source Files</Filter>
    </ClCompile>
    <ClCompile Include="TransientSet.cpp">
      <Filter>Source Files</Filter>
    </ClCompile>
    <ClCompile Include="TreeScenario.cpp">
      <Filter>Source Files</Filter>
    </ClCompile>
    <ClCompile Include="TripFourquadInerialModel.cpp">
      <Filter>Source Files</Filter>
    </ClCompile>
    <ClCompile Include="TripInerialModel.cpp">
      <Filter>Source Files</Filter>
    </ClCompile>
    <ClCompile Include="UnitComboBox.cpp">
      <Filter>Source Files</Filter>
    </ClCompile>
    <ClCompile Include="VacuumBreaker.cpp">
      <Filter>Source Files</Filter>
    </ClCompile>
    <ClCompile Include="Valve.cpp">
      <Filter>Source Files</Filter>
    </ClCompile>
    <ClCompile Include="WavespeedCalc.cpp">
      <Filter>Source Files</Filter>
    </ClCompile>
    <ClCompile Include="WorkSpaceDataFrame.cpp">
      <Filter>Source Files</Filter>
    </ClCompile>
    <ClCompile Include="WorkSpaceRef.cpp">
      <Filter>Source Files</Filter>
    </ClCompile>
    <ClCompile Include="workspaceview.cpp">
      <Filter>Source Files</Filter>
    </ClCompile>
    <ClCompile Include="ZoomManipulator.cpp">
      <Filter>Source Files</Filter>
    </ClCompile>
    <ClCompile Include="PageLiquidAccumOption.cpp">
      <Filter>Header Files</Filter>
    </ClCompile>
    <ClCompile Include="PagePumpOption.cpp">
      <Filter>Header Files</Filter>
    </ClCompile>
    <ClCompile Include="PageSprayOption.cpp">
      <Filter>Header Files</Filter>
    </ClCompile>
    <ClCompile Include="PageBreakerOption.cpp">
      <Filter>Resource Files</Filter>
    </ClCompile>
    <ClCompile Include="PageControlOption.cpp">
      <Filter>Resource Files</Filter>
    </ClCompile>
    <ClCompile Include="PageDeadEndOption.cpp">
      <Filter>Resource Files</Filter>
    </ClCompile>
    <ClCompile Include="PageGasAccumOption.cpp">
      <Filter>Resource Files</Filter>
    </ClCompile>
    <ClCompile Include="PageGeneralOption.cpp">
      <Filter>Resource Files</Filter>
    </ClCompile>
    <ClCompile Include="PageReliefOption.cpp">
      <Filter>Resource Files</Filter>
    </ClCompile>
    <ClCompile Include="PageReservoirOption.cpp">
      <Filter>Resource Files</Filter>
    </ClCompile>
    <ClCompile Include="PageSurgeOption.cpp">
      <Filter>Resource Files</Filter>
    </ClCompile>
    <ClCompile Include="PageTeeWyeOption.cpp">
      <Filter>Resource Files</Filter>
    </ClCompile>
  </ItemGroup>
  <ItemGroup>
    <ResourceCompile Include="AutoPFA.rc">
      <Filter>Source Files</Filter>
    </ResourceCompile>
  </ItemGroup>
  <ItemGroup>
    <ClInclude Include="AbruptContractionStrategy.h">
      <Filter>Header Files</Filter>
    </ClInclude>
    <ClInclude Include="AbruptExpansionStrategy.h">
      <Filter>Header Files</Filter>
    </ClInclude>
    <ClInclude Include="AreaChange.h">
      <Filter>Header Files</Filter>
    </ClInclude>
    <ClInclude Include="AreaChangeLossCalc.h">
      <Filter>Header Files</Filter>
    </ClInclude>
    <ClInclude Include="AreaChangeModel.h">
      <Filter>Header Files</Filter>
    </ClInclude>
    <ClInclude Include="ArrayFlyWeight.h">
      <Filter>Header Files</Filter>
    </ClInclude>
    <ClInclude Include="AssignedFlow.h">
      <Filter>Header Files</Filter>
    </ClInclude>
    <ClInclude Include="AssignedPressure.h">
      <Filter>Header Files</Filter>
    </ClInclude>
    <ClInclude Include="AssignFlowPage1.h">
      <Filter>Header Files</Filter>
    </ClInclude>
    <ClInclude Include="AssignPressPage1.h">
      <Filter>Header Files</Filter>
    </ClInclude>
    <ClInclude Include="AutoPFA.h">
      <Filter>Header Files</Filter>
    </ClInclude>
    <ClInclude Include="AutoPFADoc.h">
      <Filter>Header Files</Filter>
    </ClInclude>
    <ClInclude Include="AutoPFAView.h">
      <Filter>Header Files</Filter>
    </ClInclude>
    <ClInclude Include="BaseDlg.h">
      <Filter>Header Files</Filter>
    </ClInclude>
    <ClInclude Include="Bend.h">
      <Filter>Header Files</Filter>
    </ClInclude>
    <ClInclude Include="Branch.h">
      <Filter>Header Files</Filter>
    </ClInclude>
    <ClInclude Include="BranchPage1.h">
      <Filter>Header Files</Filter>
    </ClInclude>
    <ClInclude Include="CalcManager.h">
      <Filter>Header Files</Filter>
    </ClInclude>
    <ClInclude Include="CellRange.h">
      <Filter>Header Files</Filter>
    </ClInclude>
    <ClInclude Include="checklistbox.h">
      <Filter>Header Files</Filter>
    </ClInclude>
    <ClInclude Include="CheckValve.h">
      <Filter>Header Files</Filter>
    </ClInclude>
    <ClInclude Include="ChildFrm.h">
      <Filter>Header Files</Filter>
    </ClInclude>
    <ClInclude Include="CircularTunnel.h">
      <Filter>Header Files</Filter>
    </ClInclude>
    <ClInclude Include="Component.h">
      <Filter>Header Files</Filter>
    </ClInclude>
    <ClInclude Include="ComponentFactory.h">
      <Filter>Header Files</Filter>
    </ClInclude>
    <ClInclude Include="ComponentManager.h">
      <Filter>Header Files</Filter>
    </ClInclude>
    <ClInclude Include="ComponentStatus.h">
      <Filter>Header Files</Filter>
    </ClInclude>
    <ClInclude Include="Condition.h">
      <Filter>Header Files</Filter>
    </ClInclude>
    <ClInclude Include="Configuration.h">
      <Filter>Header Files</Filter>
    </ClInclude>
    <ClInclude Include="ConicalContraction45Strategy.h">
      <Filter>Header Files</Filter>
    </ClInclude>
    <ClInclude Include="ConicalContraction90Strategy.h">
      <Filter>Header Files</Filter>
    </ClInclude>
    <ClInclude Include="Conicalexpansion90Strategy.h">
      <Filter>Header Files</Filter>
    </ClInclude>
    <ClInclude Include="ConicalExpansionStrategy.h">
      <Filter>Header Files</Filter>
    </ClInclude>
    <ClInclude Include="ControlValve.h">
      <Filter>Header Files</Filter>
    </ClInclude>
    <ClInclude Include="ControlWrapper.h">
      <Filter>Header Files</Filter>
    </ClInclude>
    <ClInclude Include="CurveWrapper.h">
      <Filter>Header Files</Filter>
    </ClInclude>
    <ClInclude Include="DeadEnd.h">
      <Filter>Header Files</Filter>
    </ClInclude>
    <ClInclude Include="DlgAreaChange.h">
      <Filter>Header Files</Filter>
    </ClInclude>
    <ClInclude Include="DlgAssignedFlow.h">
      <Filter>Header Files</Filter>
    </ClInclude>
    <ClInclude Include="DlgAssigPress.h">
      <Filter>Header Files</Filter>
    </ClInclude>
    <ClInclude Include="DlgBasisArea.h">
      <Filter>Header Files</Filter>
    </ClInclude>
    <ClInclude Include="dlgbend.h">
      <Filter>Header Files</Filter>
    </ClInclude>
    <ClInclude Include="DlgBranch.h">
      <Filter>Header Files</Filter>
    </ClInclude>
    <ClInclude Include="DlgChangeUnit.h">
      <Filter>Header Files</Filter>
    </ClInclude>
    <ClInclude Include="dlgchart.h">
      <Filter>Header Files</Filter>
    </ClInclude>
    <ClInclude Include="DlgCheckList.h">
      <Filter>Header Files</Filter>
    </ClInclude>
    <ClInclude Include="DlgCheckValve.h">
      <Filter>Header Files</Filter>
    </ClInclude>
    <ClInclude Include="DlgColorFontRef.h">
      <Filter>Header Files</Filter>
    </ClInclude>
    <ClInclude Include="DlgCommon.h">
      <Filter>Header Files</Filter>
    </ClInclude>
    <ClInclude Include="DlgControlValve.h">
      <Filter>Header Files</Filter>
    </ClInclude>
    <ClInclude Include="DlgCopyData.h">
      <Filter>Header Files</Filter>
    </ClInclude>
    <ClInclude Include="DlgCScenarioManager.h">
      <Filter>Header Files</Filter>
    </ClInclude>
    <ClInclude Include="DlgDeadEnd.h">
      <Filter>Header Files</Filter>
    </ClInclude>
    <ClInclude Include="dlgdesignfactor.h">
      <Filter>Header Files</Filter>
    </ClInclude>
    <ClInclude Include="DlgFind.h">
      <Filter>Header Files</Filter>
    </ClInclude>
    <ClInclude Include="DlgGasAccum.h">
      <Filter>Header Files</Filter>
    </ClInclude>
    <ClInclude Include="DlgGeneral.h">
      <Filter>Header Files</Filter>
    </ClInclude>
    <ClInclude Include="DlgGeneralOutView.h">
      <Filter>Header Files</Filter>
    </ClInclude>
    <ClInclude Include="DlgGeneralView.h">
      <Filter>Header Files</Filter>
    </ClInclude>
    <ClInclude Include="DlgGenralCurve.h">
      <Filter>Header Files</Filter>
    </ClInclude>
    <ClInclude Include="DlgGraphRef.h">
      <Filter>Header Files</Filter>
    </ClInclude>
    <ClInclude Include="DlgInerailTrans.h">
      <Filter>Header Files</Filter>
    </ClInclude>
    <ClInclude Include="DlgInitiation.h">
      <Filter>Header Files</Filter>
    </ClInclude>
    <ClInclude Include="dlginitpressguess.h">
      <Filter>Header Files</Filter>
    </ClInclude>
    <ClInclude Include="DlgInitPumpIneria.h">
      <Filter>Header Files</Filter>
    </ClInclude>
    <ClInclude Include="DlgJun.h">
      <Filter>Header Files</Filter>
    </ClInclude>
    <ClInclude Include="DlgJunOutView.h">
      <Filter>Header Files</Filter>
    </ClInclude>
    <ClInclude Include="DlgJunView.h">
      <Filter>Header Files</Filter>
    </ClInclude>
    <ClInclude Include="DlgLiquidAccum.h">
      <Filter>Header Files</Filter>
    </ClInclude>
    <ClInclude Include="DlgNoInerialTrans.h">
      <Filter>Header Files</Filter>
    </ClInclude>
    <ClInclude Include="DlgOneEle.h">
      <Filter>Header Files</Filter>
    </ClInclude>
    <ClInclude Include="DlgOneEnd.h">
      <Filter>Header Files</Filter>
    </ClInclude>
    <ClInclude Include="DlgOptCheckIn.h">
      <Filter>Header Files</Filter>
    </ClInclude>
    <ClInclude Include="dlgoption.h">
      <Filter>Header Files</Filter>
    </ClInclude>
    <ClInclude Include="DlgOptProGress.h">
      <Filter>Header Files</Filter>
    </ClInclude>
    <ClInclude Include="DlgOutPutControl.h">
      <Filter>Header Files</Filter>
    </ClInclude>
    <ClInclude Include="DlgParamTable.h">
      <Filter>Header Files</Filter>
    </ClInclude>
    <ClInclude Include="dlgparamunit.h">
      <Filter>Header Files</Filter>
    </ClInclude>
    <ClInclude Include="dlgperiodic.h">
      <Filter>Header Files</Filter>
    </ClInclude>
    <ClInclude Include="dlgpipemodel.h">
      <Filter>Header Files</Filter>
    </ClInclude>
    <ClInclude Include="DlgPipeOutView.h">
      <Filter>Header Files</Filter>
    </ClInclude>
    <ClInclude Include="DlgPipeView.h">
      <Filter>Header Files</Filter>
    </ClInclude>
    <ClInclude Include="DlgPump.h">
      <Filter>Header Files</Filter>
    </ClInclude>
    <ClInclude Include="dlgpumpconfig.h">
      <Filter>Header Files</Filter>
    </ClInclude>
    <ClInclude Include="DlgPumpTranData.h">
      <Filter>Header Files</Filter>
    </ClInclude>
    <ClInclude Include="DlgRawDataTable.h">
      <Filter>Header Files</Filter>
    </ClInclude>
    <ClInclude Include="DlgReliefValve.h">
      <Filter>Header Files</Filter>
    </ClInclude>
    <ClInclude Include="DlgReservoir.h">
      <Filter>Header Files</Filter>
    </ClInclude>
    <ClInclude Include="DlgRestrictorModel.h">
      <Filter>Header Files</Filter>
    </ClInclude>
    <ClInclude Include="DlgScenarioName.h">
      <Filter>Header Files</Filter>
    </ClInclude>
    <ClInclude Include="dlgsectionpipe.h">
      <Filter>Header Files</Filter>
    </ClInclude>
    <ClInclude Include="DlgSelGraphData.h">
      <Filter>Header Files</Filter>
    </ClInclude>
    <ClInclude Include="DlgShortPipe.h">
      <Filter>Header Files</Filter>
    </ClInclude>
    <ClInclude Include="DlgSprayDischarge.h">
      <Filter>Header Files</Filter>
    </ClInclude>
    <ClInclude Include="dlgsteadyset.h">
      <Filter>Header Files</Filter>
    </ClInclude>
    <ClInclude Include="DlgSurge.h">
      <Filter>Header Files</Filter>
    </ClInclude>
    <ClInclude Include="DlgSysProperties.h">
      <Filter>Header Files</Filter>
    </ClInclude>
    <ClInclude Include="dlgtabview.h">
      <Filter>Header Files</Filter>
    </ClInclude>
    <ClInclude Include="DlgTarnsData.h">
      <Filter>Header Files</Filter>
    </ClInclude>
    <ClInclude Include="DlgTeeWye.h">
      <Filter>Header Files</Filter>
    </ClInclude>
    <ClInclude Include="DlgThreeTransSpecial.h">
      <Filter>Header Files</Filter>
    </ClInclude>
    <ClInclude Include="dlgtolerance.h">
      <Filter>Header Files</Filter>
    </ClInclude>
    <ClInclude Include="dlgtransientset.h">
      <Filter>Header Files</Filter>
    </ClInclude>
    <ClInclude Include="dlgtransspecial.h">
      <Filter>Header Files</Filter>
    </ClInclude>
    <ClInclude Include="DlgTwoEnd.h">
      <Filter>Header Files</Filter>
    </ClInclude>
    <ClInclude Include="dlgtwotransspecial.h">
      <Filter>Header Files</Filter>
    </ClInclude>
    <ClInclude Include="DlgUndefinedObjects.h">
      <Filter>Header Files</Filter>
    </ClInclude>
    <ClInclude Include="DlgVacuumBreaker.h">
      <Filter>Header Files</Filter>
    </ClInclude>
    <ClInclude Include="DlgValve.h">
      <Filter>Header Files</Filter>
    </ClInclude>
    <ClInclude Include="DlgWorkspaceRef.h">
      <Filter>Header Files</Filter>
    </ClInclude>
    <ClInclude Include="DrawJunTool.h">
      <Filter>Header Files</Filter>
    </ClInclude>
    <ClInclude Include="DrawPipeTool.h">
      <Filter>Header Files</Filter>
    </ClInclude>
    <ClInclude Include="FileDialogEx.h">
      <Filter>Header Files</Filter>
    </ClInclude>
    <ClInclude Include="FilePreviewDlg.h">
      <Filter>Header Files</Filter>
    </ClInclude>
    <ClInclude Include="FilePreviewDlgArea.h">
      <Filter>Header Files</Filter>
    </ClInclude>
    <ClInclude Include="FlyWeight.h">
      <Filter>Header Files</Filter>
    </ClInclude>
    <ClInclude Include="FlyWeightFactory.h">
      <Filter>Header Files</Filter>
    </ClInclude>
    <ClInclude Include="font.h">
      <Filter>Header Files</Filter>
    </ClInclude>
    <ClInclude Include="Fuild.h">
      <Filter>Header Files</Filter>
    </ClInclude>
    <ClInclude Include="GasAccumulator.h">
      <Filter>Header Files</Filter>
    </ClInclude>
    <ClInclude Include="GasPropertyWrapper.h">
      <Filter>Header Files</Filter>
    </ClInclude>
    <ClInclude Include="General.h">
      <Filter>Header Files</Filter>
    </ClInclude>
    <ClInclude Include="GlobalUse.h">
      <Filter>Header Files</Filter>
    </ClInclude>
    <ClInclude Include="graphframe.h">
      <Filter>Header Files</Filter>
    </ClInclude>
    <ClInclude Include="Graphics.h">
      <Filter>Header Files</Filter>
    </ClInclude>
    <ClInclude Include="GraphView.h">
      <Filter>Header Files</Filter>
    </ClInclude>
    <ClInclude Include="GridCell.h">
      <Filter>Header Files</Filter>
    </ClInclude>
    <ClInclude Include="GridCellBase.h">
      <Filter>Header Files</Filter>
    </ClInclude>
    <ClInclude Include="GridCtrl.h">
      <Filter>Header Files</Filter>
    </ClInclude>
    <ClInclude Include="GridDropTarget.h">
      <Filter>Header Files</Filter>
    </ClInclude>
    <ClInclude Include="htmlhelp.h">
      <Filter>Header Files</Filter>
    </ClInclude>
    <ClInclude Include="ILossCalcStrategy.h">
      <Filter>Header Files</Filter>
    </ClInclude>
    <ClInclude Include="InPlaceEdit.h">
      <Filter>Header Files</Filter>
    </ClInclude>
    <ClInclude Include="ISupportStrategy.h">
      <Filter>Header Files</Filter>
    </ClInclude>
    <ClInclude Include="Jun.h">
      <Filter>Header Files</Filter>
    </ClInclude>
    <ClInclude Include="JunGraphics.h">
      <Filter>Header Files</Filter>
    </ClInclude>
    <ClInclude Include="JunManipulator.h">
      <Filter>Header Files</Filter>
    </ClInclude>
    <ClInclude Include="LiquidAccumulator.h">
      <Filter>Header Files</Filter>
    </ClInclude>
    <ClInclude Include="LossCalcFactory.h">
      <Filter>Header Files</Filter>
    </ClInclude>
    <ClInclude Include="MacroManipulator.h">
      <Filter>Header Files</Filter>
    </ClInclude>
    <ClInclude Include="MainFrm.h">
      <Filter>Header Files</Filter>
    </ClInclude>
    <ClInclude Include="Manipulator.h">
      <Filter>Header Files</Filter>
    </ClInclude>
    <ClInclude Include="MDIClientWnd.h">
      <Filter>Header Files</Filter>
    </ClInclude>
    <ClInclude Include="MemDC.h">
      <Filter>Header Files</Filter>
    </ClInclude>
    <ClInclude Include="MinimumSquareSum.h">
      <Filter>Header Files</Filter>
    </ClInclude>
    <ClInclude Include="ModelDataFrame.h">
      <Filter>Header Files</Filter>
    </ClInclude>
    <ClInclude Include="ModelDataView.h">
      <Filter>Header Files</Filter>
    </ClInclude>
    <ClInclude Include="NetModel.h">
      <Filter>Header Files</Filter>
    </ClInclude>
    <ClInclude Include="NoInerialModel.h">
      <Filter>Header Files</Filter>
    </ClInclude>
    <ClInclude Include="NoTranFourquadInerialModel.h">
      <Filter>Header Files</Filter>
    </ClInclude>
    <ClInclude Include="numedit.h">
      <Filter>Header Files</Filter>
    </ClInclude>
    <ClInclude Include="NumFlyWeight.h">
      <Filter>Header Files</Filter>
    </ClInclude>
    <ClInclude Include="OneWayWrapper.h">
      <Filter>Header Files</Filter>
    </ClInclude>
    <ClInclude Include="OptContralOne.h">
      <Filter>Header Files</Filter>
    </ClInclude>
    <ClInclude Include="OptContralTwo.h">
      <Filter>Header Files</Filter>
    </ClInclude>
    <ClInclude Include="OptControl.h">
      <Filter>Header Files</Filter>
    </ClInclude>
    <ClInclude Include="OptimitationConst.h">
      <Filter>Header Files</Filter>
    </ClInclude>
    <ClInclude Include="OptimizationParameter.h">
      <Filter>Header Files</Filter>
    </ClInclude>
    <ClInclude Include="OptionTypeNumWrapper.h">
      <Filter>Header Files</Filter>
    </ClInclude>
    <ClInclude Include="OutPutDataFrame.h">
      <Filter>Header Files</Filter>
    </ClInclude>
    <ClInclude Include="OutPutDataView.h">
      <Filter>Header Files</Filter>
    </ClInclude>
    <ClInclude Include="PageAreaChangeData.h">
      <Filter>Header Files</Filter>
    </ClInclude>
    <ClInclude Include="pageareachangeoption.h">
      <Filter>Header Files</Filter>
    </ClInclude>
    <ClInclude Include="PageAssignedFlowData.h">
      <Filter>Header Files</Filter>
    </ClInclude>
    <ClInclude Include="pageassignedflowoption.h">
      <Filter>Header Files</Filter>
    </ClInclude>
    <ClInclude Include="PageAssignedFlowTrans.h">
      <Filter>Header Files</Filter>
    </ClInclude>
    <ClInclude Include="PageAssignedPressOption.h">
      <Filter>Header Files</Filter>
    </ClInclude>
    <ClInclude Include="pageassignedpresstrans.h">
      <Filter>Header Files</Filter>
    </ClInclude>
    <ClInclude Include="PageAssignedPressureData.h">
      <Filter>Header Files</Filter>
    </ClInclude>
    <ClInclude Include="PageBendData.h">
      <Filter>Header Files</Filter>
    </ClInclude>
    <ClInclude Include="pagebendmodel.h">
      <Filter>Header Files</Filter>
    </ClInclude>
    <ClInclude Include="PageBranchData.h">
      <Filter>Header Files</Filter>
    </ClInclude>
    <ClInclude Include="PageBranchOption.h">
      <Filter>Header Files</Filter>
    </ClInclude>
    <ClInclude Include="PageBranchTrans.h">
      <Filter>Header Files</Filter>
    </ClInclude>
    <ClInclude Include="PageBreakerData.h">
      <Filter>Header Files</Filter>
    </ClInclude>
    <ClInclude Include="pagebreakermodel.h">
      <Filter>Header Files</Filter>
    </ClInclude>
    <ClInclude Include="PageBreakerOption.h">
      <Filter>Header Files</Filter>
    </ClInclude>
    <ClInclude Include="pagechart.h">
      <Filter>Header Files</Filter>
    </ClInclude>
    <ClInclude Include="PageCheck.h">
      <Filter>Header Files</Filter>
    </ClInclude>
    <ClInclude Include="pagecheckmodel.h">
      <Filter>Header Files</Filter>
    </ClInclude>
    <ClInclude Include="PageCheckOption.h">
      <Filter>Header Files</Filter>
    </ClInclude>
    <ClInclude Include="PageCheckTrans.h">
      <Filter>Header Files</Filter>
    </ClInclude>
    <ClInclude Include="PageComponentTable.h">
      <Filter>Header Files</Filter>
    </ClInclude>
    <ClInclude Include="PageCondition.h">
      <Filter>Header Files</Filter>
    </ClInclude>
    <ClInclude Include="pageconfigdata.h">
      <Filter>Header Files</Filter>
    </ClInclude>
    <ClInclude Include="PageConfiguration.h">
      <Filter>Header Files</Filter>
    </ClInclude>
    <ClInclude Include="PageControlData.h">
      <Filter>Header Files</Filter>
    </ClInclude>
    <ClInclude Include="PageControlModel.h">
      <Filter>Header Files</Filter>
    </ClInclude>
    <ClInclude Include="PageControlOption.h">
      <Filter>Header Files</Filter>
    </ClInclude>
    <ClInclude Include="PageControlTrans.h">
      <Filter>Header Files</Filter>
    </ClInclude>
    <ClInclude Include="PageCurveData.h">
      <Filter>Header Files</Filter>
    </ClInclude>
    <ClInclude Include="PageDataList.h">
      <Filter>Header Files</Filter>
    </ClInclude>
    <ClInclude Include="PageDataTable.h">
      <Filter>Header Files</Filter>
    </ClInclude>
    <ClInclude Include="PageDeadEndData.h">
      <Filter>Header Files</Filter>
    </ClInclude>
    <ClInclude Include="PageDeadEndOption.h">
      <Filter>Header Files</Filter>
    </ClInclude>
    <ClInclude Include="PageDetail.h">
      <Filter>Header Files</Filter>
    </ClInclude>
    <ClInclude Include="PageFailTrans.h">
      <Filter>Header Files</Filter>
    </ClInclude>
    <ClInclude Include="PageFitLoss.h">
      <Filter>Header Files</Filter>
    </ClInclude>
    <ClInclude Include="pagefourquadtable.h">
      <Filter>Header Files</Filter>
    </ClInclude>
    <ClInclude Include="PageFuild.h">
      <Filter>Header Files</Filter>
    </ClInclude>
    <ClInclude Include="PageGasAccumData.h">
      <Filter>Header Files</Filter>
    </ClInclude>
    <ClInclude Include="PageGasAccumModel.h">
      <Filter>Header Files</Filter>
    </ClInclude>
    <ClInclude Include="PageGasAccumOption.h">
      <Filter>Header Files</Filter>
    </ClInclude>
    <ClInclude Include="PageGeneral.h">
      <Filter>Header Files</Filter>
    </ClInclude>
    <ClInclude Include="PageGeneralInfo.h">
      <Filter>Header Files</Filter>
    </ClInclude>
    <ClInclude Include="pagegeneralmodel.h">
      <Filter>Header Files</Filter>
    </ClInclude>
    <ClInclude Include="PageGeneralOption.h">
      <Filter>Header Files</Filter>
    </ClInclude>
    <ClInclude Include="PageGraph.h">
      <Filter>Header Files</Filter>
    </ClInclude>
    <ClInclude Include="PageInertialData.h">
      <Filter>Header Files</Filter>
    </ClInclude>
    <ClInclude Include="PageJunData.h">
      <Filter>Header Files</Filter>
    </ClInclude>
    <ClInclude Include="PageJunGraph.h">
      <Filter>Header Files</Filter>
    </ClInclude>
    <ClInclude Include="PageJunOutControl.h">
      <Filter>Header Files</Filter>
    </ClInclude>
    <ClInclude Include="PageLiquidAccumData.h">
      <Filter>Header Files</Filter>
    </ClInclude>
    <ClInclude Include="pageliquidaccummodel.h">
      <Filter>Header Files</Filter>
    </ClInclude>
    <ClInclude Include="PageLiquidAccumOption.h">
      <Filter>Header Files</Filter>
    </ClInclude>
    <ClInclude Include="PageNotShowOutAtt.h">
      <Filter>Header Files</Filter>
    </ClInclude>
    <ClInclude Include="PageOptCheckInPipeNet.h">
      <Filter>Header Files</Filter>
    </ClInclude>
    <ClInclude Include="PageOther.h">
      <Filter>Header Files</Filter>
    </ClInclude>
    <ClInclude Include="PageOutTable.h">
      <Filter>Header Files</Filter>
    </ClInclude>
    <ClInclude Include="PagePipeData.h">
      <Filter>Header Files</Filter>
    </ClInclude>
    <ClInclude Include="PagePipeGraph.h">
      <Filter>Header Files</Filter>
    </ClInclude>
    <ClInclude Include="PagePipeOption.h">
      <Filter>Header Files</Filter>
    </ClInclude>
    <ClInclude Include="PagePipeOutControl.h">
      <Filter>Header Files</Filter>
    </ClInclude>
    <ClInclude Include="PagePumpData.h">
      <Filter>Header Files</Filter>
    </ClInclude>
    <ClInclude Include="PagePumpModel.h">
      <Filter>Header Files</Filter>
    </ClInclude>
    <ClInclude Include="PagePumpOption.h">
      <Filter>Header Files</Filter>
    </ClInclude>
    <ClInclude Include="PagePumpTrans.h">
      <Filter>Header Files</Filter>
    </ClInclude>
    <ClInclude Include="PageReliefData.h">
      <Filter>Header Files</Filter>
    </ClInclude>
    <ClInclude Include="pagereliefmodel.h">
      <Filter>Header Files</Filter>
    </ClInclude>
    <ClInclude Include="PageReliefOption.h">
      <Filter>Header Files</Filter>
    </ClInclude>
    <ClInclude Include="PageReliefTrans.h">
      <Filter>Header Files</Filter>
    </ClInclude>
    <ClInclude Include="PageReservoirData.h">
      <Filter>Header Files</Filter>
    </ClInclude>
    <ClInclude Include="PageReservoirOption.h">
      <Filter>Header Files</Filter>
    </ClInclude>
    <ClInclude Include="PageReservoirTrans.h">
      <Filter>Header Files</Filter>
    </ClInclude>
    <ClInclude Include="PageSprayData.h">
      <Filter>Header Files</Filter>
    </ClInclude>
    <ClInclude Include="PageSprayModel.h">
      <Filter>Header Files</Filter>
    </ClInclude>
    <ClInclude Include="PageSprayOption.h">
      <Filter>Header Files</Filter>
    </ClInclude>
    <ClInclude Include="PageSprayTrans.h">
      <Filter>Header Files</Filter>
    </ClInclude>
    <ClInclude Include="PageStatus.h">
      <Filter>Header Files</Filter>
    </ClInclude>
    <ClInclude Include="PageStmOutTable.h">
      <Filter>Header Files</Filter>
    </ClInclude>
    <ClInclude Include="PageSummary.h">
      <Filter>Header Files</Filter>
    </ClInclude>
    <ClInclude Include="PageSurgeData.h">
      <Filter>Header Files</Filter>
    </ClInclude>
    <ClInclude Include="pagesurgemodel.h">
      <Filter>Header Files</Filter>
    </ClInclude>
    <ClInclude Include="PageSurgeOption.h">
      <Filter>Header Files</Filter>
    </ClInclude>
    <ClInclude Include="PageSurgeTrans.h">
      <Filter>Header Files</Filter>
    </ClInclude>
    <ClInclude Include="PageTable.h">
      <Filter>Header Files</Filter>
    </ClInclude>
    <ClInclude Include="PageTeeWyeData.h">
      <Filter>Header Files</Filter>
    </ClInclude>
    <ClInclude Include="pageteewyemodel.h">
      <Filter>Header Files</Filter>
    </ClInclude>
    <ClInclude Include="PageTeeWyeOption.h">
      <Filter>Header Files</Filter>
    </ClInclude>
    <ClInclude Include="PageTolerance.h">
      <Filter>Header Files</Filter>
    </ClInclude>
    <ClInclude Include="PageTranOutTable.h">
      <Filter>Header Files</Filter>
    </ClInclude>
    <ClInclude Include="PageTrans.h">
      <Filter>Header Files</Filter>
    </ClInclude>
    <ClInclude Include="PageTransientData.h">
      <Filter>Header Files</Filter>
    </ClInclude>
    <ClInclude Include="pagetrantriger.h">
      <Filter>Header Files</Filter>
    </ClInclude>
    <ClInclude Include="PageUnit.h">
      <Filter>Header Files</Filter>
    </ClInclude>
    <ClInclude Include="PageValveData.h">
      <Filter>Header Files</Filter>
    </ClInclude>
    <ClInclude Include="PageValveModel.h">
      <Filter>Header Files</Filter>
    </ClInclude>
    <ClInclude Include="PageValveOption.h">
      <Filter>Header Files</Filter>
    </ClInclude>
    <ClInclude Include="PageValveTrans.h">
      <Filter>Header Files</Filter>
    </ClInclude>
    <ClInclude Include="PageVariableSpeed.h">
      <Filter>Header Files</Filter>
    </ClInclude>
    <ClInclude Include="PageViscosModel.h">
      <Filter>Header Files</Filter>
    </ClInclude>
    <ClInclude Include="palette.h">
      <Filter>Header Files</Filter>
    </ClInclude>
    <ClInclude Include="PFAOptimitationData.h">
      <Filter>Header Files</Filter>
    </ClInclude>
    <ClInclude Include="PFAOptimize.h">
      <Filter>Header Files</Filter>
    </ClInclude>
    <ClInclude Include="picture.h">
      <Filter>Header Files</Filter>
    </ClInclude>
    <ClInclude Include="Pipe.h">
      <Filter>Header Files</Filter>
    </ClInclude>
    <ClInclude Include="PipeDepthLoss.h">
      <Filter>Header Files</Filter>
    </ClInclude>
    <ClInclude Include="PipeDirPage.h">
      <Filter>Header Files</Filter>
    </ClInclude>
    <ClInclude Include="PipeGraphics.h">
      <Filter>Header Files</Filter>
    </ClInclude>
    <ClInclude Include="PipeIDFlyWeight.h">
      <Filter>Header Files</Filter>
    </ClInclude>
    <ClInclude Include="PipeManipulator.h">
      <Filter>Header Files</Filter>
    </ClInclude>
    <ClInclude Include="..\Persistent\inc\PipesManager.h">
      <Filter>Header Files</Filter>
    </ClInclude>
    <ClInclude Include="PtFlyWeight.h">
      <Filter>Header Files</Filter>
    </ClInclude>
    <ClInclude Include="Pump.h">
      <Filter>Header Files</Filter>
    </ClInclude>
    <ClInclude Include="PumpTranModel.h">
      <Filter>Header Files</Filter>
    </ClInclude>
    <ClInclude Include="PumpTransient.h">
      <Filter>Header Files</Filter>
    </ClInclude>
    <ClInclude Include="ReliefValve.h">
      <Filter>Header Files</Filter>
    </ClInclude>
    <ClInclude Include="ReserviorPage1.h">
      <Filter>Header Files</Filter>
    </ClInclude>
    <ClInclude Include="Reservoir.h">
      <Filter>Header Files</Filter>
    </ClInclude>
    <ClInclude Include="Resource.h">
      <Filter>Header Files</Filter>
    </ClInclude>
    <ClInclude Include="RestrictorWrapper.h">
      <Filter>Header Files</Filter>
    </ClInclude>
    <ClInclude Include="ScenariManage.h">
      <Filter>Header Files</Filter>
    </ClInclude>
    <ClInclude Include="Scenario.h">
      <Filter>Header Files</Filter>
    </ClInclude>
    <ClInclude Include="ScenarioObject.h">
      <Filter>Header Files</Filter>
    </ClInclude>
    <ClInclude Include="SectionSet.h">
      <Filter>Header Files</Filter>
    </ClInclude>
    <ClInclude Include="ShortPipeWrapper.h">
      <Filter>Header Files</Filter>
    </ClInclude>
    <ClInclude Include="SprayDischarge.h">
      <Filter>Header Files</Filter>
    </ClInclude>
    <ClInclude Include="StartCADObj.h">
      <Filter>Header Files</Filter>
    </ClInclude>
    <ClInclude Include="StartUpSpeedModel.h">
      <Filter>Header Files</Filter>
    </ClInclude>
    <ClInclude Include="StateName.h">
      <Filter>Header Files</Filter>
    </ClInclude>
    <ClInclude Include="StdAfx.h">
      <Filter>Header Files</Filter>
    </ClInclude>
    <ClInclude Include="SteadySet.h">
      <Filter>Header Files</Filter>
    </ClInclude>
    <ClInclude Include="StratUpFourquadInerialModel.h">
      <Filter>Header Files</Filter>
    </ClInclude>
    <ClInclude Include="StratUpInerialModel.h">
      <Filter>Header Files</Filter>
    </ClInclude>
    <ClInclude Include="StrFlyWeight.h">
      <Filter>Header Files</Filter>
    </ClInclude>
    <ClInclude Include="SupportStrategyFactory.h">
      <Filter>Header Files</Filter>
    </ClInclude>
    <ClInclude Include="Surge.h">
      <Filter>Header Files</Filter>
    </ClInclude>
    <ClInclude Include="SysProperFactory.h">
      <Filter>Header Files</Filter>
    </ClInclude>
    <ClInclude Include="SysProperties.h">
      <Filter>Header Files</Filter>
    </ClInclude>
    <ClInclude Include="TableFlyWeigh.h">
      <Filter>Header Files</Filter>
    </ClInclude>
    <ClInclude Include="TabSheet.h">
      <Filter>Header Files</Filter>
    </ClInclude>
    <ClInclude Include="TeeWye.h">
      <Filter>Header Files</Filter>
    </ClInclude>
    <ClInclude Include="ThickAnchorThroughoutStrategy.h">
      <Filter>Header Files</Filter>
    </ClInclude>
    <ClInclude Include="ThickAnchorUpstreamStrategy.h">
      <Filter>Header Files</Filter>
    </ClInclude>
    <ClInclude Include="ThickExpandThroughoutStrategy.h">
      <Filter>Header Files</Filter>
    </ClInclude>
    <ClInclude Include="ThinAnchorThroughoutStrategy.h">
      <Filter>Header Files</Filter>
    </ClInclude>
    <ClInclude Include="ThinAnchorUpstreamStrategy.h">
      <Filter>Header Files</Filter>
    </ClInclude>
    <ClInclude Include="ThinExpandThroughoutStrategy.h">
      <Filter>Header Files</Filter>
    </ClInclude>
    <ClInclude Include="TitleTip.h">
      <Filter>Header Files</Filter>
    </ClInclude>
    <ClInclude Include="TranOutStepDlg.h">
      <Filter>Header Files</Filter>
    </ClInclude>
    <ClInclude Include="TransDataTable.h">
      <Filter>Header Files</Filter>
    </ClInclude>
    <ClInclude Include="Transient.h">
      <Filter>Header Files</Filter>
    </ClInclude>
    <ClInclude Include="TransientSet.h">
      <Filter>Header Files</Filter>
    </ClInclude>
    <ClInclude Include="TreeScenario.h">
      <Filter>Header Files</Filter>
    </ClInclude>
    <ClInclude Include="TripFourquadInerialModel.h">
      <Filter>Header Files</Filter>
    </ClInclude>
    <ClInclude Include="TripInerialModel.h">
      <Filter>Header Files</Filter>
    </ClInclude>
    <ClInclude Include="UnitComboBox.h">
      <Filter>Header Files</Filter>
    </ClInclude>
    <ClInclude Include="VacuumBreaker.h">
      <Filter>Header Files</Filter>
    </ClInclude>
    <ClInclude Include="Valve.h">
      <Filter>Header Files</Filter>
    </ClInclude>
    <ClInclude Include="WavespeedCalc.h">
      <Filter>Header Files</Filter>
    </ClInclude>
    <ClInclude Include="WorkSpaceDataFrame.h">
      <Filter>Header Files</Filter>
    </ClInclude>
    <ClInclude Include="WorkSpaceRef.h">
      <Filter>Header Files</Filter>
    </ClInclude>
    <ClInclude Include="workspaceview.h">
      <Filter>Header Files</Filter>
    </ClInclude>
    <ClInclude Include="ZoomManipulator.h">
      <Filter>Header Files</Filter>
    </ClInclude>
  </ItemGroup>
  <ItemGroup>
    <Image Include="res\angel1.bmp">
      <Filter>Resource Files</Filter>
    </Image>
    <Image Include="res\angel21.bmp">
      <Filter>Resource Files</Filter>
    </Image>
    <Image Include="res\AutoPFA.ico">
      <Filter>Resource Files</Filter>
    </Image>
    <Image Include="res\AutoPFADoc.ico">
      <Filter>Resource Files</Filter>
    </Image>
    <Image Include="res\bitmap1.bmp">
      <Filter>Resource Files</Filter>
    </Image>
    <Image Include="res\bitmap10.bmp">
      <Filter>Resource Files</Filter>
    </Image>
    <Image Include="res\bitmap11.bmp">
      <Filter>Resource Files</Filter>
    </Image>
    <Image Include="res\bitmap12.bmp">
      <Filter>Resource Files</Filter>
    </Image>
    <Image Include="res\bitmap13.bmp">
      <Filter>Resource Files</Filter>
    </Image>
    <Image Include="res\bitmap14.bmp">
      <Filter>Resource Files</Filter>
    </Image>
    <Image Include="res\bitmap15.bmp">
      <Filter>Resource Files</Filter>
    </Image>
    <Image Include="res\bitmap16.bmp">
      <Filter>Resource Files</Filter>
    </Image>
    <Image Include="res\bitmap17.bmp">
      <Filter>Resource Files</Filter>
    </Image>
    <Image Include="res\bitmap18.bmp">
      <Filter>Resource Files</Filter>
    </Image>
    <Image Include="res\bitmap19.bmp">
      <Filter>Resource Files</Filter>
    </Image>
    <Image Include="res\bitmap2.bmp">
      <Filter>Resource Files</Filter>
    </Image>
    <Image Include="res\bitmap20.bmp">
      <Filter>Resource Files</Filter>
    </Image>
    <Image Include="res\bitmap3.bmp">
      <Filter>Resource Files</Filter>
    </Image>
    <Image Include="res\bitmap4.bmp">
      <Filter>Resource Files</Filter>
    </Image>
    <Image Include="res\bitmap5.bmp">
      <Filter>Resource Files</Filter>
    </Image>
    <Image Include="res\bitmap6.bmp">
      <Filter>Resource Files</Filter>
    </Image>
    <Image Include="res\bitmap7.bmp">
      <Filter>Resource Files</Filter>
    </Image>
    <Image Include="res\bitmap8.bmp">
      <Filter>Resource Files</Filter>
    </Image>
    <Image Include="res\bitmap9.bmp">
      <Filter>Resource Files</Filter>
    </Image>
    <Image Include="res\bitmapel.bmp">
      <Filter>Resource Files</Filter>
    </Image>
    <Image Include="res\bitmapmi.bmp">
      <Filter>Resource Files</Filter>
    </Image>
    <Image Include="res\bmp00001.bmp">
      <Filter>Resource Files</Filter>
    </Image>
    <Image Include="res\bmp00002.bmp">
      <Filter>Resource Files</Filter>
    </Image>
    <Image Include="res\bmp00003.bmp">
      <Filter>Resource Files</Filter>
    </Image>
    <Image Include="res\bmp00004.bmp">
      <Filter>Resource Files</Filter>
    </Image>
    <Image Include="res\bmp00005.bmp">
      <Filter>Resource Files</Filter>
    </Image>
    <Image Include="res\bmp00006.bmp">
      <Filter>Resource Files</Filter>
    </Image>
    <Image Include="res\bmp00007.bmp">
      <Filter>Resource Files</Filter>
    </Image>
    <Image Include="res\bmp00008.bmp">
      <Filter>Resource Files</Filter>
    </Image>
    <Image Include="res\bmp00009.bmp">
      <Filter>Resource Files</Filter>
    </Image>
    <Image Include="res\bmp00010.bmp">
      <Filter>Resource Files</Filter>
    </Image>
    <Image Include="res\bmp00011.bmp">
      <Filter>Resource Files</Filter>
    </Image>
    <Image Include="res\bmp00012.bmp">
      <Filter>Resource Files</Filter>
    </Image>
    <Image Include="res\bmp00013.bmp">
      <Filter>Resource Files</Filter>
    </Image>
    <Image Include="res\btmapnext.bmp">
      <Filter>Resource Files</Filter>
    </Image>
    <Image Include="res\btmappre.bmp">
      <Filter>Resource Files</Filter>
    </Image>
    <Image Include="res\graphbar.bmp">
      <Filter>Resource Files</Filter>
    </Image>
    <Image Include="res\icon1.ico">
      <Filter>Resource Files</Filter>
    </Image>
    <Image Include="mdi.ico">
      <Filter>Resource Files</Filter>
    </Image>
    <Image Include="res\palette.bmp">
      <Filter>Resource Files</Filter>
    </Image>
    <Image Include="res\Prairie Wind.bmp">
      <Filter>Resource Files</Filter>
    </Image>
    <Image Include="res\resvior25.bmp">
      <Filter>Resource Files</Filter>
    </Image>
    <Image Include="res\resvior50.bmp">
      <Filter>Resource Files</Filter>
    </Image>
    <Image Include="res\resvior75.bmp">
      <Filter>Resource Files</Filter>
    </Image>
    <Image Include="res\Toolbar.bmp">
      <Filter>Resource Files</Filter>
    </Image>
    <Image Include="res\toolbar1.bmp">
      <Filter>Resource Files</Filter>
    </Image>
    <Image Include="res\uesoftci.bmp">
      <Filter>Resource Files</Filter>
    </Image>
    <Image Include="res\水头损失公式.bmp">
      <Filter>Resource Files</Filter>
    </Image>
    <Image Include="res\管道单位长度公式.bmp">
      <Filter>Resource Files</Filter>
    </Image>
  </ItemGroup>
  <ItemGroup>
    <None Include="res\AutoPFA.rc2">
      <Filter>Resource Files</Filter>
    </None>
    <None Include="res\cur00003.cur">
      <Filter>Resource Files</Filter>
    </None>
    <None Include="res\cursor10.cur">
      <Filter>Resource Files</Filter>
    </None>
    <None Include="res\cursor11.cur">
      <Filter>Resource Files</Filter>
    </None>
    <None Include="res\cursor12.cur">
      <Filter>Resource Files</Filter>
    </None>
    <None Include="res\cursor13.cur">
      <Filter>Resource Files</Filter>
    </None>
    <None Include="res\cursor14.cur">
      <Filter>Resource Files</Filter>
    </None>
    <None Include="res\cursor15.cur">
      <Filter>Resource Files</Filter>
    </None>
    <None Include="res\cursor16.cur">
      <Filter>Resource Files</Filter>
    </None>
    <None Include="res\cursor17.cur">
      <Filter>Resource Files</Filter>
    </None>
    <None Include="res\cursor18.cur">
      <Filter>Resource Files</Filter>
    </None>
    <None Include="res\cursor19.cur">
      <Filter>Resource Files</Filter>
    </None>
    <None Include="res\cursor2.cur">
      <Filter>Resource Files</Filter>
    </None>
    <None Include="res\cursor20.cur">
      <Filter>Resource Files</Filter>
    </None>
    <None Include="res\cursor3.cur">
      <Filter>Resource Files</Filter>
    </None>
    <None Include="res\cursor4.cur">
      <Filter>Resource Files</Filter>
    </None>
    <None Include="res\cursor5.cur">
      <Filter>Resource Files</Filter>
    </None>
    <None Include="res\cursor6.cur">
      <Filter>Resource Files</Filter>
    </None>
    <None Include="res\cursor7.cur">
      <Filter>Resource Files</Filter>
    </None>
    <None Include="res\cursor8.cur">
      <Filter>Resource Files</Filter>
    </None>
    <None Include="res\cursor9.cur">
      <Filter>Resource Files</Filter>
    </None>
  </ItemGroup>
  <ItemGroup>
    <Manifest Include="AutoPFA.manifest" />
  </ItemGroup>
  <ItemGroup>
    <Text Include="ReadMe.txt" />
  </ItemGroup>
</Project>