
Microsoft Visual Studio Solution File, Format Version 12.00
# Visual Studio Version 18
VisualStudioVersion = 18.1.11312.151
MinimumVisualStudioVersion = 10.0.40219.1
Project("{8BC9CEB8-8B4A-11D0-8D11-00A0C91BC942}") = "AutoPFA", "AutoPFA.vcxproj", "{5A1BE5CC-2700-4638-BD58-353E10EE066A}"
	ProjectSection(ProjectDependencies) = postProject
		{100294B9-503C-47D9-9A32-D31C9E012AB8} = {100294B9-503C-47D9-9A32-D31C9E012AB8}
		{207A2CF9-2EA5-4DEC-B1A6-41C89917CB40} = {207A2CF9-2EA5-4DEC-B1A6-41C89917CB40}
		{2AB09EC0-D89B-4611-8EAF-ED431C69F298} = {2AB09EC0-D89B-4611-8EAF-ED431C69F298}
		{2BF472F7-A88F-47D7-AE3B-76F5C1104219} = {2BF472F7-A88F-47D7-AE3B-76F5C1104219}
		{42156415-1DD3-4A39-BFC1-DB84E5954C3F} = {42156415-1DD3-4A39-BFC1-DB84E5954C3F}
		{52A544C6-5C41-41FC-B6D2-794A139BAA0E} = {52A544C6-5C41-41FC-B6D2-794A139BAA0E}
		{53371861-320D-4696-8792-8A57C2D12AEB} = {53371861-320D-4696-8792-8A57C2D12AEB}
		{691392A9-7859-4DF5-B6E9-2F5E388A47C3} = {691392A9-7859-4DF5-B6E9-2F5E388A47C3}
		{69B0A96A-87F1-464F-BEBC-C743E8C9A3D7} = {69B0A96A-87F1-464F-BEBC-C743E8C9A3D7}
		{7E2ACBC7-E80D-43B8-955A-35D729AB0CD0} = {7E2ACBC7-E80D-43B8-955A-35D729AB0CD0}
		{8203416A-669D-4C0E-BD34-B9FCC36206E7} = {8203416A-669D-4C0E-BD34-B9FCC36206E7}
		{AAD28DBA-C20C-4FE3-A34C-7184F45673B4} = {AAD28DBA-C20C-4FE3-A34C-7184F45673B4}
		{C183BAB8-E256-47B9-B32D-1436F22CCF2F} = {C183BAB8-E256-47B9-B32D-1436F22CCF2F}
		{C7F92235-3B07-46B7-A7F3-CE31D76936D8} = {C7F92235-3B07-46B7-A7F3-CE31D76936D8}
		{EC7842D4-793F-4BBF-8297-38A86FE13429} = {EC7842D4-793F-4BBF-8297-38A86FE13429}
		{F507C0E4-B00A-4580-9DC7-A06EC8F043CD} = {F507C0E4-B00A-4580-9DC7-A06EC8F043CD}
	EndProjectSection
EndProject
Project("{8BC9CEB8-8B4A-11D0-8D11-00A0C91BC942}") = "AFTInterface", "..\AFTInterface\AFTInterface\AFTInterface.vcxproj", "{AAD28DBA-C20C-4FE3-A34C-7184F45673B4}"
EndProject
Project("{8BC9CEB8-8B4A-11D0-8D11-00A0C91BC942}") = "APQuantity", "..\APQuantity\APQuantity\APQuantity.vcxproj", "{8203416A-669D-4C0E-BD34-B9FCC36206E7}"
EndProject
Project("{8BC9CEB8-8B4A-11D0-8D11-00A0C91BC942}") = "AFTDriver", "..\AFTDriver\AFTDriver\AFTDriver.vcxproj", "{207A2CF9-2EA5-4DEC-B1A6-41C89917CB40}"
EndProject
Project("{8BC9CEB8-8B4A-11D0-8D11-00A0C91BC942}") = "Persistent", "..\Persistent\Persistent\Persistent.vcxproj", "{2BF472F7-A88F-47D7-AE3B-76F5C1104219}"
EndProject
Project("{8BC9CEB8-8B4A-11D0-8D11-00A0C91BC942}") = "CalcDriver", "..\CalcDriver\CalcDriver\CalcDriver.vcxproj", "{52A544C6-5C41-41FC-B6D2-794A139BAA0E}"
EndProject
Project("{8BC9CEB8-8B4A-11D0-8D11-00A0C91BC942}") = "CalcInterface", "..\CalcInterface\CalcInterface\CalcInterface.vcxproj", "{42156415-1DD3-4A39-BFC1-DB84E5954C3F}"
EndProject
Project("{8BC9CEB8-8B4A-11D0-8D11-00A0C91BC942}") = "DataSource", "..\DataSource\DataSource\DataSource.vcxproj", "{EC7842D4-793F-4BBF-8297-38A86FE13429}"
EndProject
Project("{8BC9CEB8-8B4A-11D0-8D11-00A0C91BC942}") = "DBTableDriver", "..\DBTableDriver\DBTableDriver\DBTableDriver.vcxproj", "{F507C0E4-B00A-4580-9DC7-A06EC8F043CD}"
EndProject
Project("{8BC9CEB8-8B4A-11D0-8D11-00A0C91BC942}") = "ImpulseDriver", "..\ImpulseDriver\ImpulseDriver\ImpulseDriver.vcxproj", "{C183BAB8-E256-47B9-B32D-1436F22CCF2F}"
EndProject
Project("{8BC9CEB8-8B4A-11D0-8D11-00A0C91BC942}") = "InterfaceMgr", "..\InterfaceMgr\InterfaceMgr\InterfaceMgr.vcxproj", "{100294B9-503C-47D9-9A32-D31C9E012AB8}"
EndProject
Project("{8BC9CEB8-8B4A-11D0-8D11-00A0C91BC942}") = "MOCCacl", "..\MocCalc\MOCCacl\MOCCacl.vcxproj", "{691392A9-7859-4DF5-B6E9-2F5E388A47C3}"
EndProject
Project("{8BC9CEB8-8B4A-11D0-8D11-00A0C91BC942}") = "PCFDriver", "..\PCFDriver\PCFDriver\PCFDriver.vcxproj", "{7E2ACBC7-E80D-43B8-955A-35D729AB0CD0}"
EndProject
Project("{8BC9CEB8-8B4A-11D0-8D11-00A0C91BC942}") = "PCFInterface", "..\PCFInterface\PCFInterface\PCFInterface.vcxproj", "{53371861-320D-4696-8792-8A57C2D12AEB}"
EndProject
Project("{8BC9CEB8-8B4A-11D0-8D11-00A0C91BC942}") = "PFAResult", "..\PFAResult\PFAResult\PFAResult.vcxproj", "{69B0A96A-87F1-464F-BEBC-C743E8C9A3D7}"
EndProject
Project("{8BC9CEB8-8B4A-11D0-8D11-00A0C91BC942}") = "UnitSystem", "..\UnitSystem\UnitSystem\UnitSystem.vcxproj", "{2AB09EC0-D89B-4611-8EAF-ED431C69F298}"
EndProject
Project("{8BC9CEB8-8B4A-11D0-8D11-00A0C91BC942}") = "USChart", "..\USChart\USChart\USChart.vcxproj", "{C7F92235-3B07-46B7-A7F3-CE31D76936D8}"
EndProject
Global
	GlobalSection(SolutionConfigurationPlatforms) = preSolution
		Debug|x86 = Debug|x86
		Release|x86 = Release|x86
	EndGlobalSection
	GlobalSection(ProjectConfigurationPlatforms) = postSolution
		{5A1BE5CC-2700-4638-BD58-353E10EE066A}.Debug|x86.ActiveCfg = Debug|Win32
		{5A1BE5CC-2700-4638-BD58-353E10EE066A}.Debug|x86.Build.0 = Debug|Win32
		{5A1BE5CC-2700-4638-BD58-353E10EE066A}.Release|x86.ActiveCfg = Release|Win32
		{5A1BE5CC-2700-4638-BD58-353E10EE066A}.Release|x86.Build.0 = Release|Win32
		{AAD28DBA-C20C-4FE3-A34C-7184F45673B4}.Debug|x86.ActiveCfg = Debug|Win32
		{AAD28DBA-C20C-4FE3-A34C-7184F45673B4}.Debug|x86.Build.0 = Debug|Win32
		{AAD28DBA-C20C-4FE3-A34C-7184F45673B4}.Release|x86.ActiveCfg = Release|Win32
		{AAD28DBA-C20C-4FE3-A34C-7184F45673B4}.Release|x86.Build.0 = Release|Win32
		{8203416A-669D-4C0E-BD34-B9FCC36206E7}.Debug|x86.ActiveCfg = Debug|Win32
		{8203416A-669D-4C0E-BD34-B9FCC36206E7}.Debug|x86.Build.0 = Debug|Win32
		{8203416A-669D-4C0E-BD34-B9FCC36206E7}.Release|x86.ActiveCfg = Release|Win32
		{8203416A-669D-4C0E-BD34-B9FCC36206E7}.Release|x86.Build.0 = Release|Win32
		{207A2CF9-2EA5-4DEC-B1A6-41C89917CB40}.Debug|x86.ActiveCfg = Debug|Win32
		{207A2CF9-2EA5-4DEC-B1A6-41C89917CB40}.Debug|x86.Build.0 = Debug|Win32
		{207A2CF9-2EA5-4DEC-B1A6-41C89917CB40}.Release|x86.ActiveCfg = Release|Win32
		{207A2CF9-2EA5-4DEC-B1A6-41C89917CB40}.Release|x86.Build.0 = Release|Win32
		{2BF472F7-A88F-47D7-AE3B-76F5C1104219}.Debug|x86.ActiveCfg = Debug|Win32
		{2BF472F7-A88F-47D7-AE3B-76F5C1104219}.Debug|x86.Build.0 = Debug|Win32
		{2BF472F7-A88F-47D7-AE3B-76F5C1104219}.Release|x86.ActiveCfg = Release|Win32
		{2BF472F7-A88F-47D7-AE3B-76F5C1104219}.Release|x86.Build.0 = Release|Win32
		{52A544C6-5C41-41FC-B6D2-794A139BAA0E}.Debug|x86.ActiveCfg = Debug|Win32
		{52A544C6-5C41-41FC-B6D2-794A139BAA0E}.Debug|x86.Build.0 = Debug|Win32
		{52A544C6-5C41-41FC-B6D2-794A139BAA0E}.Release|x86.ActiveCfg = Release|Win32
		{52A544C6-5C41-41FC-B6D2-794A139BAA0E}.Release|x86.Build.0 = Release|Win32
		{42156415-1DD3-4A39-BFC1-DB84E5954C3F}.Debug|x86.ActiveCfg = Debug|Win32
		{42156415-1DD3-4A39-BFC1-DB84E5954C3F}.Debug|x86.Build.0 = Debug|Win32
		{42156415-1DD3-4A39-BFC1-DB84E5954C3F}.Release|x86.ActiveCfg = Release|Win32
		{42156415-1DD3-4A39-BFC1-DB84E5954C3F}.Release|x86.Build.0 = Release|Win32
		{EC7842D4-793F-4BBF-8297-38A86FE13429}.Debug|x86.ActiveCfg = Debug|Win32
		{EC7842D4-793F-4BBF-8297-38A86FE13429}.Debug|x86.Build.0 = Debug|Win32
		{EC7842D4-793F-4BBF-8297-38A86FE13429}.Release|x86.ActiveCfg = Release|Win32
		{EC7842D4-793F-4BBF-8297-38A86FE13429}.Release|x86.Build.0 = Release|Win32
		{F507C0E4-B00A-4580-9DC7-A06EC8F043CD}.Debug|x86.ActiveCfg = Debug|Win32
		{F507C0E4-B00A-4580-9DC7-A06EC8F043CD}.Debug|x86.Build.0 = Debug|Win32
		{F507C0E4-B00A-4580-9DC7-A06EC8F043CD}.Release|x86.ActiveCfg = Release|Win32
		{F507C0E4-B00A-4580-9DC7-A06EC8F043CD}.Release|x86.Build.0 = Release|Win32
		{C183BAB8-E256-47B9-B32D-1436F22CCF2F}.Debug|x86.ActiveCfg = Debug|Win32
		{C183BAB8-E256-47B9-B32D-1436F22CCF2F}.Debug|x86.Build.0 = Debug|Win32
		{C183BAB8-E256-47B9-B32D-1436F22CCF2F}.Release|x86.ActiveCfg = Release|Win32
		{C183BAB8-E256-47B9-B32D-1436F22CCF2F}.Release|x86.Build.0 = Release|Win32
		{100294B9-503C-47D9-9A32-D31C9E012AB8}.Debug|x86.ActiveCfg = Debug|Win32
		{100294B9-503C-47D9-9A32-D31C9E012AB8}.Debug|x86.Build.0 = Debug|Win32
		{100294B9-503C-47D9-9A32-D31C9E012AB8}.Release|x86.ActiveCfg = Release|Win32
		{100294B9-503C-47D9-9A32-D31C9E012AB8}.Release|x86.Build.0 = Release|Win32
		{691392A9-7859-4DF5-B6E9-2F5E388A47C3}.Debug|x86.ActiveCfg = Debug|Win32
		{691392A9-7859-4DF5-B6E9-2F5E388A47C3}.Debug|x86.Build.0 = Debug|Win32
		{691392A9-7859-4DF5-B6E9-2F5E388A47C3}.Release|x86.ActiveCfg = Release|Win32
		{691392A9-7859-4DF5-B6E9-2F5E388A47C3}.Release|x86.Build.0 = Release|Win32
		{7E2ACBC7-E80D-43B8-955A-35D729AB0CD0}.Debug|x86.ActiveCfg = Debug|Win32
		{7E2ACBC7-E80D-43B8-955A-35D729AB0CD0}.Debug|x86.Build.0 = Debug|Win32
		{7E2ACBC7-E80D-43B8-955A-35D729AB0CD0}.Release|x86.ActiveCfg = Release|Win32
		{7E2ACBC7-E80D-43B8-955A-35D729AB0CD0}.Release|x86.Build.0 = Release|Win32
		{53371861-320D-4696-8792-8A57C2D12AEB}.Debug|x86.ActiveCfg = Debug|Win32
		{53371861-320D-4696-8792-8A57C2D12AEB}.Debug|x86.Build.0 = Debug|Win32
		{53371861-320D-4696-8792-8A57C2D12AEB}.Release|x86.ActiveCfg = Release|Win32
		{53371861-320D-4696-8792-8A57C2D12AEB}.Release|x86.Build.0 = Release|Win32
		{69B0A96A-87F1-464F-BEBC-C743E8C9A3D7}.Debug|x86.ActiveCfg = Debug|Win32
		{69B0A96A-87F1-464F-BEBC-C743E8C9A3D7}.Debug|x86.Build.0 = Debug|Win32
		{69B0A96A-87F1-464F-BEBC-C743E8C9A3D7}.Release|x86.ActiveCfg = Release|Win32
		{69B0A96A-87F1-464F-BEBC-C743E8C9A3D7}.Release|x86.Build.0 = Release|Win32
		{2AB09EC0-D89B-4611-8EAF-ED431C69F298}.Debug|x86.ActiveCfg = Debug|Win32
		{2AB09EC0-D89B-4611-8EAF-ED431C69F298}.Debug|x86.Build.0 = Debug|Win32
		{2AB09EC0-D89B-4611-8EAF-ED431C69F298}.Release|x86.ActiveCfg = Release|Win32
		{2AB09EC0-D89B-4611-8EAF-ED431C69F298}.Release|x86.Build.0 = Release|Win32
		{C7F92235-3B07-46B7-A7F3-CE31D76936D8}.Debug|x86.ActiveCfg = Debug|Win32
		{C7F92235-3B07-46B7-A7F3-CE31D76936D8}.Debug|x86.Build.0 = Debug|Win32
		{C7F92235-3B07-46B7-A7F3-CE31D76936D8}.Release|x86.ActiveCfg = Release|Win32
		{C7F92235-3B07-46B7-A7F3-CE31D76936D8}.Release|x86.Build.0 = Release|Win32
	EndGlobalSection
	GlobalSection(SolutionProperties) = preSolution
		HideSolutionNode = FALSE
	EndGlobalSection
	GlobalSection(ExtensibilityGlobals) = postSolution
		SolutionGuid = {671F9065-AD84-400D-A3DC-5955B1F36E21}
	EndGlobalSection
EndGlobal
