<?xml version="1.0" encoding="utf-8"?>
<Project ToolsVersion="4.0" xmlns="http://schemas.microsoft.com/developer/msbuild/2003">
  <ItemGroup>
    <Filter Include="Source Files">
      <UniqueIdentifier>{4ca65f8c-5bda-44f9-b2a1-caddc88eaf3a}</UniqueIdentifier>
      <Extensions>cpp;c;cxx;rc;def;r;odl;idl;hpj;bat</Extensions>
    </Filter>
    <Filter Include="Header Files">
      <UniqueIdentifier>{444aab5a-19c5-4f19-99e5-aabf8fa65d8b}</UniqueIdentifier>
      <Extensions>h;hpp;hxx;hm;inl</Extensions>
    </Filter>
    <Filter Include="Resource Files">
      <UniqueIdentifier>{559c96be-a355-4aea-881d-682a08d4bd95}</UniqueIdentifier>
      <Extensions>ico;cur;bmp;dlg;rc2;rct;bin;rgs;gif;jpg;jpeg;jpe</Extensions>
    </Filter>
    <Filter Include="inc">
      <UniqueIdentifier>{3743bd2d-1a7d-4253-a825-2df9e2aaa155}</UniqueIdentifier>
    </Filter>
    <Filter Include="src">
      <UniqueIdentifier>{712a4f46-8f26-47d4-a08e-586f031ec65d}</UniqueIdentifier>
    </Filter>
  </ItemGroup>
  <ItemGroup>
    <ClCompile Include="..\src\BrachJunStrategy.cpp">
      <Filter>Source Files</Filter>
    </ClCompile>
    <ClCompile Include="..\src\BreckerStrategy.cpp">
      <Filter>Source Files</Filter>
    </ClCompile>
    <ClCompile Include="..\src\CalcFriction.cpp">
      <Filter>Source Files</Filter>
    </ClCompile>
    <ClCompile Include="..\src\CalcTeeWyeLoss.cpp">
      <Filter>Source Files</Filter>
    </ClCompile>
    <ClCompile Include="..\src\EndListRef.cpp">
      <Filter>Source Files</Filter>
    </ClCompile>
    <ClCompile Include="..\src\FlowJunStrategy.cpp">
      <Filter>Source Files</Filter>
    </ClCompile>
    <ClCompile Include="..\src\FourQundrantModel.cpp">
      <Filter>Source Files</Filter>
    </ClCompile>
    <ClCompile Include="..\src\GasAccumStrategy.cpp">
      <Filter>Source Files</Filter>
    </ClCompile>
    <ClCompile Include="..\src\GasProperty.cpp">
      <Filter>Source Files</Filter>
    </ClCompile>
    <ClCompile Include="..\src\LiquidAccumStrategy.cpp">
      <Filter>Source Files</Filter>
    </ClCompile>
    <ClCompile Include="..\src\LocalRStrategy.cpp">
      <Filter>Source Files</Filter>
    </ClCompile>
    <ClCompile Include="..\src\MOCAreaChange.cpp">
      <Filter>Source Files</Filter>
    </ClCompile>
    <ClCompile Include="..\src\MOCAssignFlow.cpp">
      <Filter>Source Files</Filter>
    </ClCompile>
    <ClCompile Include="..\src\MOCAssignPress.cpp">
      <Filter>Source Files</Filter>
    </ClCompile>
    <ClCompile Include="..\src\MOCBend.cpp">
      <Filter>Source Files</Filter>
    </ClCompile>
    <ClCompile Include="..\src\MOCBrach.cpp">
      <Filter>Source Files</Filter>
    </ClCompile>
    <ClCompile Include="..\src\MOCBrecker.cpp">
      <Filter>Source Files</Filter>
    </ClCompile>
    <ClCompile Include="MOCCacl.cpp">
      <Filter>Source Files</Filter>
    </ClCompile>
    <ClCompile Include="..\src\MOCCalcMgr.cpp">
      <Filter>Source Files</Filter>
    </ClCompile>
    <ClCompile Include="..\src\MOCCheck.cpp">
      <Filter>Source Files</Filter>
    </ClCompile>
    <ClCompile Include="..\src\MOCComponent.cpp">
      <Filter>Source Files</Filter>
    </ClCompile>
    <ClCompile Include="..\src\MOCComponentMgr.cpp">
      <Filter>Source Files</Filter>
    </ClCompile>
    <ClCompile Include="..\src\MOCControl.cpp">
      <Filter>Source Files</Filter>
    </ClCompile>
    <ClCompile Include="..\src\MOCDeadEnd.cpp">
      <Filter>Source Files</Filter>
    </ClCompile>
    <ClCompile Include="..\src\MOCFluid.cpp">
      <Filter>Source Files</Filter>
    </ClCompile>
    <ClCompile Include="..\src\MOCFourQuadrantData.cpp">
      <Filter>Source Files</Filter>
    </ClCompile>
    <ClCompile Include="..\src\MOCGasAccum.cpp">
      <Filter>Source Files</Filter>
    </ClCompile>
    <ClCompile Include="..\src\MOCGeneral.cpp">
      <Filter>Source Files</Filter>
    </ClCompile>
    <ClCompile Include="..\src\MOCJun.cpp">
      <Filter>Source Files</Filter>
    </ClCompile>
    <ClCompile Include="..\src\MOCJunControl.cpp">
      <Filter>Source Files</Filter>
    </ClCompile>
    <ClCompile Include="..\src\MOCJunFactory.cpp">
      <Filter>Source Files</Filter>
    </ClCompile>
    <ClCompile Include="..\src\MOCJunMgr.cpp">
      <Filter>Source Files</Filter>
    </ClCompile>
    <ClCompile Include="..\src\MOCLiquidAccum.cpp">
      <Filter>Source Files</Filter>
    </ClCompile>
    <ClCompile Include="..\src\MOCLumpedInertia.cpp">
      <Filter>Source Files</Filter>
    </ClCompile>
    <ClCompile Include="..\src\MOCPeriodic.cpp">
      <Filter>Source Files</Filter>
    </ClCompile>
    <ClCompile Include="..\src\MOCPipe.cpp">
      <Filter>Source Files</Filter>
    </ClCompile>
    <ClCompile Include="..\src\MOCPipeMgr.cpp">
      <Filter>Source Files</Filter>
    </ClCompile>
    <ClCompile Include="..\src\MOCPolynomial.cpp">
      <Filter>Source Files</Filter>
    </ClCompile>
    <ClCompile Include="..\src\MOCPump.cpp">
      <Filter>Source Files</Filter>
    </ClCompile>
    <ClCompile Include="..\src\MOCPumpConfig.cpp">
      <Filter>Source Files</Filter>
    </ClCompile>
    <ClCompile Include="..\src\MOCPumpInertia.cpp">
      <Filter>Source Files</Filter>
    </ClCompile>
    <ClCompile Include="..\src\MOCPumpModel.cpp">
      <Filter>Source Files</Filter>
    </ClCompile>
    <ClCompile Include="..\src\MOCRelief.cpp">
      <Filter>Source Files</Filter>
    </ClCompile>
    <ClCompile Include="..\src\MOCReservior.cpp">
      <Filter>Source Files</Filter>
    </ClCompile>
    <ClCompile Include="..\src\MOCSpray.cpp">
      <Filter>Source Files</Filter>
    </ClCompile>
    <ClCompile Include="..\src\MOCStation.cpp">
      <Filter>Source Files</Filter>
    </ClCompile>
    <ClCompile Include="..\src\MOCStationMgr.cpp">
      <Filter>Source Files</Filter>
    </ClCompile>
    <ClCompile Include="..\src\MOCSteady.cpp">
      <Filter>Source Files</Filter>
    </ClCompile>
    <ClCompile Include="..\src\MOCSurge.cpp">
      <Filter>Source Files</Filter>
    </ClCompile>
    <ClCompile Include="..\src\MOCTeeWye.cpp">
      <Filter>Source Files</Filter>
    </ClCompile>
    <ClCompile Include="..\src\MOCTranData.cpp">
      <Filter>Source Files</Filter>
    </ClCompile>
    <ClCompile Include="..\src\MOCTrans.cpp">
      <Filter>Source Files</Filter>
    </ClCompile>
    <ClCompile Include="..\src\MOCTransOutControl.cpp">
      <Filter>Source Files</Filter>
    </ClCompile>
    <ClCompile Include="..\src\MOCTriger.cpp">
      <Filter>Source Files</Filter>
    </ClCompile>
    <ClCompile Include="..\src\MOCTrigerAbsTimeStrategy.cpp">
      <Filter>Source Files</Filter>
    </ClCompile>
    <ClCompile Include="..\src\MOCTrigerCheckStateStrategy.cpp">
      <Filter>Source Files</Filter>
    </ClCompile>
    <ClCompile Include="..\src\MOCTrigerControlStateStrategy.cpp">
      <Filter>Source Files</Filter>
    </ClCompile>
    <ClCompile Include="..\src\MOCTrigerJunEGLDiffStrategy.cpp">
      <Filter>Source Files</Filter>
    </ClCompile>
    <ClCompile Include="..\src\MOCTrigerJunHGLDiffStrategy.cpp">
      <Filter>Source Files</Filter>
    </ClCompile>
    <ClCompile Include="..\src\MOCTrigerJunStagDiffStrategy.cpp">
      <Filter>Source Files</Filter>
    </ClCompile>
    <ClCompile Include="..\src\MOCTrigerJunStagStrategy.cpp">
      <Filter>Source Files</Filter>
    </ClCompile>
    <ClCompile Include="..\src\MOCTrigerJunStaticDiffStrategy.cpp">
      <Filter>Source Files</Filter>
    </ClCompile>
    <ClCompile Include="..\src\MOCTrigerMgr.cpp">
      <Filter>Source Files</Filter>
    </ClCompile>
    <ClCompile Include="..\src\MOCTrigerPipeEGLDiffStrategy.cpp">
      <Filter>Source Files</Filter>
    </ClCompile>
    <ClCompile Include="..\src\MOCTrigerPipeEGLStrategy.cpp">
      <Filter>Source Files</Filter>
    </ClCompile>
    <ClCompile Include="..\src\MOCTrigerPipeHGLDiffStrategy.cpp">
      <Filter>Source Files</Filter>
    </ClCompile>
    <ClCompile Include="..\src\MOCTrigerPipeHGLStrategy.cpp">
      <Filter>Source Files</Filter>
    </ClCompile>
    <ClCompile Include="..\src\MOCTrigerPipeMassStrategy.cpp">
      <Filter>Source Files</Filter>
    </ClCompile>
    <ClCompile Include="..\src\MOCTrigerPipeStagDiffStrategy.cpp">
      <Filter>Source Files</Filter>
    </ClCompile>
    <ClCompile Include="..\src\MOCTrigerPipeStagStrategy.cpp">
      <Filter>Source Files</Filter>
    </ClCompile>
    <ClCompile Include="..\src\MOCTrigerPipeStaticDiffStrategy.cpp">
      <Filter>Source Files</Filter>
    </ClCompile>
    <ClCompile Include="..\src\MOCTrigerPipeVelStrategy.cpp">
      <Filter>Source Files</Filter>
    </ClCompile>
    <ClCompile Include="..\src\MOCTrigerPipeVolumeStrategy.cpp">
      <Filter>Source Files</Filter>
    </ClCompile>
    <ClCompile Include="..\src\MOCTrigerReliefStateStrategy.cpp">
      <Filter>Source Files</Filter>
    </ClCompile>
    <ClCompile Include="..\src\MOCTrigerRelTimeStrategy.cpp">
      <Filter>Source Files</Filter>
    </ClCompile>
    <ClCompile Include="..\src\MOCTrigerSpeedStrategy.cpp">
      <Filter>Source Files</Filter>
    </ClCompile>
    <ClCompile Include="..\src\MOCTrigerSpryVolumeStrategy.cpp">
      <Filter>Source Files</Filter>
    </ClCompile>
    <ClCompile Include="..\src\MOCTrigerStrategy.cpp">
      <Filter>Source Files</Filter>
    </ClCompile>
    <ClCompile Include="..\src\MOCTrigerStrategyFactory.cpp">
      <Filter>Source Files</Filter>
    </ClCompile>
    <ClCompile Include="..\src\MOCTrigerStrategyMgr.cpp">
      <Filter>Source Files</Filter>
    </ClCompile>
    <ClCompile Include="..\src\MOCTrigerSurgeGLStrategy.cpp">
      <Filter>Source Files</Filter>
    </ClCompile>
    <ClCompile Include="..\src\MOCTrigerSurgeLiquidHStrategy.cpp">
      <Filter>Source Files</Filter>
    </ClCompile>
    <ClCompile Include="..\src\MOCValve.cpp">
      <Filter>Source Files</Filter>
    </ClCompile>
    <ClCompile Include="..\src\NoTranFourQundrant.cpp">
      <Filter>Source Files</Filter>
    </ClCompile>
    <ClCompile Include="..\src\PressDropStrategy.cpp">
      <Filter>Source Files</Filter>
    </ClCompile>
    <ClCompile Include="..\src\PressJunStrategy.cpp">
      <Filter>Source Files</Filter>
    </ClCompile>
    <ClCompile Include="..\src\PumpTransModelMgr.cpp">
      <Filter>Source Files</Filter>
    </ClCompile>
    <ClCompile Include="..\src\StartFourQundrant.cpp">
      <Filter>Source Files</Filter>
    </ClCompile>
    <ClCompile Include="..\src\StartWhitInertia.cpp">
      <Filter>Source Files</Filter>
    </ClCompile>
    <ClCompile Include="StdAfx.cpp">
      <Filter>Source Files</Filter>
    </ClCompile>
    <ClCompile Include="..\src\SurgeStrategy.cpp">
      <Filter>Source Files</Filter>
    </ClCompile>
    <ClCompile Include="..\src\TripFourQundrant.cpp">
      <Filter>Source Files</Filter>
    </ClCompile>
    <ClCompile Include="..\src\TripWhitInertia.cpp">
      <Filter>Source Files</Filter>
    </ClCompile>
    <ClCompile Include="..\src\WhitoutInertia.cpp">
      <Filter>Source Files</Filter>
    </ClCompile>
    <ClCompile Include="..\src\WhitoutInertiaFourQundrant.cpp">
      <Filter>Source Files</Filter>
    </ClCompile>
    <ClCompile Include="..\src\dlgSolveControl.cpp">
      <Filter>src</Filter>
    </ClCompile>
    <ClCompile Include="..\src\EndInfo.cpp">
      <Filter>src</Filter>
    </ClCompile>
    <ClCompile Include="..\src\MOCCalcModel.cpp">
      <Filter>src</Filter>
    </ClCompile>
  </ItemGroup>
  <ItemGroup>
    <ResourceCompile Include="MOCCacl.rc">
      <Filter>Source Files</Filter>
    </ResourceCompile>
  </ItemGroup>
  <ItemGroup>
    <ClInclude Include="..\inc\BrachJunStrategy.h">
      <Filter>Header Files</Filter>
    </ClInclude>
    <ClInclude Include="..\inc\BreckerStrategy.h">
      <Filter>Header Files</Filter>
    </ClInclude>
    <ClInclude Include="..\inc\CalcFriction.h">
      <Filter>Header Files</Filter>
    </ClInclude>
    <ClInclude Include="..\inc\CalcTeeWyeLoss.h">
      <Filter>Header Files</Filter>
    </ClInclude>
    <ClInclude Include="..\inc\EndListRef.h">
      <Filter>Header Files</Filter>
    </ClInclude>
    <ClInclude Include="..\inc\FlowJunStrategy.h">
      <Filter>Header Files</Filter>
    </ClInclude>
    <ClInclude Include="..\inc\FourQundrantModel.h">
      <Filter>Header Files</Filter>
    </ClInclude>
    <ClInclude Include="..\inc\GasAccumStrategy.h">
      <Filter>Header Files</Filter>
    </ClInclude>
    <ClInclude Include="..\inc\GasProperty.h">
      <Filter>Header Files</Filter>
    </ClInclude>
    <ClInclude Include="..\inc\LiquidAccumStrategy.h">
      <Filter>Header Files</Filter>
    </ClInclude>
    <ClInclude Include="..\inc\LocalRStrategy.h">
      <Filter>Header Files</Filter>
    </ClInclude>
    <ClInclude Include="..\inc\MOCAreaChange.h">
      <Filter>Header Files</Filter>
    </ClInclude>
    <ClInclude Include="..\inc\MOCAssignFlow.h">
      <Filter>Header Files</Filter>
    </ClInclude>
    <ClInclude Include="..\inc\MOCAssignPress.h">
      <Filter>Header Files</Filter>
    </ClInclude>
    <ClInclude Include="..\inc\MOCBend.h">
      <Filter>Header Files</Filter>
    </ClInclude>
    <ClInclude Include="..\inc\MOCBrach.h">
      <Filter>Header Files</Filter>
    </ClInclude>
    <ClInclude Include="..\inc\MOCBrecker.h">
      <Filter>Header Files</Filter>
    </ClInclude>
    <ClInclude Include="..\inc\MOCCalcMgr.h">
      <Filter>Header Files</Filter>
    </ClInclude>
    <ClInclude Include="..\inc\MOCCheck.h">
      <Filter>Header Files</Filter>
    </ClInclude>
    <ClInclude Include="..\inc\MOCComponent.h">
      <Filter>Header Files</Filter>
    </ClInclude>
    <ClInclude Include="..\inc\MOCComponentMgr.h">
      <Filter>Header Files</Filter>
    </ClInclude>
    <ClInclude Include="..\inc\MOCControl.h">
      <Filter>Header Files</Filter>
    </ClInclude>
    <ClInclude Include="..\inc\MOCDeadEnd.h">
      <Filter>Header Files</Filter>
    </ClInclude>
    <ClInclude Include="..\inc\MOCFluid.h">
      <Filter>Header Files</Filter>
    </ClInclude>
    <ClInclude Include="..\inc\MOCFourQuadrantData.h">
      <Filter>Header Files</Filter>
    </ClInclude>
    <ClInclude Include="..\inc\MOCGasAccum.h">
      <Filter>Header Files</Filter>
    </ClInclude>
    <ClInclude Include="..\inc\MOCGeneral.h">
      <Filter>Header Files</Filter>
    </ClInclude>
    <ClInclude Include="..\inc\MOCJun.h">
      <Filter>Header Files</Filter>
    </ClInclude>
    <ClInclude Include="..\inc\MOCJunControl.h">
      <Filter>Header Files</Filter>
    </ClInclude>
    <ClInclude Include="..\inc\MOCJunFactory.h">
      <Filter>Header Files</Filter>
    </ClInclude>
    <ClInclude Include="..\inc\MOCJunMgr.h">
      <Filter>Header Files</Filter>
    </ClInclude>
    <ClInclude Include="..\inc\MOCLiquidAccum.h">
      <Filter>Header Files</Filter>
    </ClInclude>
    <ClInclude Include="..\inc\MOCLumpedInertia.h">
      <Filter>Header Files</Filter>
    </ClInclude>
    <ClInclude Include="..\inc\MOCPeriodic.h">
      <Filter>Header Files</Filter>
    </ClInclude>
    <ClInclude Include="..\inc\MOCPipe.h">
      <Filter>Header Files</Filter>
    </ClInclude>
    <ClInclude Include="..\inc\MOCPipeMgr.h">
      <Filter>Header Files</Filter>
    </ClInclude>
    <ClInclude Include="..\inc\MOCPolynomial.h">
      <Filter>Header Files</Filter>
    </ClInclude>
    <ClInclude Include="..\inc\MOCPump.h">
      <Filter>Header Files</Filter>
    </ClInclude>
    <ClInclude Include="..\inc\MOCPumpConfig.h">
      <Filter>Header Files</Filter>
    </ClInclude>
    <ClInclude Include="..\inc\MOCPumpInertia.h">
      <Filter>Header Files</Filter>
    </ClInclude>
    <ClInclude Include="..\inc\MOCPumpModel.h">
      <Filter>Header Files</Filter>
    </ClInclude>
    <ClInclude Include="..\inc\MOCRelief.h">
      <Filter>Header Files</Filter>
    </ClInclude>
    <ClInclude Include="..\inc\MOCReservior.h">
      <Filter>Header Files</Filter>
    </ClInclude>
    <ClInclude Include="..\inc\MOCSpray.h">
      <Filter>Header Files</Filter>
    </ClInclude>
    <ClInclude Include="..\inc\MOCStation.h">
      <Filter>Header Files</Filter>
    </ClInclude>
    <ClInclude Include="..\inc\MOCStationMgr.h">
      <Filter>Header Files</Filter>
    </ClInclude>
    <ClInclude Include="..\inc\MOCSteady.h">
      <Filter>Header Files</Filter>
    </ClInclude>
    <ClInclude Include="..\inc\MOCSurge.h">
      <Filter>Header Files</Filter>
    </ClInclude>
    <ClInclude Include="..\inc\MOCTable.h">
      <Filter>Header Files</Filter>
    </ClInclude>
    <ClInclude Include="..\inc\MOCTeeWye.h">
      <Filter>Header Files</Filter>
    </ClInclude>
    <ClInclude Include="..\inc\MOCTranData.h">
      <Filter>Header Files</Filter>
    </ClInclude>
    <ClInclude Include="..\inc\MOCTrans.h">
      <Filter>Header Files</Filter>
    </ClInclude>
    <ClInclude Include="..\inc\MOCTransOutControl.h">
      <Filter>Header Files</Filter>
    </ClInclude>
    <ClInclude Include="..\inc\MOCTriger.h">
      <Filter>Header Files</Filter>
    </ClInclude>
    <ClInclude Include="..\inc\MOCTrigerAbsTimeStrategy.h">
      <Filter>Header Files</Filter>
    </ClInclude>
    <ClInclude Include="..\inc\MOCTrigerCheckStateStrategy.h">
      <Filter>Header Files</Filter>
    </ClInclude>
    <ClInclude Include="..\inc\MOCTrigerControlStateStrategy.h">
      <Filter>Header Files</Filter>
    </ClInclude>
    <ClInclude Include="..\inc\MOCTrigerJunEGLDiffStrategy.h">
      <Filter>Header Files</Filter>
    </ClInclude>
    <ClInclude Include="..\inc\MOCTrigerJunHGLDiffStrategy.h">
      <Filter>Header Files</Filter>
    </ClInclude>
    <ClInclude Include="..\inc\MOCTrigerJunStagDiffStrategy.h">
      <Filter>Header Files</Filter>
    </ClInclude>
    <ClInclude Include="..\inc\MOCTrigerJunStagStrategy.h">
      <Filter>Header Files</Filter>
    </ClInclude>
    <ClInclude Include="..\inc\MOCTrigerJunStaticDiffStrategy.h">
      <Filter>Header Files</Filter>
    </ClInclude>
    <ClInclude Include="..\inc\MOCTrigerMgr.h">
      <Filter>Header Files</Filter>
    </ClInclude>
    <ClInclude Include="..\inc\MOCTrigerPipeEGLDiffStrategy.h">
      <Filter>Header Files</Filter>
    </ClInclude>
    <ClInclude Include="..\inc\MOCTrigerPipeEGLStrategy.h">
      <Filter>Header Files</Filter>
    </ClInclude>
    <ClInclude Include="..\inc\MOCTrigerPipeHGLDiffStrategy.h">
      <Filter>Header Files</Filter>
    </ClInclude>
    <ClInclude Include="..\inc\MOCTrigerPipeHGLStrategy.h">
      <Filter>Header Files</Filter>
    </ClInclude>
    <ClInclude Include="..\inc\MOCTrigerPipeMassStrategy.h">
      <Filter>Header Files</Filter>
    </ClInclude>
    <ClInclude Include="..\inc\MOCTrigerPipeStagDiffStrategy.h">
      <Filter>Header Files</Filter>
    </ClInclude>
    <ClInclude Include="..\inc\MOCTrigerPipeStagStrategy.h">
      <Filter>Header Files</Filter>
    </ClInclude>
    <ClInclude Include="..\inc\MOCTrigerPipeStaticDiffStrategy.h">
      <Filter>Header Files</Filter>
    </ClInclude>
    <ClInclude Include="..\inc\MOCTrigerPipeVelStrategy.h">
      <Filter>Header Files</Filter>
    </ClInclude>
    <ClInclude Include="..\inc\MOCTrigerPipeVolumeStrategy.h">
      <Filter>Header Files</Filter>
    </ClInclude>
    <ClInclude Include="..\inc\MOCTrigerReliefStateStrategy.h">
      <Filter>Header Files</Filter>
    </ClInclude>
    <ClInclude Include="..\inc\MOCTrigerRelTimeStrategy.h">
      <Filter>Header Files</Filter>
    </ClInclude>
    <ClInclude Include="..\inc\MOCTrigerSpeedStrategy.h">
      <Filter>Header Files</Filter>
    </ClInclude>
    <ClInclude Include="..\inc\MOCTrigerSpryVolumeStrategy.h">
      <Filter>Header Files</Filter>
    </ClInclude>
    <ClInclude Include="..\inc\MOCTrigerStrategy.h">
      <Filter>Header Files</Filter>
    </ClInclude>
    <ClInclude Include="..\inc\MOCTrigerStrategyFactory.h">
      <Filter>Header Files</Filter>
    </ClInclude>
    <ClInclude Include="..\inc\MOCTrigerStrategyMgr.h">
      <Filter>Header Files</Filter>
    </ClInclude>
    <ClInclude Include="..\inc\MOCTrigerSurgeGLStrategy.h">
      <Filter>Header Files</Filter>
    </ClInclude>
    <ClInclude Include="..\inc\MOCTrigerSurgeLiquidHStrategy.h">
      <Filter>Header Files</Filter>
    </ClInclude>
    <ClInclude Include="..\inc\MOCValve.h">
      <Filter>Header Files</Filter>
    </ClInclude>
    <ClInclude Include="..\inc\NoTranFourQundrant.h">
      <Filter>Header Files</Filter>
    </ClInclude>
    <ClInclude Include="..\inc\PressDropStrategy.h">
      <Filter>Header Files</Filter>
    </ClInclude>
    <ClInclude Include="..\inc\PressJunStrategy.h">
      <Filter>Header Files</Filter>
    </ClInclude>
    <ClInclude Include="..\inc\PumpTransModelMgr.h">
      <Filter>Header Files</Filter>
    </ClInclude>
    <ClInclude Include="Resource.h">
      <Filter>Header Files</Filter>
    </ClInclude>
    <ClInclude Include="..\inc\StartFourQundrant.h">
      <Filter>Header Files</Filter>
    </ClInclude>
    <ClInclude Include="..\inc\StartWhitInertia.h">
      <Filter>Header Files</Filter>
    </ClInclude>
    <ClInclude Include="StdAfx.h">
      <Filter>Header Files</Filter>
    </ClInclude>
    <ClInclude Include="..\inc\SurgeStrategy.h">
      <Filter>Header Files</Filter>
    </ClInclude>
    <ClInclude Include="..\inc\TripFourQundrant.h">
      <Filter>Header Files</Filter>
    </ClInclude>
    <ClInclude Include="..\inc\TripWhitInertia.h">
      <Filter>Header Files</Filter>
    </ClInclude>
    <ClInclude Include="..\inc\WhitoutInertia.h">
      <Filter>Header Files</Filter>
    </ClInclude>
    <ClInclude Include="..\inc\WhitoutInertiaFourQundrant.h">
      <Filter>Header Files</Filter>
    </ClInclude>
    <ClInclude Include="..\inc\dlgSolveControl.h">
      <Filter>inc</Filter>
    </ClInclude>
    <ClInclude Include="..\inc\EndInfo.h">
      <Filter>inc</Filter>
    </ClInclude>
    <ClInclude Include="..\inc\MOCCalcModel.h">
      <Filter>inc</Filter>
    </ClInclude>
  </ItemGroup>
  <ItemGroup>
    <None Include="res\MOCCacl.rc2">
      <Filter>Resource Files</Filter>
    </None>
  </ItemGroup>
  <ItemGroup>
    <Text Include="ReadMe.txt" />
  </ItemGroup>
</Project>