<?xml version="1.0" encoding="utf-8"?>
<Project ToolsVersion="4.0" xmlns="http://schemas.microsoft.com/developer/msbuild/2003">
  <ItemGroup>
    <Filter Include="Source Files">
      <UniqueIdentifier>{0032c9b1-2dbf-4b24-ba2c-9ddd17077424}</UniqueIdentifier>
      <Extensions>cpp;c;cxx;rc;def;r;odl;idl;hpj;bat</Extensions>
    </Filter>
    <Filter Include="Header Files">
      <UniqueIdentifier>{8f33010b-e265-4bc9-8cc1-e2ba11acd64d}</UniqueIdentifier>
      <Extensions>h;hpp;hxx;hm;inl</Extensions>
    </Filter>
    <Filter Include="Resource Files">
      <UniqueIdentifier>{513de297-2de0-439e-bd72-6bf1216422d2}</UniqueIdentifier>
      <Extensions>ico;cur;bmp;dlg;rc2;rct;bin;rgs;gif;jpg;jpeg;jpe</Extensions>
    </Filter>
    <Filter Include="inc">
      <UniqueIdentifier>{c52838ea-86e9-42ec-afc0-e60c34b65422}</UniqueIdentifier>
    </Filter>
    <Filter Include="Src">
      <UniqueIdentifier>{5fd68d86-f26a-45be-8c6d-c210b865c83a}</UniqueIdentifier>
    </Filter>
  </ItemGroup>
  <ItemGroup>
    <ClCompile Include="PCFDriver.cpp">
      <Filter>Source Files</Filter>
    </ClCompile>
    <ClCompile Include="StdAfx.cpp">
      <Filter>Source Files</Filter>
    </ClCompile>
    <ClCompile Include="..\src\FCFComponentMgr.cpp">
      <Filter>Src</Filter>
    </ClCompile>
    <ClCompile Include="..\src\PCFAssignFlow.cpp">
      <Filter>Src</Filter>
    </ClCompile>
    <ClCompile Include="..\src\PCFAssignPress.cpp">
      <Filter>Src</Filter>
    </ClCompile>
    <ClCompile Include="..\src\PCFBend.cpp">
      <Filter>Src</Filter>
    </ClCompile>
    <ClCompile Include="..\src\PCFCap.cpp">
      <Filter>Src</Filter>
    </ClCompile>
    <ClCompile Include="..\src\PCFCoupling.cpp">
      <Filter>Src</Filter>
    </ClCompile>
    <ClCompile Include="..\src\PCFCross.cpp">
      <Filter>Src</Filter>
    </ClCompile>
    <ClCompile Include="..\src\PCFDriverModel.cpp">
      <Filter>Src</Filter>
    </ClCompile>
    <ClCompile Include="..\src\PCFElbow.cpp">
      <Filter>Src</Filter>
    </ClCompile>
    <ClCompile Include="..\src\PCFFBlind.cpp">
      <Filter>Src</Filter>
    </ClCompile>
    <ClCompile Include="..\src\PCFFilter.cpp">
      <Filter>Src</Filter>
    </ClCompile>
    <ClCompile Include="..\src\PCFFlange.cpp">
      <Filter>Src</Filter>
    </ClCompile>
    <ClCompile Include="..\src\PCFGasAccum.cpp">
      <Filter>Src</Filter>
    </ClCompile>
    <ClCompile Include="..\src\PCFGasket.cpp">
      <Filter>Src</Filter>
    </ClCompile>
    <ClCompile Include="..\src\PCFInstrument.cpp">
      <Filter>Src</Filter>
    </ClCompile>
    <ClCompile Include="..\src\PCFJun.cpp">
      <Filter>Src</Filter>
    </ClCompile>
    <ClCompile Include="..\src\PCFJunFactory.cpp">
      <Filter>Src</Filter>
    </ClCompile>
    <ClCompile Include="..\src\PCFJunsMgr.cpp">
      <Filter>Src</Filter>
    </ClCompile>
    <ClCompile Include="..\src\PCFLiquidAccum.cpp">
      <Filter>Src</Filter>
    </ClCompile>
    <ClCompile Include="..\src\PCFLJSE.cpp">
      <Filter>Src</Filter>
    </ClCompile>
    <ClCompile Include="..\src\PCFPipe.cpp">
      <Filter>Src</Filter>
    </ClCompile>
    <ClCompile Include="..\src\PCFPipesMgr.cpp">
      <Filter>Src</Filter>
    </ClCompile>
    <ClCompile Include="..\src\PCFPortPoint.cpp">
      <Filter>Src</Filter>
    </ClCompile>
    <ClCompile Include="..\src\PCFPumpConfig.cpp">
      <Filter>Src</Filter>
    </ClCompile>
    <ClCompile Include="..\src\PCFPumpConfigData.cpp">
      <Filter>Src</Filter>
    </ClCompile>
    <ClCompile Include="..\src\PCFPumpData.cpp">
      <Filter>Src</Filter>
    </ClCompile>
    <ClCompile Include="..\src\PCFReduce.cpp">
      <Filter>Src</Filter>
    </ClCompile>
    <ClCompile Include="..\src\PCFReservior.cpp">
      <Filter>Src</Filter>
    </ClCompile>
    <ClCompile Include="..\src\PCFSetOnTee.cpp">
      <Filter>Src</Filter>
    </ClCompile>
    <ClCompile Include="..\src\PCFSpray.cpp">
      <Filter>Src</Filter>
    </ClCompile>
    <ClCompile Include="..\src\PCFSupport.cpp">
      <Filter>Src</Filter>
    </ClCompile>
    <ClCompile Include="..\src\PCFSurge.cpp">
      <Filter>Src</Filter>
    </ClCompile>
    <ClCompile Include="..\src\PCFTee.cpp">
      <Filter>Src</Filter>
    </ClCompile>
    <ClCompile Include="..\src\PCFTrap.cpp">
      <Filter>Src</Filter>
    </ClCompile>
    <ClCompile Include="..\src\PCFValve.cpp">
      <Filter>Src</Filter>
    </ClCompile>
    <ClCompile Include="..\src\PCFWeld.cpp">
      <Filter>Src</Filter>
    </ClCompile>
    <ClCompile Include="..\src\PipeLineHead.cpp">
      <Filter>Src</Filter>
    </ClCompile>
    <ClCompile Include="..\src\ProjectionInfo.cpp">
      <Filter>Src</Filter>
    </ClCompile>
    <ClCompile Include="..\src\SetCompKeyPt.cpp">
      <Filter>Src</Filter>
    </ClCompile>
    <ClCompile Include="..\src\UnitInfo.cpp">
      <Filter>Src</Filter>
    </ClCompile>
  </ItemGroup>
  <ItemGroup>
    <ResourceCompile Include="PCFDriver.rc">
      <Filter>Source Files</Filter>
    </ResourceCompile>
  </ItemGroup>
  <ItemGroup>
    <ClInclude Include="StdAfx.h">
      <Filter>Header Files</Filter>
    </ClInclude>
    <ClInclude Include="..\inc\FCFComponentMgr.h">
      <Filter>inc</Filter>
    </ClInclude>
    <ClInclude Include="..\inc\PCFAssignFlow.h">
      <Filter>inc</Filter>
    </ClInclude>
    <ClInclude Include="..\inc\PCFAssignPress.h">
      <Filter>inc</Filter>
    </ClInclude>
    <ClInclude Include="..\inc\PCFBend.h">
      <Filter>inc</Filter>
    </ClInclude>
    <ClInclude Include="..\inc\PCFCap.h">
      <Filter>inc</Filter>
    </ClInclude>
    <ClInclude Include="..\inc\PCFCoupling.h">
      <Filter>inc</Filter>
    </ClInclude>
    <ClInclude Include="..\inc\PCFCross.h">
      <Filter>inc</Filter>
    </ClInclude>
    <ClInclude Include="..\inc\PCFDriverModel.h">
      <Filter>inc</Filter>
    </ClInclude>
    <ClInclude Include="..\inc\PCFElbow.h">
      <Filter>inc</Filter>
    </ClInclude>
    <ClInclude Include="..\inc\PCFFBlind.h">
      <Filter>inc</Filter>
    </ClInclude>
    <ClInclude Include="..\inc\PCFFilter.h">
      <Filter>inc</Filter>
    </ClInclude>
    <ClInclude Include="..\inc\PCFFlange.h">
      <Filter>inc</Filter>
    </ClInclude>
    <ClInclude Include="..\inc\PCFGasAccum.h">
      <Filter>inc</Filter>
    </ClInclude>
    <ClInclude Include="..\inc\PCFGasket.h">
      <Filter>inc</Filter>
    </ClInclude>
    <ClInclude Include="..\inc\PCFInstrument.h">
      <Filter>inc</Filter>
    </ClInclude>
    <ClInclude Include="..\inc\PCFJun.h">
      <Filter>inc</Filter>
    </ClInclude>
    <ClInclude Include="..\inc\PCFJunFactory.h">
      <Filter>inc</Filter>
    </ClInclude>
    <ClInclude Include="..\inc\PCFJunsMgr.h">
      <Filter>inc</Filter>
    </ClInclude>
    <ClInclude Include="..\inc\PCFLiquidAccum.h">
      <Filter>inc</Filter>
    </ClInclude>
    <ClInclude Include="..\inc\PCFLJSE.h">
      <Filter>inc</Filter>
    </ClInclude>
    <ClInclude Include="..\inc\PCFPipe.h">
      <Filter>inc</Filter>
    </ClInclude>
    <ClInclude Include="..\inc\PCFPipesMgr.h">
      <Filter>inc</Filter>
    </ClInclude>
    <ClInclude Include="..\inc\PCFPortPoint.h">
      <Filter>inc</Filter>
    </ClInclude>
    <ClInclude Include="..\inc\PCFPumpConfig.h">
      <Filter>inc</Filter>
    </ClInclude>
    <ClInclude Include="..\inc\PCFPumpConfigData.h">
      <Filter>inc</Filter>
    </ClInclude>
    <ClInclude Include="..\inc\PCFPumpData.h">
      <Filter>inc</Filter>
    </ClInclude>
    <ClInclude Include="..\inc\PCFReduce.h">
      <Filter>inc</Filter>
    </ClInclude>
    <ClInclude Include="..\inc\PCFReservior.h">
      <Filter>inc</Filter>
    </ClInclude>
    <ClInclude Include="..\inc\PCFSetOnTee.h">
      <Filter>inc</Filter>
    </ClInclude>
    <ClInclude Include="..\inc\PCFSpray.h">
      <Filter>inc</Filter>
    </ClInclude>
    <ClInclude Include="..\inc\PCFSupport.h">
      <Filter>inc</Filter>
    </ClInclude>
    <ClInclude Include="..\inc\PCFSurge.h">
      <Filter>inc</Filter>
    </ClInclude>
    <ClInclude Include="..\inc\PCFTee.h">
      <Filter>inc</Filter>
    </ClInclude>
    <ClInclude Include="..\inc\PCFTrap.h">
      <Filter>inc</Filter>
    </ClInclude>
    <ClInclude Include="..\inc\PCFValve.h">
      <Filter>inc</Filter>
    </ClInclude>
    <ClInclude Include="..\inc\PCFWeld.h">
      <Filter>inc</Filter>
    </ClInclude>
    <ClInclude Include="..\inc\PipeLineHead.h">
      <Filter>inc</Filter>
    </ClInclude>
    <ClInclude Include="..\inc\ProjectionInfo.h">
      <Filter>inc</Filter>
    </ClInclude>
    <ClInclude Include="Resource.h">
      <Filter>inc</Filter>
    </ClInclude>
    <ClInclude Include="..\inc\SetCompKeyPt.h">
      <Filter>inc</Filter>
    </ClInclude>
    <ClInclude Include="..\inc\UnitInfo.h">
      <Filter>inc</Filter>
    </ClInclude>
  </ItemGroup>
  <ItemGroup>
    <None Include="res\PCFDriver.rc2">
      <Filter>Resource Files</Filter>
    </None>
  </ItemGroup>
  <ItemGroup>
    <Text Include="ReadMe.txt" />
  </ItemGroup>
</Project>