<?xml version="1.0" encoding="utf-8"?>
<Project ToolsVersion="4.0" xmlns="http://schemas.microsoft.com/developer/msbuild/2003">
  <ItemGroup>
    <Filter Include="Source Files">
      <UniqueIdentifier>{bf7030d0-8f2f-4ea1-8b30-6571be0493fa}</UniqueIdentifier>
      <Extensions>cpp;c;cxx;rc;def;r;odl;idl;hpj;bat</Extensions>
    </Filter>
    <Filter Include="Header Files">
      <UniqueIdentifier>{6f7c2916-3b88-4551-a7ae-0bf86fb29d2f}</UniqueIdentifier>
      <Extensions>h;hpp;hxx;hm;inl</Extensions>
    </Filter>
    <Filter Include="Resource Files">
      <UniqueIdentifier>{90d81c6b-1656-4c50-8de7-6067131064cb}</UniqueIdentifier>
      <Extensions>ico;cur;bmp;dlg;rc2;rct;bin;rgs;gif;jpg;jpeg;jpe</Extensions>
    </Filter>
    <Filter Include="inc">
      <UniqueIdentifier>{075a0440-6502-4bbd-a198-547496e75cb1}</UniqueIdentifier>
    </Filter>
    <Filter Include="src">
      <UniqueIdentifier>{bc833b0b-95e0-4565-b7c4-a77e81d94a52}</UniqueIdentifier>
    </Filter>
  </ItemGroup>
  <ItemGroup>
    <ClCompile Include="StdAfx.cpp">
      <Filter>Source Files</Filter>
    </ClCompile>
    <ClCompile Include="USChart.cpp">
      <Filter>Source Files</Filter>
    </ClCompile>
    <ClCompile Include="..\src\font.cpp">
      <Filter>src</Filter>
    </ClCompile>
    <ClCompile Include="..\src\mschart.cpp">
      <Filter>src</Filter>
    </ClCompile>
    <ClCompile Include="..\src\UeSoftChart.cpp">
      <Filter>src</Filter>
    </ClCompile>
    <ClCompile Include="..\src\vcaxis.cpp">
      <Filter>src</Filter>
    </ClCompile>
    <ClCompile Include="..\src\vcaxisgrid.cpp">
      <Filter>src</Filter>
    </ClCompile>
    <ClCompile Include="..\src\vcaxisscale.cpp">
      <Filter>src</Filter>
    </ClCompile>
    <ClCompile Include="..\src\vcaxistitle.cpp">
      <Filter>src</Filter>
    </ClCompile>
    <ClCompile Include="..\src\vcbackdrop.cpp">
      <Filter>src</Filter>
    </ClCompile>
    <ClCompile Include="..\src\vcbrush.cpp">
      <Filter>src</Filter>
    </ClCompile>
    <ClCompile Include="..\src\vccategoryscale.cpp">
      <Filter>src</Filter>
    </ClCompile>
    <ClCompile Include="..\src\vccolor.cpp">
      <Filter>src</Filter>
    </ClCompile>
    <ClCompile Include="..\src\vccoor.cpp">
      <Filter>src</Filter>
    </ClCompile>
    <ClCompile Include="..\src\vcdatagrid.cpp">
      <Filter>src</Filter>
    </ClCompile>
    <ClCompile Include="..\src\vcdatapoint.cpp">
      <Filter>src</Filter>
    </ClCompile>
    <ClCompile Include="..\src\vcdatapointlabel.cpp">
      <Filter>src</Filter>
    </ClCompile>
    <ClCompile Include="..\src\vcdatapoints.cpp">
      <Filter>src</Filter>
    </ClCompile>
    <ClCompile Include="..\src\vcfill.cpp">
      <Filter>src</Filter>
    </ClCompile>
    <ClCompile Include="..\src\vcfont.cpp">
      <Filter>src</Filter>
    </ClCompile>
    <ClCompile Include="..\src\vcfootnote.cpp">
      <Filter>src</Filter>
    </ClCompile>
    <ClCompile Include="..\src\vcframe.cpp">
      <Filter>src</Filter>
    </ClCompile>
    <ClCompile Include="..\src\vcintersection.cpp">
      <Filter>src</Filter>
    </ClCompile>
    <ClCompile Include="..\src\vclabel.cpp">
      <Filter>src</Filter>
    </ClCompile>
    <ClCompile Include="..\src\vclabels.cpp">
      <Filter>src</Filter>
    </ClCompile>
    <ClCompile Include="..\src\vclcoor.cpp">
      <Filter>src</Filter>
    </ClCompile>
    <ClCompile Include="..\src\vclegend.cpp">
      <Filter>src</Filter>
    </ClCompile>
    <ClCompile Include="..\src\vclight.cpp">
      <Filter>src</Filter>
    </ClCompile>
    <ClCompile Include="..\src\vclightsource.cpp">
      <Filter>src</Filter>
    </ClCompile>
    <ClCompile Include="..\src\vclightsources.cpp">
      <Filter>src</Filter>
    </ClCompile>
    <ClCompile Include="..\src\vclocation.cpp">
      <Filter>src</Filter>
    </ClCompile>
    <ClCompile Include="..\src\vcmarker.cpp">
      <Filter>src</Filter>
    </ClCompile>
    <ClCompile Include="..\src\vcpen.cpp">
      <Filter>src</Filter>
    </ClCompile>
    <ClCompile Include="..\src\vcplot.cpp">
      <Filter>src</Filter>
    </ClCompile>
    <ClCompile Include="..\src\vcplotbase.cpp">
      <Filter>src</Filter>
    </ClCompile>
    <ClCompile Include="..\src\vcrect.cpp">
      <Filter>src</Filter>
    </ClCompile>
    <ClCompile Include="..\src\vcseries.cpp">
      <Filter>src</Filter>
    </ClCompile>
    <ClCompile Include="..\src\vcseriescollection.cpp">
      <Filter>src</Filter>
    </ClCompile>
    <ClCompile Include="..\src\vcseriesmarker.cpp">
      <Filter>src</Filter>
    </ClCompile>
    <ClCompile Include="..\src\vcseriesposition.cpp">
      <Filter>src</Filter>
    </ClCompile>
    <ClCompile Include="..\src\vcshadow.cpp">
      <Filter>src</Filter>
    </ClCompile>
    <ClCompile Include="..\src\vcstatline.cpp">
      <Filter>src</Filter>
    </ClCompile>
    <ClCompile Include="..\src\vctextlayout.cpp">
      <Filter>src</Filter>
    </ClCompile>
    <ClCompile Include="..\src\vctick.cpp">
      <Filter>src</Filter>
    </ClCompile>
    <ClCompile Include="..\src\vctitle.cpp">
      <Filter>src</Filter>
    </ClCompile>
    <ClCompile Include="..\src\vcvaluescale.cpp">
      <Filter>src</Filter>
    </ClCompile>
    <ClCompile Include="..\src\vcview3d.cpp">
      <Filter>src</Filter>
    </ClCompile>
    <ClCompile Include="..\src\vcwall.cpp">
      <Filter>src</Filter>
    </ClCompile>
    <ClCompile Include="..\src\vcweighting.cpp">
      <Filter>src</Filter>
    </ClCompile>
  </ItemGroup>
  <ItemGroup>
    <ResourceCompile Include="USChart.rc">
      <Filter>Source Files</Filter>
    </ResourceCompile>
  </ItemGroup>
  <ItemGroup>
    <ClInclude Include="Resource.h">
      <Filter>Header Files</Filter>
    </ClInclude>
    <ClInclude Include="StdAfx.h">
      <Filter>Header Files</Filter>
    </ClInclude>
    <ClInclude Include="..\inc\font.h">
      <Filter>inc</Filter>
    </ClInclude>
    <ClInclude Include="..\inc\mschart.h">
      <Filter>inc</Filter>
    </ClInclude>
    <ClInclude Include="..\inc\UeChartHeader.h">
      <Filter>inc</Filter>
    </ClInclude>
    <ClInclude Include="..\inc\UeSoftChart.h">
      <Filter>inc</Filter>
    </ClInclude>
    <ClInclude Include="..\inc\vcaxis.h">
      <Filter>inc</Filter>
    </ClInclude>
    <ClInclude Include="..\inc\vcaxisgrid.h">
      <Filter>inc</Filter>
    </ClInclude>
    <ClInclude Include="..\inc\vcaxisscale.h">
      <Filter>inc</Filter>
    </ClInclude>
    <ClInclude Include="..\inc\vcaxistitle.h">
      <Filter>inc</Filter>
    </ClInclude>
    <ClInclude Include="..\inc\vcbackdrop.h">
      <Filter>inc</Filter>
    </ClInclude>
    <ClInclude Include="..\inc\vcbrush.h">
      <Filter>inc</Filter>
    </ClInclude>
    <ClInclude Include="..\inc\vccategoryscale.h">
      <Filter>inc</Filter>
    </ClInclude>
    <ClInclude Include="..\inc\vccolor.h">
      <Filter>inc</Filter>
    </ClInclude>
    <ClInclude Include="..\inc\vccoor.h">
      <Filter>inc</Filter>
    </ClInclude>
    <ClInclude Include="..\inc\vcdatagrid.h">
      <Filter>inc</Filter>
    </ClInclude>
    <ClInclude Include="..\inc\vcdatapoint.h">
      <Filter>inc</Filter>
    </ClInclude>
    <ClInclude Include="..\inc\vcdatapointlabel.h">
      <Filter>inc</Filter>
    </ClInclude>
    <ClInclude Include="..\inc\vcdatapoints.h">
      <Filter>inc</Filter>
    </ClInclude>
    <ClInclude Include="..\inc\vcfill.h">
      <Filter>inc</Filter>
    </ClInclude>
    <ClInclude Include="..\inc\vcfont.h">
      <Filter>inc</Filter>
    </ClInclude>
    <ClInclude Include="..\inc\vcfootnote.h">
      <Filter>inc</Filter>
    </ClInclude>
    <ClInclude Include="..\inc\vcframe.h">
      <Filter>inc</Filter>
    </ClInclude>
    <ClInclude Include="..\inc\vcintersection.h">
      <Filter>inc</Filter>
    </ClInclude>
    <ClInclude Include="..\inc\vclabel.h">
      <Filter>inc</Filter>
    </ClInclude>
    <ClInclude Include="..\inc\vclabels.h">
      <Filter>inc</Filter>
    </ClInclude>
    <ClInclude Include="..\inc\vclcoor.h">
      <Filter>inc</Filter>
    </ClInclude>
    <ClInclude Include="..\inc\vclegend.h">
      <Filter>inc</Filter>
    </ClInclude>
    <ClInclude Include="..\inc\vclight.h">
      <Filter>inc</Filter>
    </ClInclude>
    <ClInclude Include="..\inc\vclightsource.h">
      <Filter>inc</Filter>
    </ClInclude>
    <ClInclude Include="..\inc\vclightsources.h">
      <Filter>inc</Filter>
    </ClInclude>
    <ClInclude Include="..\inc\vclocation.h">
      <Filter>inc</Filter>
    </ClInclude>
    <ClInclude Include="..\inc\vcmarker.h">
      <Filter>inc</Filter>
    </ClInclude>
    <ClInclude Include="..\inc\vcpen.h">
      <Filter>inc</Filter>
    </ClInclude>
    <ClInclude Include="..\inc\vcplot.h">
      <Filter>inc</Filter>
    </ClInclude>
    <ClInclude Include="..\inc\vcplotbase.h">
      <Filter>inc</Filter>
    </ClInclude>
    <ClInclude Include="..\inc\vcrect.h">
      <Filter>inc</Filter>
    </ClInclude>
    <ClInclude Include="..\inc\vcseries.h">
      <Filter>inc</Filter>
    </ClInclude>
    <ClInclude Include="..\inc\vcseriescollection.h">
      <Filter>inc</Filter>
    </ClInclude>
    <ClInclude Include="..\inc\vcseriesmarker.h">
      <Filter>inc</Filter>
    </ClInclude>
    <ClInclude Include="..\inc\vcseriesposition.h">
      <Filter>inc</Filter>
    </ClInclude>
    <ClInclude Include="..\inc\vcshadow.h">
      <Filter>inc</Filter>
    </ClInclude>
    <ClInclude Include="..\inc\vcstatline.h">
      <Filter>inc</Filter>
    </ClInclude>
    <ClInclude Include="..\inc\vctextlayout.h">
      <Filter>inc</Filter>
    </ClInclude>
    <ClInclude Include="..\inc\vctick.h">
      <Filter>inc</Filter>
    </ClInclude>
    <ClInclude Include="..\inc\vctitle.h">
      <Filter>inc</Filter>
    </ClInclude>
    <ClInclude Include="..\inc\vcvaluescale.h">
      <Filter>inc</Filter>
    </ClInclude>
    <ClInclude Include="..\inc\vcview3d.h">
      <Filter>inc</Filter>
    </ClInclude>
    <ClInclude Include="..\inc\vcwall.h">
      <Filter>inc</Filter>
    </ClInclude>
    <ClInclude Include="..\inc\vcweighting.h">
      <Filter>inc</Filter>
    </ClInclude>
  </ItemGroup>
  <ItemGroup>
    <None Include="res\USChart.rc2">
      <Filter>Resource Files</Filter>
    </None>
  </ItemGroup>
  <ItemGroup>
    <Text Include="ReadMe.txt" />
  </ItemGroup>
</Project>