<?xml version="1.0" encoding="utf-8"?>
<Project ToolsVersion="4.0" xmlns="http://schemas.microsoft.com/developer/msbuild/2003">
  <ItemGroup>
    <Filter Include="Source Files">
      <UniqueIdentifier>{23531626-1ccd-4d55-b7b8-44cc18a9caf4}</UniqueIdentifier>
      <Extensions>cpp;c;cxx;rc;def;r;odl;idl;hpj;bat</Extensions>
    </Filter>
    <Filter Include="Header Files">
      <UniqueIdentifier>{85e13460-8d15-47ef-a00c-006419aad0f7}</UniqueIdentifier>
      <Extensions>h;hpp;hxx;hm;inl</Extensions>
    </Filter>
    <Filter Include="Resource Files">
      <UniqueIdentifier>{cf7c0e42-7cab-4e71-952b-03aa9758f3bc}</UniqueIdentifier>
      <Extensions>ico;cur;bmp;dlg;rc2;rct;bin;rgs;gif;jpg;jpeg;jpe</Extensions>
    </Filter>
    <Filter Include="inc">
      <UniqueIdentifier>{0569347a-682b-47bf-adba-24250d819da1}</UniqueIdentifier>
    </Filter>
    <Filter Include="src">
      <UniqueIdentifier>{df87b454-45c5-419e-b9f3-c10f0eee0a96}</UniqueIdentifier>
    </Filter>
  </ItemGroup>
  <ItemGroup>
    <ClCompile Include="AFTInterface.cpp">
      <Filter>Source Files</Filter>
    </ClCompile>
    <ClCompile Include="StdAfx.cpp">
      <Filter>Source Files</Filter>
    </ClCompile>
    <ClCompile Include="..\Src\aftareachangeface.cpp">
      <Filter>src</Filter>
    </ClCompile>
    <ClCompile Include="..\Src\aftassignflowface.cpp">
      <Filter>src</Filter>
    </ClCompile>
    <ClCompile Include="..\Src\aftassignpressface.cpp">
      <Filter>src</Filter>
    </ClCompile>
    <ClCompile Include="..\Src\AFTBendFace.cpp">
      <Filter>src</Filter>
    </ClCompile>
    <ClCompile Include="..\Src\aftbranchface.cpp">
      <Filter>src</Filter>
    </ClCompile>
    <ClCompile Include="..\Src\aftbreakerface.cpp">
      <Filter>src</Filter>
    </ClCompile>
    <ClCompile Include="..\Src\aftcheckface.cpp">
      <Filter>src</Filter>
    </ClCompile>
    <ClCompile Include="..\Src\AFTConfigFace.cpp">
      <Filter>src</Filter>
    </ClCompile>
    <ClCompile Include="..\Src\AFTConfigItemFace.cpp">
      <Filter>src</Filter>
    </ClCompile>
    <ClCompile Include="..\Src\aftcontrolface.cpp">
      <Filter>src</Filter>
    </ClCompile>
    <ClCompile Include="..\Src\aftdeadendface.cpp">
      <Filter>src</Filter>
    </ClCompile>
    <ClCompile Include="..\Src\aftgasaccumface.cpp">
      <Filter>src</Filter>
    </ClCompile>
    <ClCompile Include="..\Src\aftgeneralface.cpp">
      <Filter>src</Filter>
    </ClCompile>
    <ClCompile Include="..\Src\aftjunface.cpp">
      <Filter>src</Filter>
    </ClCompile>
    <ClCompile Include="..\Src\aftjunmgr.cpp">
      <Filter>src</Filter>
    </ClCompile>
    <ClCompile Include="..\Src\aftliquidaccumface.cpp">
      <Filter>src</Filter>
    </ClCompile>
    <ClCompile Include="..\Src\aftnetmodel.cpp">
      <Filter>src</Filter>
    </ClCompile>
    <ClCompile Include="..\Src\AFTOutputRef.cpp">
      <Filter>src</Filter>
    </ClCompile>
    <ClCompile Include="..\Src\aftpipeface.cpp">
      <Filter>src</Filter>
    </ClCompile>
    <ClCompile Include="..\Src\aftpipemgr.cpp">
      <Filter>src</Filter>
    </ClCompile>
    <ClCompile Include="..\Src\aftpumpface.cpp">
      <Filter>src</Filter>
    </ClCompile>
    <ClCompile Include="..\Src\aftreliefface.cpp">
      <Filter>src</Filter>
    </ClCompile>
    <ClCompile Include="..\Src\aftreserviorface.cpp">
      <Filter>src</Filter>
    </ClCompile>
    <ClCompile Include="..\Src\aftscenariomgr.cpp">
      <Filter>src</Filter>
    </ClCompile>
    <ClCompile Include="..\Src\AFTSectionPipeFace.cpp">
      <Filter>src</Filter>
    </ClCompile>
    <ClCompile Include="..\Src\aftsprayface.cpp">
      <Filter>src</Filter>
    </ClCompile>
    <ClCompile Include="..\Src\AFTSteadyFace.cpp">
      <Filter>src</Filter>
    </ClCompile>
    <ClCompile Include="..\Src\aftsurgeface.cpp">
      <Filter>src</Filter>
    </ClCompile>
    <ClCompile Include="..\Src\aftsyspropety.cpp">
      <Filter>src</Filter>
    </ClCompile>
    <ClCompile Include="..\Src\aftteewyeface.cpp">
      <Filter>src</Filter>
    </ClCompile>
    <ClCompile Include="..\Src\AFTTransControlFace.cpp">
      <Filter>src</Filter>
    </ClCompile>
    <ClCompile Include="..\Src\AFTTransDataFace.cpp">
      <Filter>src</Filter>
    </ClCompile>
    <ClCompile Include="..\Src\AFTTwoDTableFace.cpp">
      <Filter>src</Filter>
    </ClCompile>
    <ClCompile Include="..\Src\aftvalveface.cpp">
      <Filter>src</Filter>
    </ClCompile>
    <ClCompile Include="..\Src\junfacefactory.cpp">
      <Filter>src</Filter>
    </ClCompile>
  </ItemGroup>
  <ItemGroup>
    <ResourceCompile Include="AFTInterface.rc">
      <Filter>Source Files</Filter>
    </ResourceCompile>
  </ItemGroup>
  <ItemGroup>
    <ClInclude Include="Resource.h">
      <Filter>Header Files</Filter>
    </ClInclude>
    <ClInclude Include="StdAfx.h">
      <Filter>Header Files</Filter>
    </ClInclude>
    <ClInclude Include="..\inc\AFTAreaChangeFace.h">
      <Filter>inc</Filter>
    </ClInclude>
    <ClInclude Include="..\inc\AFTAssignFlowFace.h">
      <Filter>inc</Filter>
    </ClInclude>
    <ClInclude Include="..\inc\AFTAssignPressFace.h">
      <Filter>inc</Filter>
    </ClInclude>
    <ClInclude Include="..\inc\AFTBendFace.h">
      <Filter>inc</Filter>
    </ClInclude>
    <ClInclude Include="..\inc\AFTBranchFace.h">
      <Filter>inc</Filter>
    </ClInclude>
    <ClInclude Include="..\inc\AFTBreakerFace.h">
      <Filter>inc</Filter>
    </ClInclude>
    <ClInclude Include="..\inc\AFTCheckFace.h">
      <Filter>inc</Filter>
    </ClInclude>
    <ClInclude Include="..\inc\AFTConfigFace.h">
      <Filter>inc</Filter>
    </ClInclude>
    <ClInclude Include="..\inc\AFTConfigItemFace.h">
      <Filter>inc</Filter>
    </ClInclude>
    <ClInclude Include="..\inc\AFTControlFace.h">
      <Filter>inc</Filter>
    </ClInclude>
    <ClInclude Include="..\inc\AFTDeadEndFace.h">
      <Filter>inc</Filter>
    </ClInclude>
    <ClInclude Include="..\inc\AFTGasAccumFace.h">
      <Filter>inc</Filter>
    </ClInclude>
    <ClInclude Include="..\inc\AFTGeneralFace.h">
      <Filter>inc</Filter>
    </ClInclude>
    <ClInclude Include="..\inc\AFTJunFace.h">
      <Filter>inc</Filter>
    </ClInclude>
    <ClInclude Include="..\inc\AFTJunMgr.h">
      <Filter>inc</Filter>
    </ClInclude>
    <ClInclude Include="..\inc\AFTLiquidAccumFace.h">
      <Filter>inc</Filter>
    </ClInclude>
    <ClInclude Include="..\inc\AFTNetModel.h">
      <Filter>inc</Filter>
    </ClInclude>
    <ClInclude Include="..\inc\AFTOutputRef.h">
      <Filter>inc</Filter>
    </ClInclude>
    <ClInclude Include="..\inc\AFTPipeFace.h">
      <Filter>inc</Filter>
    </ClInclude>
    <ClInclude Include="..\inc\AFTPipeMgr.h">
      <Filter>inc</Filter>
    </ClInclude>
    <ClInclude Include="..\inc\AFTPumpFace.h">
      <Filter>inc</Filter>
    </ClInclude>
    <ClInclude Include="..\inc\AFTReliefFace.h">
      <Filter>inc</Filter>
    </ClInclude>
    <ClInclude Include="..\inc\AFTReserviorFace.h">
      <Filter>inc</Filter>
    </ClInclude>
    <ClInclude Include="..\inc\AFTScenarioMgr.h">
      <Filter>inc</Filter>
    </ClInclude>
    <ClInclude Include="..\inc\AFTSectionPipeFace.h">
      <Filter>inc</Filter>
    </ClInclude>
    <ClInclude Include="..\inc\AFTSprayFace.h">
      <Filter>inc</Filter>
    </ClInclude>
    <ClInclude Include="..\inc\AFTSteadyFace.h">
      <Filter>inc</Filter>
    </ClInclude>
    <ClInclude Include="..\inc\AFTSurgeFace.h">
      <Filter>inc</Filter>
    </ClInclude>
    <ClInclude Include="..\inc\AFTSysPropety.h">
      <Filter>inc</Filter>
    </ClInclude>
    <ClInclude Include="..\inc\AFTTeeWyeFace.h">
      <Filter>inc</Filter>
    </ClInclude>
    <ClInclude Include="..\inc\AFTTransControlFace.h">
      <Filter>inc</Filter>
    </ClInclude>
    <ClInclude Include="..\inc\AFTTransDataFace.h">
      <Filter>inc</Filter>
    </ClInclude>
    <ClInclude Include="..\inc\AFTTwoDTableFace.h">
      <Filter>inc</Filter>
    </ClInclude>
    <ClInclude Include="..\inc\AFTValveFace.h">
      <Filter>inc</Filter>
    </ClInclude>
  </ItemGroup>
  <ItemGroup>
    <None Include="res\AFTInterface.rc2">
      <Filter>Resource Files</Filter>
    </None>
  </ItemGroup>
  <ItemGroup>
    <Text Include="ReadMe.txt" />
  </ItemGroup>
</Project>