<?xml version="1.0" encoding="utf-8"?>
<Project ToolsVersion="4.0" xmlns="http://schemas.microsoft.com/developer/msbuild/2003">
  <ItemGroup>
    <Filter Include="Source Files">
      <UniqueIdentifier>{3018cca3-2853-4369-b023-2594a181c86d}</UniqueIdentifier>
      <Extensions>cpp;c;cxx;rc;def;r;odl;idl;hpj;bat</Extensions>
    </Filter>
    <Filter Include="Header Files">
      <UniqueIdentifier>{3e8c739a-dcd2-46cb-93f5-41341f4843d5}</UniqueIdentifier>
      <Extensions>h;hpp;hxx;hm;inl</Extensions>
    </Filter>
    <Filter Include="Resource Files">
      <UniqueIdentifier>{14b29ebd-bf8d-4568-b399-743a1208557c}</UniqueIdentifier>
      <Extensions>ico;cur;bmp;dlg;rc2;rct;bin;rgs;gif;jpg;jpeg;jpe</Extensions>
    </Filter>
    <Filter Include="inc">
      <UniqueIdentifier>{622557f5-0b77-4d65-9a41-a17dcbbc2e38}</UniqueIdentifier>
    </Filter>
    <Filter Include="src">
      <UniqueIdentifier>{70a32559-5b17-4877-a317-dbd97bc664c0}</UniqueIdentifier>
    </Filter>
  </ItemGroup>
  <ItemGroup>
    <ClCompile Include="..\src\CaclFuild.cpp">
      <Filter>Source Files</Filter>
    </ClCompile>
    <ClCompile Include="..\src\CaclSteady.cpp">
      <Filter>Source Files</Filter>
    </ClCompile>
    <ClCompile Include="..\src\CalcAssignFlow.cpp">
      <Filter>Source Files</Filter>
    </ClCompile>
    <ClCompile Include="..\src\CalcAssignPress.cpp">
      <Filter>Source Files</Filter>
    </ClCompile>
    <ClCompile Include="..\src\CalcBend.cpp">
      <Filter>Source Files</Filter>
    </ClCompile>
    <ClCompile Include="..\src\CalcBrach.cpp">
      <Filter>Source Files</Filter>
    </ClCompile>
    <ClCompile Include="..\src\CalcBrecker.cpp">
      <Filter>Source Files</Filter>
    </ClCompile>
    <ClCompile Include="..\src\CalcCheck.cpp">
      <Filter>Source Files</Filter>
    </ClCompile>
    <ClCompile Include="..\src\CalcControl.cpp">
      <Filter>Source Files</Filter>
    </ClCompile>
    <ClCompile Include="..\src\CalcCurve.cpp">
      <Filter>Source Files</Filter>
    </ClCompile>
    <ClCompile Include="..\src\CalcDeadEnd.cpp">
      <Filter>Source Files</Filter>
    </ClCompile>
    <ClCompile Include="CalcDriver.cpp">
      <Filter>Source Files</Filter>
    </ClCompile>
    <ClCompile Include="..\src\CalcGasAccum.cpp">
      <Filter>Source Files</Filter>
    </ClCompile>
    <ClCompile Include="..\src\CalcGeneral.cpp">
      <Filter>Source Files</Filter>
    </ClCompile>
    <ClCompile Include="..\src\CalcJun.cpp">
      <Filter>Source Files</Filter>
    </ClCompile>
    <ClCompile Include="..\src\CalcJunFactory.cpp">
      <Filter>Source Files</Filter>
    </ClCompile>
    <ClCompile Include="..\src\CalcJunMgr.cpp">
      <Filter>Source Files</Filter>
    </ClCompile>
    <ClCompile Include="..\src\CalcLiquidAccum.cpp">
      <Filter>Source Files</Filter>
    </ClCompile>
    <ClCompile Include="..\src\CalcOrifice.cpp">
      <Filter>Source Files</Filter>
    </ClCompile>
    <ClCompile Include="..\src\CalcPipe.cpp">
      <Filter>Source Files</Filter>
    </ClCompile>
    <ClCompile Include="..\src\CalcPipeMgr.cpp">
      <Filter>Source Files</Filter>
    </ClCompile>
    <ClCompile Include="..\src\CalcPump.cpp">
      <Filter>Source Files</Filter>
    </ClCompile>
    <ClCompile Include="..\src\CalcRelief.cpp">
      <Filter>Source Files</Filter>
    </ClCompile>
    <ClCompile Include="..\src\CalcReservior.cpp">
      <Filter>Source Files</Filter>
    </ClCompile>
    <ClCompile Include="..\src\CalcShortPipe.cpp">
      <Filter>Source Files</Filter>
    </ClCompile>
    <ClCompile Include="..\src\CalcSpray.cpp">
      <Filter>Source Files</Filter>
    </ClCompile>
    <ClCompile Include="..\src\CalcSurge.cpp">
      <Filter>Source Files</Filter>
    </ClCompile>
    <ClCompile Include="..\src\CalcTeeWye.cpp">
      <Filter>Source Files</Filter>
    </ClCompile>
    <ClCompile Include="..\src\CalcTrans.cpp">
      <Filter>Source Files</Filter>
    </ClCompile>
    <ClCompile Include="..\src\CalcTransData.cpp">
      <Filter>Source Files</Filter>
    </ClCompile>
    <ClCompile Include="..\src\CalcTriger.cpp">
      <Filter>Source Files</Filter>
    </ClCompile>
    <ClCompile Include="..\src\CalcValve.cpp">
      <Filter>Source Files</Filter>
    </ClCompile>
    <ClCompile Include="StdAfx.cpp">
      <Filter>Source Files</Filter>
    </ClCompile>
    <ClCompile Include="..\src\CaclDriverMgr.cpp">
      <Filter>src</Filter>
    </ClCompile>
    <ClCompile Include="..\src\CalcAreaChange.cpp">
      <Filter>src</Filter>
    </ClCompile>
    <ClCompile Include="..\src\CalcPeriodic.cpp">
      <Filter>src</Filter>
    </ClCompile>
    <ClCompile Include="..\src\CalcPumpConfig.cpp">
      <Filter>src</Filter>
    </ClCompile>
  </ItemGroup>
  <ItemGroup>
    <ResourceCompile Include="CalcDriver.rc">
      <Filter>Source Files</Filter>
    </ResourceCompile>
  </ItemGroup>
  <ItemGroup>
    <ClInclude Include="..\inc\CaclFuild.h">
      <Filter>Header Files</Filter>
    </ClInclude>
    <ClInclude Include="..\inc\CaclSteady.h">
      <Filter>Header Files</Filter>
    </ClInclude>
    <ClInclude Include="..\inc\CalcAssignFlow.h">
      <Filter>Header Files</Filter>
    </ClInclude>
    <ClInclude Include="..\inc\CalcAssignPress.h">
      <Filter>Header Files</Filter>
    </ClInclude>
    <ClInclude Include="..\inc\CalcBend.h">
      <Filter>Header Files</Filter>
    </ClInclude>
    <ClInclude Include="..\inc\CalcBrach.h">
      <Filter>Header Files</Filter>
    </ClInclude>
    <ClInclude Include="..\inc\CalcBrecker.h">
      <Filter>Header Files</Filter>
    </ClInclude>
    <ClInclude Include="..\inc\CalcCheck.h">
      <Filter>Header Files</Filter>
    </ClInclude>
    <ClInclude Include="..\inc\CalcControl.h">
      <Filter>Header Files</Filter>
    </ClInclude>
    <ClInclude Include="..\inc\CalcCurve.h">
      <Filter>Header Files</Filter>
    </ClInclude>
    <ClInclude Include="..\inc\CalcDeadEnd.h">
      <Filter>Header Files</Filter>
    </ClInclude>
    <ClInclude Include="..\inc\CalcGasAccum.h">
      <Filter>Header Files</Filter>
    </ClInclude>
    <ClInclude Include="..\inc\CalcGeneral.h">
      <Filter>Header Files</Filter>
    </ClInclude>
    <ClInclude Include="..\inc\CalcJun.h">
      <Filter>Header Files</Filter>
    </ClInclude>
    <ClInclude Include="..\inc\CalcJunFactory.h">
      <Filter>Header Files</Filter>
    </ClInclude>
    <ClInclude Include="..\inc\CalcJunMgr.h">
      <Filter>Header Files</Filter>
    </ClInclude>
    <ClInclude Include="..\inc\CalcLiquidAccum.h">
      <Filter>Header Files</Filter>
    </ClInclude>
    <ClInclude Include="..\inc\CalcOrifice.h">
      <Filter>Header Files</Filter>
    </ClInclude>
    <ClInclude Include="..\inc\CalcPipe.h">
      <Filter>Header Files</Filter>
    </ClInclude>
    <ClInclude Include="..\inc\CalcPipeMgr.h">
      <Filter>Header Files</Filter>
    </ClInclude>
    <ClInclude Include="..\inc\CalcPump.h">
      <Filter>Header Files</Filter>
    </ClInclude>
    <ClInclude Include="..\inc\CalcRelief.h">
      <Filter>Header Files</Filter>
    </ClInclude>
    <ClInclude Include="..\inc\CalcReservior.h">
      <Filter>Header Files</Filter>
    </ClInclude>
    <ClInclude Include="..\inc\CalcShortPipe.h">
      <Filter>Header Files</Filter>
    </ClInclude>
    <ClInclude Include="..\inc\CalcSpray.h">
      <Filter>Header Files</Filter>
    </ClInclude>
    <ClInclude Include="..\inc\CalcSurge.h">
      <Filter>Header Files</Filter>
    </ClInclude>
    <ClInclude Include="..\inc\CalcTable.h">
      <Filter>Header Files</Filter>
    </ClInclude>
    <ClInclude Include="..\inc\CalcTeeWye.h">
      <Filter>Header Files</Filter>
    </ClInclude>
    <ClInclude Include="..\inc\CalcTrans.h">
      <Filter>Header Files</Filter>
    </ClInclude>
    <ClInclude Include="..\inc\CalcTransData.h">
      <Filter>Header Files</Filter>
    </ClInclude>
    <ClInclude Include="..\inc\CalcTriger.h">
      <Filter>Header Files</Filter>
    </ClInclude>
    <ClInclude Include="..\inc\CalcValve.h">
      <Filter>Header Files</Filter>
    </ClInclude>
    <ClInclude Include="Resource.h">
      <Filter>Header Files</Filter>
    </ClInclude>
    <ClInclude Include="StdAfx.h">
      <Filter>Header Files</Filter>
    </ClInclude>
    <ClInclude Include="..\inc\CaclDriverMgr.h">
      <Filter>inc</Filter>
    </ClInclude>
    <ClInclude Include="..\inc\CalcAreaChange.h">
      <Filter>inc</Filter>
    </ClInclude>
    <ClInclude Include="..\inc\CalcPeriodic.h">
      <Filter>inc</Filter>
    </ClInclude>
    <ClInclude Include="..\inc\CalcPumpConfig.h">
      <Filter>inc</Filter>
    </ClInclude>
  </ItemGroup>
  <ItemGroup>
    <None Include="res\CalcDriver.rc2">
      <Filter>Resource Files</Filter>
    </None>
  </ItemGroup>
  <ItemGroup>
    <Text Include="ReadMe.txt" />
  </ItemGroup>
</Project>