<?xml version="1.0" encoding="utf-8"?>
<Project ToolsVersion="4.0" xmlns="http://schemas.microsoft.com/developer/msbuild/2003">
  <ItemGroup>
    <Filter Include="Source Files">
      <UniqueIdentifier>{86631b37-502e-44b4-8872-cc3830529627}</UniqueIdentifier>
      <Extensions>cpp;c;cxx;rc;def;r;odl;idl;hpj;bat</Extensions>
    </Filter>
    <Filter Include="Header Files">
      <UniqueIdentifier>{3645ec58-a380-4c5e-b874-36fafc0c787f}</UniqueIdentifier>
      <Extensions>h;hpp;hxx;hm;inl</Extensions>
    </Filter>
    <Filter Include="Resource Files">
      <UniqueIdentifier>{4815eb60-c007-43b2-bfd4-bb97e9cf95f5}</UniqueIdentifier>
      <Extensions>ico;cur;bmp;dlg;rc2;rct;bin;rgs;gif;jpg;jpeg;jpe</Extensions>
    </Filter>
    <Filter Include="Inc">
      <UniqueIdentifier>{c283edcb-0c72-4968-a3fd-ae472301a050}</UniqueIdentifier>
    </Filter>
    <Filter Include="Src">
      <UniqueIdentifier>{eb94aa60-a28e-45e4-8cb4-b634e7e3c98c}</UniqueIdentifier>
    </Filter>
  </ItemGroup>
  <ItemGroup>
    <ClCompile Include="AFTDriver.cpp">
      <Filter>Source Files</Filter>
    </ClCompile>
    <ClCompile Include="..\Src\AreaChangeData.cpp">
      <Filter>Source Files</Filter>
    </ClCompile>
    <ClCompile Include="..\Src\AssignFlowData.cpp">
      <Filter>Source Files</Filter>
    </ClCompile>
    <ClCompile Include="..\Src\AssignPressData.cpp">
      <Filter>Source Files</Filter>
    </ClCompile>
    <ClCompile Include="..\Src\BendData.cpp">
      <Filter>Source Files</Filter>
    </ClCompile>
    <ClCompile Include="..\Src\BrachData.cpp">
      <Filter>Source Files</Filter>
    </ClCompile>
    <ClCompile Include="..\Src\BreckerData.cpp">
      <Filter>Source Files</Filter>
    </ClCompile>
    <ClCompile Include="..\Src\DeadEndData.cpp">
      <Filter>Source Files</Filter>
    </ClCompile>
    <ClCompile Include="..\Src\GasAccumData.cpp">
      <Filter>Source Files</Filter>
    </ClCompile>
    <ClCompile Include="..\Src\GeneralData.cpp">
      <Filter>Source Files</Filter>
    </ClCompile>
    <ClCompile Include="..\Src\JunDataFactory.cpp">
      <Filter>Source Files</Filter>
    </ClCompile>
    <ClCompile Include="..\Src\LiquidAccumData.cpp">
      <Filter>Source Files</Filter>
    </ClCompile>
    <ClCompile Include="..\Src\PumpConfig.cpp">
      <Filter>Source Files</Filter>
    </ClCompile>
    <ClCompile Include="..\Src\PumpConfigData.cpp">
      <Filter>Source Files</Filter>
    </ClCompile>
    <ClCompile Include="..\Src\PumpData.cpp">
      <Filter>Source Files</Filter>
    </ClCompile>
    <ClCompile Include="..\Src\ReliefData.cpp">
      <Filter>Source Files</Filter>
    </ClCompile>
    <ClCompile Include="..\Src\ReserviorData.cpp">
      <Filter>Source Files</Filter>
    </ClCompile>
    <ClCompile Include="..\Src\SprayData.cpp">
      <Filter>Source Files</Filter>
    </ClCompile>
    <ClCompile Include="StdAfx.cpp">
      <Filter>Source Files</Filter>
    </ClCompile>
    <ClCompile Include="..\Src\SurgeData.cpp">
      <Filter>Source Files</Filter>
    </ClCompile>
    <ClCompile Include="..\Src\TableBase.cpp">
      <Filter>Source Files</Filter>
    </ClCompile>
    <ClCompile Include="..\Src\TeeWyeData.cpp">
      <Filter>Source Files</Filter>
    </ClCompile>
    <ClCompile Include="..\Src\ValveData.cpp">
      <Filter>Source Files</Filter>
    </ClCompile>
    <ClCompile Include="..\Src\AFTDriverMgr.cpp">
      <Filter>Src</Filter>
    </ClCompile>
    <ClCompile Include="..\Src\Annotations.cpp">
      <Filter>Src</Filter>
    </ClCompile>
    <ClCompile Include="..\Src\ArchiveInfo.cpp">
      <Filter>Src</Filter>
    </ClCompile>
    <ClCompile Include="..\Src\ArchiveMsg.cpp">
      <Filter>Src</Filter>
    </ClCompile>
    <ClCompile Include="..\Src\CheckValveData.cpp">
      <Filter>Src</Filter>
    </ClCompile>
    <ClCompile Include="..\Src\ControlValveData.cpp">
      <Filter>Src</Filter>
    </ClCompile>
    <ClCompile Include="..\Src\FluidData.cpp">
      <Filter>Src</Filter>
    </ClCompile>
    <ClCompile Include="..\Src\GraphItem.cpp">
      <Filter>Src</Filter>
    </ClCompile>
    <ClCompile Include="..\Src\GraphSet.cpp">
      <Filter>Src</Filter>
    </ClCompile>
    <ClCompile Include="..\Src\Grourps.cpp">
      <Filter>Src</Filter>
    </ClCompile>
    <ClCompile Include="..\Src\JunArchiveData.cpp">
      <Filter>Src</Filter>
    </ClCompile>
    <ClCompile Include="..\Src\Junction.cpp">
      <Filter>Src</Filter>
    </ClCompile>
    <ClCompile Include="..\Src\JunctionsMgr.cpp">
      <Filter>Src</Filter>
    </ClCompile>
    <ClCompile Include="..\Src\JunTransData.cpp">
      <Filter>Src</Filter>
    </ClCompile>
    <ClCompile Include="..\Src\ModelDataRef.cpp">
      <Filter>Src</Filter>
    </ClCompile>
    <ClCompile Include="..\Src\NetModelData.cpp">
      <Filter>Src</Filter>
    </ClCompile>
    <ClCompile Include="..\Src\OutPutRef.cpp">
      <Filter>Src</Filter>
    </ClCompile>
    <ClCompile Include="..\Src\OutPutRefItem.cpp">
      <Filter>Src</Filter>
    </ClCompile>
    <ClCompile Include="..\Src\ParamRef.cpp">
      <Filter>Src</Filter>
    </ClCompile>
    <ClCompile Include="..\Src\PersistentObj.cpp">
      <Filter>Src</Filter>
    </ClCompile>
    <ClCompile Include="..\Src\PipeArchiveData.cpp">
      <Filter>Src</Filter>
    </ClCompile>
    <ClCompile Include="..\Src\PipeData.cpp">
      <Filter>Src</Filter>
    </ClCompile>
    <ClCompile Include="..\Src\PipesMgr.cpp">
      <Filter>Src</Filter>
    </ClCompile>
    <ClCompile Include="..\Src\PrintFontRef.cpp">
      <Filter>Src</Filter>
    </ClCompile>
    <ClCompile Include="..\Src\RawDataRef.cpp">
      <Filter>Src</Filter>
    </ClCompile>
    <ClCompile Include="..\Src\RawDataSet.cpp">
      <Filter>Src</Filter>
    </ClCompile>
    <ClCompile Include="..\Src\Refenrence.cpp">
      <Filter>Src</Filter>
    </ClCompile>
    <ClCompile Include="..\Src\Resourcedefine.cpp">
      <Filter>Src</Filter>
    </ClCompile>
    <ClCompile Include="..\Src\RowObject.cpp">
      <Filter>Src</Filter>
    </ClCompile>
    <ClCompile Include="..\Src\ScenarioDataMgr.cpp">
      <Filter>Src</Filter>
    </ClCompile>
    <ClCompile Include="..\Src\ScenarioInfo.cpp">
      <Filter>Src</Filter>
    </ClCompile>
    <ClCompile Include="..\Src\SectionData.cpp">
      <Filter>Src</Filter>
    </ClCompile>
    <ClCompile Include="..\Src\SettingData.cpp">
      <Filter>Src</Filter>
    </ClCompile>
    <ClCompile Include="..\Src\ToolBoxItem.cpp">
      <Filter>Src</Filter>
    </ClCompile>
    <ClCompile Include="..\Src\ToolBoxRef.cpp">
      <Filter>Src</Filter>
    </ClCompile>
    <ClCompile Include="..\Src\TranContorlData.cpp">
      <Filter>Src</Filter>
    </ClCompile>
    <ClCompile Include="..\Src\UnitRef.cpp">
      <Filter>Src</Filter>
    </ClCompile>
    <ClCompile Include="..\Src\VersionInfo.cpp">
      <Filter>Src</Filter>
    </ClCompile>
    <ClCompile Include="..\Src\VisualRefData.cpp">
      <Filter>Src</Filter>
    </ClCompile>
    <ClCompile Include="..\Src\WorkSpace.cpp">
      <Filter>Src</Filter>
    </ClCompile>
  </ItemGroup>
  <ItemGroup>
    <ResourceCompile Include="AFTDriver.rc">
      <Filter>Source Files</Filter>
    </ResourceCompile>
  </ItemGroup>
  <ItemGroup>
    <ClInclude Include="..\Inc\AreaChangeData.h">
      <Filter>Header Files</Filter>
    </ClInclude>
    <ClInclude Include="..\Inc\AssignFlowData.h">
      <Filter>Header Files</Filter>
    </ClInclude>
    <ClInclude Include="..\Inc\AssignPressData.h">
      <Filter>Header Files</Filter>
    </ClInclude>
    <ClInclude Include="..\Inc\BendData.h">
      <Filter>Header Files</Filter>
    </ClInclude>
    <ClInclude Include="..\Inc\BrachData.h">
      <Filter>Header Files</Filter>
    </ClInclude>
    <ClInclude Include="..\Inc\BreckerData.h">
      <Filter>Header Files</Filter>
    </ClInclude>
    <ClInclude Include="..\Inc\DeadEndData.h">
      <Filter>Header Files</Filter>
    </ClInclude>
    <ClInclude Include="..\Inc\GasAccumData.h">
      <Filter>Header Files</Filter>
    </ClInclude>
    <ClInclude Include="..\Inc\GeneralData.h">
      <Filter>Header Files</Filter>
    </ClInclude>
    <ClInclude Include="..\Inc\JunDataFactory.h">
      <Filter>Header Files</Filter>
    </ClInclude>
    <ClInclude Include="..\Inc\LiquidAccumData.h">
      <Filter>Header Files</Filter>
    </ClInclude>
    <ClInclude Include="..\Inc\PumpConfig.h">
      <Filter>Header Files</Filter>
    </ClInclude>
    <ClInclude Include="..\Inc\PumpConfigData.h">
      <Filter>Header Files</Filter>
    </ClInclude>
    <ClInclude Include="..\Inc\PumpData.h">
      <Filter>Header Files</Filter>
    </ClInclude>
    <ClInclude Include="..\Inc\RawDataTable.h">
      <Filter>Header Files</Filter>
    </ClInclude>
    <ClInclude Include="..\Inc\ReliefData.h">
      <Filter>Header Files</Filter>
    </ClInclude>
    <ClInclude Include="..\Inc\ReserviorData.h">
      <Filter>Header Files</Filter>
    </ClInclude>
    <ClInclude Include="..\Inc\RowObjectFace.h">
      <Filter>Header Files</Filter>
    </ClInclude>
    <ClInclude Include="..\Inc\SprayData.h">
      <Filter>Header Files</Filter>
    </ClInclude>
    <ClInclude Include="StdAfx.h">
      <Filter>Header Files</Filter>
    </ClInclude>
    <ClInclude Include="..\Inc\SurgeData.h">
      <Filter>Header Files</Filter>
    </ClInclude>
    <ClInclude Include="..\Inc\TableBase.h">
      <Filter>Header Files</Filter>
    </ClInclude>
    <ClInclude Include="..\Inc\TableData.h">
      <Filter>Header Files</Filter>
    </ClInclude>
    <ClInclude Include="..\Inc\TeeWyeData.h">
      <Filter>Header Files</Filter>
    </ClInclude>
    <ClInclude Include="..\Inc\ValveData.h">
      <Filter>Header Files</Filter>
    </ClInclude>
    <ClInclude Include="..\Inc\AFTDriverHeader.h">
      <Filter>Inc</Filter>
    </ClInclude>
    <ClInclude Include="..\Inc\AFTDriverMgr.h">
      <Filter>Inc</Filter>
    </ClInclude>
    <ClInclude Include="..\Inc\AFTDriverRes.h">
      <Filter>Inc</Filter>
    </ClInclude>
    <ClInclude Include="..\Inc\Annotations.h">
      <Filter>Inc</Filter>
    </ClInclude>
    <ClInclude Include="..\Inc\ArchiveInfo.h">
      <Filter>Inc</Filter>
    </ClInclude>
    <ClInclude Include="..\Inc\ArchiveMsg.h">
      <Filter>Inc</Filter>
    </ClInclude>
    <ClInclude Include="..\Inc\CheckValveData.h">
      <Filter>Inc</Filter>
    </ClInclude>
    <ClInclude Include="..\Inc\ControlValveData.h">
      <Filter>Inc</Filter>
    </ClInclude>
    <ClInclude Include="..\Inc\Factory.h">
      <Filter>Inc</Filter>
    </ClInclude>
    <ClInclude Include="..\Inc\FluidData.h">
      <Filter>Inc</Filter>
    </ClInclude>
    <ClInclude Include="..\Inc\GraphItem.h">
      <Filter>Inc</Filter>
    </ClInclude>
    <ClInclude Include="..\Inc\GraphSet.h">
      <Filter>Inc</Filter>
    </ClInclude>
    <ClInclude Include="..\Inc\Grourps.h">
      <Filter>Inc</Filter>
    </ClInclude>
    <ClInclude Include="..\Inc\Iterator.h">
      <Filter>Inc</Filter>
    </ClInclude>
    <ClInclude Include="..\Inc\JunArchiveData.h">
      <Filter>Inc</Filter>
    </ClInclude>
    <ClInclude Include="..\Inc\Junction.h">
      <Filter>Inc</Filter>
    </ClInclude>
    <ClInclude Include="..\Inc\JunctionsMgr.h">
      <Filter>Inc</Filter>
    </ClInclude>
    <ClInclude Include="..\Inc\JunTransData.h">
      <Filter>Inc</Filter>
    </ClInclude>
    <ClInclude Include="..\Inc\ListFlyWeightImp.h">
      <Filter>Inc</Filter>
    </ClInclude>
    <ClInclude Include="..\Inc\ModelDataRef.h">
      <Filter>Inc</Filter>
    </ClInclude>
    <ClInclude Include="..\Inc\NetModelData.h">
      <Filter>Inc</Filter>
    </ClInclude>
    <ClInclude Include="..\Inc\OutPutRef.h">
      <Filter>Inc</Filter>
    </ClInclude>
    <ClInclude Include="..\Inc\OutPutRefItem.h">
      <Filter>Inc</Filter>
    </ClInclude>
    <ClInclude Include="..\Inc\ParamRef.h">
      <Filter>Inc</Filter>
    </ClInclude>
    <ClInclude Include="..\Inc\PersistentObj.h">
      <Filter>Inc</Filter>
    </ClInclude>
    <ClInclude Include="..\Inc\PipeArchiveData.h">
      <Filter>Inc</Filter>
    </ClInclude>
    <ClInclude Include="..\Inc\PipeData.h">
      <Filter>Inc</Filter>
    </ClInclude>
    <ClInclude Include="..\Inc\PipesMgr.h">
      <Filter>Inc</Filter>
    </ClInclude>
    <ClInclude Include="..\Inc\PrintFontRef.h">
      <Filter>Inc</Filter>
    </ClInclude>
    <ClInclude Include="..\Inc\RawDataRef.h">
      <Filter>Inc</Filter>
    </ClInclude>
    <ClInclude Include="..\Inc\RawDataSet.h">
      <Filter>Inc</Filter>
    </ClInclude>
    <ClInclude Include="..\Inc\Refenrence.h">
      <Filter>Inc</Filter>
    </ClInclude>
    <ClInclude Include="..\Inc\Resourcedefine.h">
      <Filter>Inc</Filter>
    </ClInclude>
    <ClInclude Include="..\Inc\RowObject.h">
      <Filter>Inc</Filter>
    </ClInclude>
    <ClInclude Include="..\Inc\ScenarioDataMgr.h">
      <Filter>Inc</Filter>
    </ClInclude>
    <ClInclude Include="..\Inc\ScenarioInfo.h">
      <Filter>Inc</Filter>
    </ClInclude>
    <ClInclude Include="..\Inc\SectionData.h">
      <Filter>Inc</Filter>
    </ClInclude>
    <ClInclude Include="..\Inc\SettingData.h">
      <Filter>Inc</Filter>
    </ClInclude>
    <ClInclude Include="..\Inc\ShareAFTDriver.h">
      <Filter>Inc</Filter>
    </ClInclude>
    <ClInclude Include="..\Inc\ToolBoxItem.h">
      <Filter>Inc</Filter>
    </ClInclude>
    <ClInclude Include="..\Inc\ToolBoxRef.h">
      <Filter>Inc</Filter>
    </ClInclude>
    <ClInclude Include="..\Inc\TranContorlData.h">
      <Filter>Inc</Filter>
    </ClInclude>
    <ClInclude Include="..\Inc\UnitRef.h">
      <Filter>Inc</Filter>
    </ClInclude>
    <ClInclude Include="..\Inc\VersionInfo.h">
      <Filter>Inc</Filter>
    </ClInclude>
    <ClInclude Include="..\Inc\VisualRefData.h">
      <Filter>Inc</Filter>
    </ClInclude>
    <ClInclude Include="..\Inc\WorkSpace.h">
      <Filter>Inc</Filter>
    </ClInclude>
  </ItemGroup>
  <ItemGroup>
    <None Include="AFTDriver.rc2">
      <Filter>Resource Files</Filter>
    </None>
  </ItemGroup>
  <ItemGroup>
    <Text Include="ReadMe.txt" />
  </ItemGroup>
</Project>